
Microsoft Visual Studio Solution File, Format Version 12.00
# Visual Studio 15
VisualStudioVersion = 15.0.28307.1267
MinimumVisualStudioVersion = 10.0.40219.1
Project("{8BC9CEB8-8B4A-11D0-8D11-00A0C91BC942}") = "Algorithm", "Algorithm\Algorithm.vcxproj", "{D354E2AA-E522-44F9-800A-CFD76A06D9ED}"
EndProject
Project("{8BC9CEB8-8B4A-11D0-8D11-00A0C91BC942}") = "5086", "5086\5086.vcxproj", "{C83537E8-052A-4DC8-8419-CC751BA7AF79}"
EndProject
Project("{8BC9CEB8-8B4A-11D0-8D11-00A0C91BC942}") = "1037", "1037\1037.vcxproj", "{50FEA5A9-B1AB-46E2-8D9A-6D88DB9D3C0D}"
EndProject
Project("{8BC9CEB8-8B4A-11D0-8D11-00A0C91BC942}") = "11653", "11653\11653.vcxproj", "{AB6E252E-9404-4FDE-AC54-E7BE1F739A6D}"
EndProject
Project("{8BC9CEB8-8B4A-11D0-8D11-00A0C91BC942}") = "2609", "2609\2609.vcxproj", "{2A6104BA-59B8-42C6-9840-FDCC04A49245}"
EndProject
Project("{8BC9CEB8-8B4A-11D0-8D11-00A0C91BC942}") = "2981", "2981\2981.vcxproj", "{013B3452-0ABD-47F6-B426-25C1B3369E3A}"
EndProject
Project("{8BC9CEB8-8B4A-11D0-8D11-00A0C91BC942}") = "3036", "3036\3036.vcxproj", "{ADA2305C-B361-4ACD-A658-2B9C4D40BCD3}"
EndProject
Project("{8BC9CEB8-8B4A-11D0-8D11-00A0C91BC942}") = "11050", "11050\11050.vcxproj", "{F0F77A26-108E-489E-B3BA-C4DAE3140A90}"
EndProject
Project("{8BC9CEB8-8B4A-11D0-8D11-00A0C91BC942}") = "11051", "11051\11051.vcxproj", "{A7849854-0C09-4BF5-B05A-D7AB622C850E}"
EndProject
Project("{8BC9CEB8-8B4A-11D0-8D11-00A0C91BC942}") = "1012", "1012\1012.vcxproj", "{3629E9F9-5D11-4BE8-B4E1-C0B18C339DC5}"
EndProject
Project("{8BC9CEB8-8B4A-11D0-8D11-00A0C91BC942}") = "1712", "1712\1712.vcxproj", "{2E5BC4DE-7A82-49D1-B0EA-356804ECD4CC}"
EndProject
Project("{8BC9CEB8-8B4A-11D0-8D11-00A0C91BC942}") = "1931", "1931\1931.vcxproj", "{D153B227-B353-4787-8755-1A4DCEC8FF32}"
EndProject
Project("{8BC9CEB8-8B4A-11D0-8D11-00A0C91BC942}") = "2775", "2775\2775.vcxproj", "{5D8AC922-B9C8-4A89-A795-7F738EDFA444}"
EndProject
Project("{8BC9CEB8-8B4A-11D0-8D11-00A0C91BC942}") = "3079", "3079\3079.vcxproj", "{FB4270B6-6CC4-4D8E-B0DE-FB6AFF4F6BBB}"
EndProject
Project("{8BC9CEB8-8B4A-11D0-8D11-00A0C91BC942}") = "10250", "10250\10250.vcxproj", "{188F28A6-FD57-4593-A7D6-AA2A64DC78E2}"
EndProject
Project("{8BC9CEB8-8B4A-11D0-8D11-00A0C91BC942}") = "15649", "15649\15649.vcxproj", "{B835B3C4-5A1E-48EA-B824-B9ADC0EC4E36}"
EndProject
Project("{8BC9CEB8-8B4A-11D0-8D11-00A0C91BC942}") = "예상대진표", "예상대진표\예상대진표.vcxproj", "{9D2292D6-8E4B-4E5E-AE60-D11BD0EC80E1}"
EndProject
Project("{8BC9CEB8-8B4A-11D0-8D11-00A0C91BC942}") = "level2이진변환반복하기", "이진변환반복하기\이진변환반복하기.vcxproj", "{B6199B88-AA73-4637-A015-1A04334FD2B6}"
EndProject
Project("{8BC9CEB8-8B4A-11D0-8D11-00A0C91BC942}") = "9375", "9375\9375.vcxproj", "{BFCF9486-C8FE-4E75-98FE-F2A5FCFC0AB1}"
EndProject
Project("{8BC9CEB8-8B4A-11D0-8D11-00A0C91BC942}") = "1676", "1676\1676.vcxproj", "{94D623BE-CE5B-4344-8598-40B47EC69E24}"
EndProject
Project("{8BC9CEB8-8B4A-11D0-8D11-00A0C91BC942}") = "2004", "2004\2004.vcxproj", "{15E653BD-B890-4CCE-A306-255884FCF205}"
EndProject
Project("{8BC9CEB8-8B4A-11D0-8D11-00A0C91BC942}") = "18258", "18258\18258.vcxproj", "{900DBFEF-FE04-472A-B6BF-A5D3E148788F}"
EndProject
Project("{8BC9CEB8-8B4A-11D0-8D11-00A0C91BC942}") = "2164", "2164\2164.vcxproj", "{0803F00F-53F1-41B2-8CB2-7A40E7C98404}"
EndProject
Project("{8BC9CEB8-8B4A-11D0-8D11-00A0C91BC942}") = "11866", "11866\11866.vcxproj", "{389B61EF-3405-4D5B-8B6E-FEC91BA50B85}"
EndProject
Project("{8BC9CEB8-8B4A-11D0-8D11-00A0C91BC942}") = "4949", "4949\4949.vcxproj", "{8B3248A1-D5D3-48F4-B2E9-7ACBF18D277C}"
EndProject
Project("{8BC9CEB8-8B4A-11D0-8D11-00A0C91BC942}") = "1874", "1874\1874.vcxproj", "{44C0D9FB-E631-4257-8DFF-2EA9C3599189}"
EndProject
Project("{8BC9CEB8-8B4A-11D0-8D11-00A0C91BC942}") = "1966", "1966\1966.vcxproj", "{38947FD1-7817-4DA9-A2C6-33481F27DE5F}"
EndProject
Project("{8BC9CEB8-8B4A-11D0-8D11-00A0C91BC942}") = "10866", "10866\10866.vcxproj", "{1F838A42-E66F-44D4-A2A5-2C8BC1064922}"
EndProject
Project("{8BC9CEB8-8B4A-11D0-8D11-00A0C91BC942}") = "1021", "1921\1921.vcxproj", "{C9749251-6B4C-4225-A93E-7737FCA3BB1B}"
EndProject
Project("{8BC9CEB8-8B4A-11D0-8D11-00A0C91BC942}") = "5430", "5430\5430.vcxproj", "{D94819D6-A289-49C2-82CE-560645791D06}"
EndProject
Project("{8BC9CEB8-8B4A-11D0-8D11-00A0C91BC942}") = "2630", "2630\2630.vcxproj", "{DB83D97B-073A-4DD1-B38C-911750B7F0FD}"
EndProject
Project("{8BC9CEB8-8B4A-11D0-8D11-00A0C91BC942}") = "1992", "1992\1992.vcxproj", "{224DC1E5-EEE8-4828-8E5F-B7F4DBD5CFB6}"
EndProject
Project("{8BC9CEB8-8B4A-11D0-8D11-00A0C91BC942}") = "1780", "1780\1780.vcxproj", "{8E4A3240-8418-46B7-A305-DEE6BDC6E513}"
EndProject
Project("{8BC9CEB8-8B4A-11D0-8D11-00A0C91BC942}") = "1629", "1629\1629.vcxproj", "{14DEEEB2-9CC8-419C-A9AF-970E0E7FAF6D}"
EndProject
Project("{8BC9CEB8-8B4A-11D0-8D11-00A0C91BC942}") = "11401", "11401\11401.vcxproj", "{2291C8C1-1009-4511-BE8E-5437A29AF7F8}"
EndProject
Project("{8BC9CEB8-8B4A-11D0-8D11-00A0C91BC942}") = "11279", "11279\11279.vcxproj", "{DC8DC238-9264-4915-B6EA-B73A888B8690}"
EndProject
Project("{8BC9CEB8-8B4A-11D0-8D11-00A0C91BC942}") = "11286", "11286\11286.vcxproj", "{7E4A90FD-108F-48CF-ADC2-7BCE61704DE9}"
EndProject
Project("{8BC9CEB8-8B4A-11D0-8D11-00A0C91BC942}") = "1655", "1655\1655.vcxproj", "{A3E550AD-6D54-44F9-A475-4BD0719A53C9}"
EndProject
Project("{8BC9CEB8-8B4A-11D0-8D11-00A0C91BC942}") = "12015", "12015\12015.vcxproj", "{4B2602F6-0AA6-47FC-BDF3-7557F07FC537}"
EndProject
Project("{8BC9CEB8-8B4A-11D0-8D11-00A0C91BC942}") = "2740", "2740\2740.vcxproj", "{D78597AA-CD0E-4331-9D10-0CC7CF6B4788}"
EndProject
Project("{8BC9CEB8-8B4A-11D0-8D11-00A0C91BC942}") = "10989", "10989\10989.vcxproj", "{22B28BDA-3B0D-4566-A248-E71581C81B8B}"
EndProject
Project("{8BC9CEB8-8B4A-11D0-8D11-00A0C91BC942}") = "2108", "2108\2108.vcxproj", "{061AD5A6-CD52-40D9-B4FF-A0CC8B35DEFF}"
EndProject
Project("{8BC9CEB8-8B4A-11D0-8D11-00A0C91BC942}") = "1427", "1427\1427.vcxproj", "{5FADA3AE-0D0C-4E95-9DC1-27562CF14DF9}"
EndProject
Project("{8BC9CEB8-8B4A-11D0-8D11-00A0C91BC942}") = "11650", "11650\11650.vcxproj", "{85D3557F-17C4-44BF-A856-9188349EDE67}"
EndProject
Project("{8BC9CEB8-8B4A-11D0-8D11-00A0C91BC942}") = "11651", "11651\11651.vcxproj", "{4263C106-0ECD-4D46-AFE6-3C2468D9D7AC}"
EndProject
Project("{8BC9CEB8-8B4A-11D0-8D11-00A0C91BC942}") = "1181", "1181\1181.vcxproj", "{93216372-D8A6-43A1-A867-5C02B156BDF8}"
EndProject
Project("{8BC9CEB8-8B4A-11D0-8D11-00A0C91BC942}") = "10814", "10814\10814.vcxproj", "{9F404E18-E1BA-4A98-B4B8-D38938A2F077}"
EndProject
Project("{8BC9CEB8-8B4A-11D0-8D11-00A0C91BC942}") = "level3디스크컨트롤러", "level3디스크컨트롤러\level3디스크컨트롤러.vcxproj", "{0B3123EB-E769-47E4-A216-E274D9C5807F}"
EndProject
Project("{8BC9CEB8-8B4A-11D0-8D11-00A0C91BC942}") = "1904", "1904\1904.vcxproj", "{60179231-ECFA-4D4D-8690-5DC6299EAABD}"
EndProject
Project("{8BC9CEB8-8B4A-11D0-8D11-00A0C91BC942}") = "2178", "2178\2178.vcxproj", "{60C93BFB-296C-4D78-A743-B6F1A3902897}"
EndProject
Project("{8BC9CEB8-8B4A-11D0-8D11-00A0C91BC942}") = "1260", "1260\1260.vcxproj", "{3E4ADE44-4CB4-4A57-9CB1-A357AA09A85C}"
EndProject
Project("{8BC9CEB8-8B4A-11D0-8D11-00A0C91BC942}") = "level2영어끝말잇기", "level2영어끝말잇기\level2영어끝말잇기.vcxproj", "{864738EE-1C4E-47AC-852D-101852E36D6C}"
EndProject
Project("{8BC9CEB8-8B4A-11D0-8D11-00A0C91BC942}") = "level2수식최대화", "level2수식최대화\level2수식최대화.vcxproj", "{35672413-5F61-46A4-AB27-93500B19D9DE}"
EndProject
Project("{8BC9CEB8-8B4A-11D0-8D11-00A0C91BC942}") = "15650", "15650\15650.vcxproj", "{135CB6D9-29A6-4061-9F5F-6DA9E801CF5F}"
EndProject
Project("{8BC9CEB8-8B4A-11D0-8D11-00A0C91BC942}") = "15651", "15651\15651.vcxproj", "{4CD97346-FB57-462B-82AD-401AE3D9E520}"
EndProject
Project("{8BC9CEB8-8B4A-11D0-8D11-00A0C91BC942}") = "15652", "15652\15652.vcxproj", "{BAA639F3-8479-46CC-8178-EA7986D37572}"
EndProject
Project("{8BC9CEB8-8B4A-11D0-8D11-00A0C91BC942}") = "9663", "9663\9663.vcxproj", "{34C66792-3282-48B9-A2BB-2C9F7C43DD36}"
EndProject
Project("{8BC9CEB8-8B4A-11D0-8D11-00A0C91BC942}") = "2580", "2580\2580.vcxproj", "{AB41C4B4-D74C-43CA-BDFE-791301774096}"
EndProject
Project("{8BC9CEB8-8B4A-11D0-8D11-00A0C91BC942}") = "14888", "14888\14888.vcxproj", "{9FD70986-3F1C-42BF-9539-062B61BCDEA3}"
EndProject
Project("{8BC9CEB8-8B4A-11D0-8D11-00A0C91BC942}") = "14889", "14889\14889.vcxproj", "{7B5CA3BA-7D89-4072-A0B3-A93C6E636774}"
EndProject
Project("{8BC9CEB8-8B4A-11D0-8D11-00A0C91BC942}") = "9461", "9461\9461.vcxproj", "{FB6D6C2A-2E2C-4603-82F2-AF63797EF911}"
EndProject
Project("{8BC9CEB8-8B4A-11D0-8D11-00A0C91BC942}") = "1149", "1149\1149.vcxproj", "{018145B0-88B8-411E-ABFC-3ACE4235D964}"
EndProject
Project("{8BC9CEB8-8B4A-11D0-8D11-00A0C91BC942}") = "1932", "1932\1932.vcxproj", "{DA92EF80-54CB-4DFD-8DEA-54BD04477E76}"
EndProject
Project("{8BC9CEB8-8B4A-11D0-8D11-00A0C91BC942}") = "2579", "2579\2579.vcxproj", "{CE74A429-B539-4DD3-97AF-553E64B91ECB}"
EndProject
Global
	GlobalSection(SolutionConfigurationPlatforms) = preSolution
		Debug|x64 = Debug|x64
		Debug|x86 = Debug|x86
		Release|x64 = Release|x64
		Release|x86 = Release|x86
	EndGlobalSection
	GlobalSection(ProjectConfigurationPlatforms) = postSolution
		{D354E2AA-E522-44F9-800A-CFD76A06D9ED}.Debug|x64.ActiveCfg = Debug|x64
		{D354E2AA-E522-44F9-800A-CFD76A06D9ED}.Debug|x64.Build.0 = Debug|x64
		{D354E2AA-E522-44F9-800A-CFD76A06D9ED}.Debug|x86.ActiveCfg = Debug|Win32
		{D354E2AA-E522-44F9-800A-CFD76A06D9ED}.Debug|x86.Build.0 = Debug|Win32
		{D354E2AA-E522-44F9-800A-CFD76A06D9ED}.Release|x64.ActiveCfg = Release|x64
		{D354E2AA-E522-44F9-800A-CFD76A06D9ED}.Release|x64.Build.0 = Release|x64
		{D354E2AA-E522-44F9-800A-CFD76A06D9ED}.Release|x86.ActiveCfg = Release|Win32
		{D354E2AA-E522-44F9-800A-CFD76A06D9ED}.Release|x86.Build.0 = Release|Win32
		{C83537E8-052A-4DC8-8419-CC751BA7AF79}.Debug|x64.ActiveCfg = Debug|x64
		{C83537E8-052A-4DC8-8419-CC751BA7AF79}.Debug|x64.Build.0 = Debug|x64
		{C83537E8-052A-4DC8-8419-CC751BA7AF79}.Debug|x86.ActiveCfg = Debug|Win32
		{C83537E8-052A-4DC8-8419-CC751BA7AF79}.Debug|x86.Build.0 = Debug|Win32
		{C83537E8-052A-4DC8-8419-CC751BA7AF79}.Release|x64.ActiveCfg = Release|x64
		{C83537E8-052A-4DC8-8419-CC751BA7AF79}.Release|x64.Build.0 = Release|x64
		{C83537E8-052A-4DC8-8419-CC751BA7AF79}.Release|x86.ActiveCfg = Release|Win32
		{C83537E8-052A-4DC8-8419-CC751BA7AF79}.Release|x86.Build.0 = Release|Win32
		{50FEA5A9-B1AB-46E2-8D9A-6D88DB9D3C0D}.Debug|x64.ActiveCfg = Debug|x64
		{50FEA5A9-B1AB-46E2-8D9A-6D88DB9D3C0D}.Debug|x64.Build.0 = Debug|x64
		{50FEA5A9-B1AB-46E2-8D9A-6D88DB9D3C0D}.Debug|x86.ActiveCfg = Debug|Win32
		{50FEA5A9-B1AB-46E2-8D9A-6D88DB9D3C0D}.Debug|x86.Build.0 = Debug|Win32
		{50FEA5A9-B1AB-46E2-8D9A-6D88DB9D3C0D}.Release|x64.ActiveCfg = Release|x64
		{50FEA5A9-B1AB-46E2-8D9A-6D88DB9D3C0D}.Release|x64.Build.0 = Release|x64
		{50FEA5A9-B1AB-46E2-8D9A-6D88DB9D3C0D}.Release|x86.ActiveCfg = Release|Win32
		{50FEA5A9-B1AB-46E2-8D9A-6D88DB9D3C0D}.Release|x86.Build.0 = Release|Win32
		{AB6E252E-9404-4FDE-AC54-E7BE1F739A6D}.Debug|x64.ActiveCfg = Debug|x64
		{AB6E252E-9404-4FDE-AC54-E7BE1F739A6D}.Debug|x64.Build.0 = Debug|x64
		{AB6E252E-9404-4FDE-AC54-E7BE1F739A6D}.Debug|x86.ActiveCfg = Debug|Win32
		{AB6E252E-9404-4FDE-AC54-E7BE1F739A6D}.Debug|x86.Build.0 = Debug|Win32
		{AB6E252E-9404-4FDE-AC54-E7BE1F739A6D}.Release|x64.ActiveCfg = Release|x64
		{AB6E252E-9404-4FDE-AC54-E7BE1F739A6D}.Release|x64.Build.0 = Release|x64
		{AB6E252E-9404-4FDE-AC54-E7BE1F739A6D}.Release|x86.ActiveCfg = Release|Win32
		{AB6E252E-9404-4FDE-AC54-E7BE1F739A6D}.Release|x86.Build.0 = Release|Win32
		{2A6104BA-59B8-42C6-9840-FDCC04A49245}.Debug|x64.ActiveCfg = Debug|x64
		{2A6104BA-59B8-42C6-9840-FDCC04A49245}.Debug|x64.Build.0 = Debug|x64
		{2A6104BA-59B8-42C6-9840-FDCC04A49245}.Debug|x86.ActiveCfg = Debug|Win32
		{2A6104BA-59B8-42C6-9840-FDCC04A49245}.Debug|x86.Build.0 = Debug|Win32
		{2A6104BA-59B8-42C6-9840-FDCC04A49245}.Release|x64.ActiveCfg = Release|x64
		{2A6104BA-59B8-42C6-9840-FDCC04A49245}.Release|x64.Build.0 = Release|x64
		{2A6104BA-59B8-42C6-9840-FDCC04A49245}.Release|x86.ActiveCfg = Release|Win32
		{2A6104BA-59B8-42C6-9840-FDCC04A49245}.Release|x86.Build.0 = Release|Win32
		{013B3452-0ABD-47F6-B426-25C1B3369E3A}.Debug|x64.ActiveCfg = Debug|x64
		{013B3452-0ABD-47F6-B426-25C1B3369E3A}.Debug|x64.Build.0 = Debug|x64
		{013B3452-0ABD-47F6-B426-25C1B3369E3A}.Debug|x86.ActiveCfg = Debug|Win32
		{013B3452-0ABD-47F6-B426-25C1B3369E3A}.Debug|x86.Build.0 = Debug|Win32
		{013B3452-0ABD-47F6-B426-25C1B3369E3A}.Release|x64.ActiveCfg = Release|x64
		{013B3452-0ABD-47F6-B426-25C1B3369E3A}.Release|x64.Build.0 = Release|x64
		{013B3452-0ABD-47F6-B426-25C1B3369E3A}.Release|x86.ActiveCfg = Release|Win32
		{013B3452-0ABD-47F6-B426-25C1B3369E3A}.Release|x86.Build.0 = Release|Win32
		{ADA2305C-B361-4ACD-A658-2B9C4D40BCD3}.Debug|x64.ActiveCfg = Debug|x64
		{ADA2305C-B361-4ACD-A658-2B9C4D40BCD3}.Debug|x64.Build.0 = Debug|x64
		{ADA2305C-B361-4ACD-A658-2B9C4D40BCD3}.Debug|x86.ActiveCfg = Debug|Win32
		{ADA2305C-B361-4ACD-A658-2B9C4D40BCD3}.Debug|x86.Build.0 = Debug|Win32
		{ADA2305C-B361-4ACD-A658-2B9C4D40BCD3}.Release|x64.ActiveCfg = Release|x64
		{ADA2305C-B361-4ACD-A658-2B9C4D40BCD3}.Release|x64.Build.0 = Release|x64
		{ADA2305C-B361-4ACD-A658-2B9C4D40BCD3}.Release|x86.ActiveCfg = Release|Win32
		{ADA2305C-B361-4ACD-A658-2B9C4D40BCD3}.Release|x86.Build.0 = Release|Win32
		{F0F77A26-108E-489E-B3BA-C4DAE3140A90}.Debug|x64.ActiveCfg = Debug|x64
		{F0F77A26-108E-489E-B3BA-C4DAE3140A90}.Debug|x64.Build.0 = Debug|x64
		{F0F77A26-108E-489E-B3BA-C4DAE3140A90}.Debug|x86.ActiveCfg = Debug|Win32
		{F0F77A26-108E-489E-B3BA-C4DAE3140A90}.Debug|x86.Build.0 = Debug|Win32
		{F0F77A26-108E-489E-B3BA-C4DAE3140A90}.Release|x64.ActiveCfg = Release|x64
		{F0F77A26-108E-489E-B3BA-C4DAE3140A90}.Release|x64.Build.0 = Release|x64
		{F0F77A26-108E-489E-B3BA-C4DAE3140A90}.Release|x86.ActiveCfg = Release|Win32
		{F0F77A26-108E-489E-B3BA-C4DAE3140A90}.Release|x86.Build.0 = Release|Win32
		{A7849854-0C09-4BF5-B05A-D7AB622C850E}.Debug|x64.ActiveCfg = Debug|x64
		{A7849854-0C09-4BF5-B05A-D7AB622C850E}.Debug|x64.Build.0 = Debug|x64
		{A7849854-0C09-4BF5-B05A-D7AB622C850E}.Debug|x86.ActiveCfg = Debug|Win32
		{A7849854-0C09-4BF5-B05A-D7AB622C850E}.Debug|x86.Build.0 = Debug|Win32
		{A7849854-0C09-4BF5-B05A-D7AB622C850E}.Release|x64.ActiveCfg = Release|x64
		{A7849854-0C09-4BF5-B05A-D7AB622C850E}.Release|x64.Build.0 = Release|x64
		{A7849854-0C09-4BF5-B05A-D7AB622C850E}.Release|x86.ActiveCfg = Release|Win32
		{A7849854-0C09-4BF5-B05A-D7AB622C850E}.Release|x86.Build.0 = Release|Win32
		{3629E9F9-5D11-4BE8-B4E1-C0B18C339DC5}.Debug|x64.ActiveCfg = Debug|x64
		{3629E9F9-5D11-4BE8-B4E1-C0B18C339DC5}.Debug|x64.Build.0 = Debug|x64
		{3629E9F9-5D11-4BE8-B4E1-C0B18C339DC5}.Debug|x86.ActiveCfg = Debug|Win32
		{3629E9F9-5D11-4BE8-B4E1-C0B18C339DC5}.Debug|x86.Build.0 = Debug|Win32
		{3629E9F9-5D11-4BE8-B4E1-C0B18C339DC5}.Release|x64.ActiveCfg = Release|x64
		{3629E9F9-5D11-4BE8-B4E1-C0B18C339DC5}.Release|x64.Build.0 = Release|x64
		{3629E9F9-5D11-4BE8-B4E1-C0B18C339DC5}.Release|x86.ActiveCfg = Release|Win32
		{3629E9F9-5D11-4BE8-B4E1-C0B18C339DC5}.Release|x86.Build.0 = Release|Win32
		{2E5BC4DE-7A82-49D1-B0EA-356804ECD4CC}.Debug|x64.ActiveCfg = Debug|x64
		{2E5BC4DE-7A82-49D1-B0EA-356804ECD4CC}.Debug|x64.Build.0 = Debug|x64
		{2E5BC4DE-7A82-49D1-B0EA-356804ECD4CC}.Debug|x86.ActiveCfg = Debug|Win32
		{2E5BC4DE-7A82-49D1-B0EA-356804ECD4CC}.Debug|x86.Build.0 = Debug|Win32
		{2E5BC4DE-7A82-49D1-B0EA-356804ECD4CC}.Release|x64.ActiveCfg = Release|x64
		{2E5BC4DE-7A82-49D1-B0EA-356804ECD4CC}.Release|x64.Build.0 = Release|x64
		{2E5BC4DE-7A82-49D1-B0EA-356804ECD4CC}.Release|x86.ActiveCfg = Release|Win32
		{2E5BC4DE-7A82-49D1-B0EA-356804ECD4CC}.Release|x86.Build.0 = Release|Win32
		{D153B227-B353-4787-8755-1A4DCEC8FF32}.Debug|x64.ActiveCfg = Debug|x64
		{D153B227-B353-4787-8755-1A4DCEC8FF32}.Debug|x64.Build.0 = Debug|x64
		{D153B227-B353-4787-8755-1A4DCEC8FF32}.Debug|x86.ActiveCfg = Debug|Win32
		{D153B227-B353-4787-8755-1A4DCEC8FF32}.Debug|x86.Build.0 = Debug|Win32
		{D153B227-B353-4787-8755-1A4DCEC8FF32}.Release|x64.ActiveCfg = Release|x64
		{D153B227-B353-4787-8755-1A4DCEC8FF32}.Release|x64.Build.0 = Release|x64
		{D153B227-B353-4787-8755-1A4DCEC8FF32}.Release|x86.ActiveCfg = Release|Win32
		{D153B227-B353-4787-8755-1A4DCEC8FF32}.Release|x86.Build.0 = Release|Win32
		{5D8AC922-B9C8-4A89-A795-7F738EDFA444}.Debug|x64.ActiveCfg = Debug|x64
		{5D8AC922-B9C8-4A89-A795-7F738EDFA444}.Debug|x64.Build.0 = Debug|x64
		{5D8AC922-B9C8-4A89-A795-7F738EDFA444}.Debug|x86.ActiveCfg = Debug|Win32
		{5D8AC922-B9C8-4A89-A795-7F738EDFA444}.Debug|x86.Build.0 = Debug|Win32
		{5D8AC922-B9C8-4A89-A795-7F738EDFA444}.Release|x64.ActiveCfg = Release|x64
		{5D8AC922-B9C8-4A89-A795-7F738EDFA444}.Release|x64.Build.0 = Release|x64
		{5D8AC922-B9C8-4A89-A795-7F738EDFA444}.Release|x86.ActiveCfg = Release|Win32
		{5D8AC922-B9C8-4A89-A795-7F738EDFA444}.Release|x86.Build.0 = Release|Win32
		{FB4270B6-6CC4-4D8E-B0DE-FB6AFF4F6BBB}.Debug|x64.ActiveCfg = Debug|x64
		{FB4270B6-6CC4-4D8E-B0DE-FB6AFF4F6BBB}.Debug|x64.Build.0 = Debug|x64
		{FB4270B6-6CC4-4D8E-B0DE-FB6AFF4F6BBB}.Debug|x86.ActiveCfg = Debug|Win32
		{FB4270B6-6CC4-4D8E-B0DE-FB6AFF4F6BBB}.Debug|x86.Build.0 = Debug|Win32
		{FB4270B6-6CC4-4D8E-B0DE-FB6AFF4F6BBB}.Release|x64.ActiveCfg = Release|x64
		{FB4270B6-6CC4-4D8E-B0DE-FB6AFF4F6BBB}.Release|x64.Build.0 = Release|x64
		{FB4270B6-6CC4-4D8E-B0DE-FB6AFF4F6BBB}.Release|x86.ActiveCfg = Release|Win32
		{FB4270B6-6CC4-4D8E-B0DE-FB6AFF4F6BBB}.Release|x86.Build.0 = Release|Win32
		{188F28A6-FD57-4593-A7D6-AA2A64DC78E2}.Debug|x64.ActiveCfg = Debug|x64
		{188F28A6-FD57-4593-A7D6-AA2A64DC78E2}.Debug|x64.Build.0 = Debug|x64
		{188F28A6-FD57-4593-A7D6-AA2A64DC78E2}.Debug|x86.ActiveCfg = Debug|Win32
		{188F28A6-FD57-4593-A7D6-AA2A64DC78E2}.Debug|x86.Build.0 = Debug|Win32
		{188F28A6-FD57-4593-A7D6-AA2A64DC78E2}.Release|x64.ActiveCfg = Release|x64
		{188F28A6-FD57-4593-A7D6-AA2A64DC78E2}.Release|x64.Build.0 = Release|x64
		{188F28A6-FD57-4593-A7D6-AA2A64DC78E2}.Release|x86.ActiveCfg = Release|Win32
		{188F28A6-FD57-4593-A7D6-AA2A64DC78E2}.Release|x86.Build.0 = Release|Win32
		{B835B3C4-5A1E-48EA-B824-B9ADC0EC4E36}.Debug|x64.ActiveCfg = Debug|x64
		{B835B3C4-5A1E-48EA-B824-B9ADC0EC4E36}.Debug|x64.Build.0 = Debug|x64
		{B835B3C4-5A1E-48EA-B824-B9ADC0EC4E36}.Debug|x86.ActiveCfg = Debug|Win32
		{B835B3C4-5A1E-48EA-B824-B9ADC0EC4E36}.Debug|x86.Build.0 = Debug|Win32
		{B835B3C4-5A1E-48EA-B824-B9ADC0EC4E36}.Release|x64.ActiveCfg = Release|x64
		{B835B3C4-5A1E-48EA-B824-B9ADC0EC4E36}.Release|x64.Build.0 = Release|x64
		{B835B3C4-5A1E-48EA-B824-B9ADC0EC4E36}.Release|x86.ActiveCfg = Release|Win32
		{B835B3C4-5A1E-48EA-B824-B9ADC0EC4E36}.Release|x86.Build.0 = Release|Win32
		{9D2292D6-8E4B-4E5E-AE60-D11BD0EC80E1}.Debug|x64.ActiveCfg = Debug|x64
		{9D2292D6-8E4B-4E5E-AE60-D11BD0EC80E1}.Debug|x64.Build.0 = Debug|x64
		{9D2292D6-8E4B-4E5E-AE60-D11BD0EC80E1}.Debug|x86.ActiveCfg = Debug|Win32
		{9D2292D6-8E4B-4E5E-AE60-D11BD0EC80E1}.Debug|x86.Build.0 = Debug|Win32
		{9D2292D6-8E4B-4E5E-AE60-D11BD0EC80E1}.Release|x64.ActiveCfg = Release|x64
		{9D2292D6-8E4B-4E5E-AE60-D11BD0EC80E1}.Release|x64.Build.0 = Release|x64
		{9D2292D6-8E4B-4E5E-AE60-D11BD0EC80E1}.Release|x86.ActiveCfg = Release|Win32
		{9D2292D6-8E4B-4E5E-AE60-D11BD0EC80E1}.Release|x86.Build.0 = Release|Win32
		{B6199B88-AA73-4637-A015-1A04334FD2B6}.Debug|x64.ActiveCfg = Debug|x64
		{B6199B88-AA73-4637-A015-1A04334FD2B6}.Debug|x64.Build.0 = Debug|x64
		{B6199B88-AA73-4637-A015-1A04334FD2B6}.Debug|x86.ActiveCfg = Debug|Win32
		{B6199B88-AA73-4637-A015-1A04334FD2B6}.Debug|x86.Build.0 = Debug|Win32
		{B6199B88-AA73-4637-A015-1A04334FD2B6}.Release|x64.ActiveCfg = Release|x64
		{B6199B88-AA73-4637-A015-1A04334FD2B6}.Release|x64.Build.0 = Release|x64
		{B6199B88-AA73-4637-A015-1A04334FD2B6}.Release|x86.ActiveCfg = Release|Win32
		{B6199B88-AA73-4637-A015-1A04334FD2B6}.Release|x86.Build.0 = Release|Win32
		{BFCF9486-C8FE-4E75-98FE-F2A5FCFC0AB1}.Debug|x64.ActiveCfg = Debug|x64
		{BFCF9486-C8FE-4E75-98FE-F2A5FCFC0AB1}.Debug|x64.Build.0 = Debug|x64
		{BFCF9486-C8FE-4E75-98FE-F2A5FCFC0AB1}.Debug|x86.ActiveCfg = Debug|Win32
		{BFCF9486-C8FE-4E75-98FE-F2A5FCFC0AB1}.Debug|x86.Build.0 = Debug|Win32
		{BFCF9486-C8FE-4E75-98FE-F2A5FCFC0AB1}.Release|x64.ActiveCfg = Release|x64
		{BFCF9486-C8FE-4E75-98FE-F2A5FCFC0AB1}.Release|x64.Build.0 = Release|x64
		{BFCF9486-C8FE-4E75-98FE-F2A5FCFC0AB1}.Release|x86.ActiveCfg = Release|Win32
		{BFCF9486-C8FE-4E75-98FE-F2A5FCFC0AB1}.Release|x86.Build.0 = Release|Win32
		{94D623BE-CE5B-4344-8598-40B47EC69E24}.Debug|x64.ActiveCfg = Debug|x64
		{94D623BE-CE5B-4344-8598-40B47EC69E24}.Debug|x64.Build.0 = Debug|x64
		{94D623BE-CE5B-4344-8598-40B47EC69E24}.Debug|x86.ActiveCfg = Debug|Win32
		{94D623BE-CE5B-4344-8598-40B47EC69E24}.Debug|x86.Build.0 = Debug|Win32
		{94D623BE-CE5B-4344-8598-40B47EC69E24}.Release|x64.ActiveCfg = Release|x64
		{94D623BE-CE5B-4344-8598-40B47EC69E24}.Release|x64.Build.0 = Release|x64
		{94D623BE-CE5B-4344-8598-40B47EC69E24}.Release|x86.ActiveCfg = Release|Win32
		{94D623BE-CE5B-4344-8598-40B47EC69E24}.Release|x86.Build.0 = Release|Win32
		{15E653BD-B890-4CCE-A306-255884FCF205}.Debug|x64.ActiveCfg = Debug|x64
		{15E653BD-B890-4CCE-A306-255884FCF205}.Debug|x64.Build.0 = Debug|x64
		{15E653BD-B890-4CCE-A306-255884FCF205}.Debug|x86.ActiveCfg = Debug|Win32
		{15E653BD-B890-4CCE-A306-255884FCF205}.Debug|x86.Build.0 = Debug|Win32
		{15E653BD-B890-4CCE-A306-255884FCF205}.Release|x64.ActiveCfg = Release|x64
		{15E653BD-B890-4CCE-A306-255884FCF205}.Release|x64.Build.0 = Release|x64
		{15E653BD-B890-4CCE-A306-255884FCF205}.Release|x86.ActiveCfg = Release|Win32
		{15E653BD-B890-4CCE-A306-255884FCF205}.Release|x86.Build.0 = Release|Win32
		{900DBFEF-FE04-472A-B6BF-A5D3E148788F}.Debug|x64.ActiveCfg = Debug|x64
		{900DBFEF-FE04-472A-B6BF-A5D3E148788F}.Debug|x64.Build.0 = Debug|x64
		{900DBFEF-FE04-472A-B6BF-A5D3E148788F}.Debug|x86.ActiveCfg = Debug|Win32
		{900DBFEF-FE04-472A-B6BF-A5D3E148788F}.Debug|x86.Build.0 = Debug|Win32
		{900DBFEF-FE04-472A-B6BF-A5D3E148788F}.Release|x64.ActiveCfg = Release|x64
		{900DBFEF-FE04-472A-B6BF-A5D3E148788F}.Release|x64.Build.0 = Release|x64
		{900DBFEF-FE04-472A-B6BF-A5D3E148788F}.Release|x86.ActiveCfg = Release|Win32
		{900DBFEF-FE04-472A-B6BF-A5D3E148788F}.Release|x86.Build.0 = Release|Win32
		{0803F00F-53F1-41B2-8CB2-7A40E7C98404}.Debug|x64.ActiveCfg = Debug|x64
		{0803F00F-53F1-41B2-8CB2-7A40E7C98404}.Debug|x64.Build.0 = Debug|x64
		{0803F00F-53F1-41B2-8CB2-7A40E7C98404}.Debug|x86.ActiveCfg = Debug|Win32
		{0803F00F-53F1-41B2-8CB2-7A40E7C98404}.Debug|x86.Build.0 = Debug|Win32
		{0803F00F-53F1-41B2-8CB2-7A40E7C98404}.Release|x64.ActiveCfg = Release|x64
		{0803F00F-53F1-41B2-8CB2-7A40E7C98404}.Release|x64.Build.0 = Release|x64
		{0803F00F-53F1-41B2-8CB2-7A40E7C98404}.Release|x86.ActiveCfg = Release|Win32
		{0803F00F-53F1-41B2-8CB2-7A40E7C98404}.Release|x86.Build.0 = Release|Win32
		{389B61EF-3405-4D5B-8B6E-FEC91BA50B85}.Debug|x64.ActiveCfg = Debug|x64
		{389B61EF-3405-4D5B-8B6E-FEC91BA50B85}.Debug|x64.Build.0 = Debug|x64
		{389B61EF-3405-4D5B-8B6E-FEC91BA50B85}.Debug|x86.ActiveCfg = Debug|Win32
		{389B61EF-3405-4D5B-8B6E-FEC91BA50B85}.Debug|x86.Build.0 = Debug|Win32
		{389B61EF-3405-4D5B-8B6E-FEC91BA50B85}.Release|x64.ActiveCfg = Release|x64
		{389B61EF-3405-4D5B-8B6E-FEC91BA50B85}.Release|x64.Build.0 = Release|x64
		{389B61EF-3405-4D5B-8B6E-FEC91BA50B85}.Release|x86.ActiveCfg = Release|Win32
		{389B61EF-3405-4D5B-8B6E-FEC91BA50B85}.Release|x86.Build.0 = Release|Win32
		{8B3248A1-D5D3-48F4-B2E9-7ACBF18D277C}.Debug|x64.ActiveCfg = Debug|x64
		{8B3248A1-D5D3-48F4-B2E9-7ACBF18D277C}.Debug|x64.Build.0 = Debug|x64
		{8B3248A1-D5D3-48F4-B2E9-7ACBF18D277C}.Debug|x86.ActiveCfg = Debug|Win32
		{8B3248A1-D5D3-48F4-B2E9-7ACBF18D277C}.Debug|x86.Build.0 = Debug|Win32
		{8B3248A1-D5D3-48F4-B2E9-7ACBF18D277C}.Release|x64.ActiveCfg = Release|x64
		{8B3248A1-D5D3-48F4-B2E9-7ACBF18D277C}.Release|x64.Build.0 = Release|x64
		{8B3248A1-D5D3-48F4-B2E9-7ACBF18D277C}.Release|x86.ActiveCfg = Release|Win32
		{8B3248A1-D5D3-48F4-B2E9-7ACBF18D277C}.Release|x86.Build.0 = Release|Win32
		{44C0D9FB-E631-4257-8DFF-2EA9C3599189}.Debug|x64.ActiveCfg = Debug|x64
		{44C0D9FB-E631-4257-8DFF-2EA9C3599189}.Debug|x64.Build.0 = Debug|x64
		{44C0D9FB-E631-4257-8DFF-2EA9C3599189}.Debug|x86.ActiveCfg = Debug|Win32
		{44C0D9FB-E631-4257-8DFF-2EA9C3599189}.Debug|x86.Build.0 = Debug|Win32
		{44C0D9FB-E631-4257-8DFF-2EA9C3599189}.Release|x64.ActiveCfg = Release|x64
		{44C0D9FB-E631-4257-8DFF-2EA9C3599189}.Release|x64.Build.0 = Release|x64
		{44C0D9FB-E631-4257-8DFF-2EA9C3599189}.Release|x86.ActiveCfg = Release|Win32
		{44C0D9FB-E631-4257-8DFF-2EA9C3599189}.Release|x86.Build.0 = Release|Win32
		{38947FD1-7817-4DA9-A2C6-33481F27DE5F}.Debug|x64.ActiveCfg = Debug|x64
		{38947FD1-7817-4DA9-A2C6-33481F27DE5F}.Debug|x64.Build.0 = Debug|x64
		{38947FD1-7817-4DA9-A2C6-33481F27DE5F}.Debug|x86.ActiveCfg = Debug|Win32
		{38947FD1-7817-4DA9-A2C6-33481F27DE5F}.Debug|x86.Build.0 = Debug|Win32
		{38947FD1-7817-4DA9-A2C6-33481F27DE5F}.Release|x64.ActiveCfg = Release|x64
		{38947FD1-7817-4DA9-A2C6-33481F27DE5F}.Release|x64.Build.0 = Release|x64
		{38947FD1-7817-4DA9-A2C6-33481F27DE5F}.Release|x86.ActiveCfg = Release|Win32
		{38947FD1-7817-4DA9-A2C6-33481F27DE5F}.Release|x86.Build.0 = Release|Win32
		{1F838A42-E66F-44D4-A2A5-2C8BC1064922}.Debug|x64.ActiveCfg = Debug|x64
		{1F838A42-E66F-44D4-A2A5-2C8BC1064922}.Debug|x64.Build.0 = Debug|x64
		{1F838A42-E66F-44D4-A2A5-2C8BC1064922}.Debug|x86.ActiveCfg = Debug|Win32
		{1F838A42-E66F-44D4-A2A5-2C8BC1064922}.Debug|x86.Build.0 = Debug|Win32
		{1F838A42-E66F-44D4-A2A5-2C8BC1064922}.Release|x64.ActiveCfg = Release|x64
		{1F838A42-E66F-44D4-A2A5-2C8BC1064922}.Release|x64.Build.0 = Release|x64
		{1F838A42-E66F-44D4-A2A5-2C8BC1064922}.Release|x86.ActiveCfg = Release|Win32
		{1F838A42-E66F-44D4-A2A5-2C8BC1064922}.Release|x86.Build.0 = Release|Win32
		{C9749251-6B4C-4225-A93E-7737FCA3BB1B}.Debug|x64.ActiveCfg = Debug|x64
		{C9749251-6B4C-4225-A93E-7737FCA3BB1B}.Debug|x64.Build.0 = Debug|x64
		{C9749251-6B4C-4225-A93E-7737FCA3BB1B}.Debug|x86.ActiveCfg = Debug|Win32
		{C9749251-6B4C-4225-A93E-7737FCA3BB1B}.Debug|x86.Build.0 = Debug|Win32
		{C9749251-6B4C-4225-A93E-7737FCA3BB1B}.Release|x64.ActiveCfg = Release|x64
		{C9749251-6B4C-4225-A93E-7737FCA3BB1B}.Release|x64.Build.0 = Release|x64
		{C9749251-6B4C-4225-A93E-7737FCA3BB1B}.Release|x86.ActiveCfg = Release|Win32
		{C9749251-6B4C-4225-A93E-7737FCA3BB1B}.Release|x86.Build.0 = Release|Win32
		{D94819D6-A289-49C2-82CE-560645791D06}.Debug|x64.ActiveCfg = Debug|x64
		{D94819D6-A289-49C2-82CE-560645791D06}.Debug|x64.Build.0 = Debug|x64
		{D94819D6-A289-49C2-82CE-560645791D06}.Debug|x86.ActiveCfg = Debug|Win32
		{D94819D6-A289-49C2-82CE-560645791D06}.Debug|x86.Build.0 = Debug|Win32
		{D94819D6-A289-49C2-82CE-560645791D06}.Release|x64.ActiveCfg = Release|x64
		{D94819D6-A289-49C2-82CE-560645791D06}.Release|x64.Build.0 = Release|x64
		{D94819D6-A289-49C2-82CE-560645791D06}.Release|x86.ActiveCfg = Release|Win32
		{D94819D6-A289-49C2-82CE-560645791D06}.Release|x86.Build.0 = Release|Win32
		{DB83D97B-073A-4DD1-B38C-911750B7F0FD}.Debug|x64.ActiveCfg = Debug|x64
		{DB83D97B-073A-4DD1-B38C-911750B7F0FD}.Debug|x64.Build.0 = Debug|x64
		{DB83D97B-073A-4DD1-B38C-911750B7F0FD}.Debug|x86.ActiveCfg = Debug|Win32
		{DB83D97B-073A-4DD1-B38C-911750B7F0FD}.Debug|x86.Build.0 = Debug|Win32
		{DB83D97B-073A-4DD1-B38C-911750B7F0FD}.Release|x64.ActiveCfg = Release|x64
		{DB83D97B-073A-4DD1-B38C-911750B7F0FD}.Release|x64.Build.0 = Release|x64
		{DB83D97B-073A-4DD1-B38C-911750B7F0FD}.Release|x86.ActiveCfg = Release|Win32
		{DB83D97B-073A-4DD1-B38C-911750B7F0FD}.Release|x86.Build.0 = Release|Win32
		{224DC1E5-EEE8-4828-8E5F-B7F4DBD5CFB6}.Debug|x64.ActiveCfg = Debug|x64
		{224DC1E5-EEE8-4828-8E5F-B7F4DBD5CFB6}.Debug|x64.Build.0 = Debug|x64
		{224DC1E5-EEE8-4828-8E5F-B7F4DBD5CFB6}.Debug|x86.ActiveCfg = Debug|Win32
		{224DC1E5-EEE8-4828-8E5F-B7F4DBD5CFB6}.Debug|x86.Build.0 = Debug|Win32
		{224DC1E5-EEE8-4828-8E5F-B7F4DBD5CFB6}.Release|x64.ActiveCfg = Release|x64
		{224DC1E5-EEE8-4828-8E5F-B7F4DBD5CFB6}.Release|x64.Build.0 = Release|x64
		{224DC1E5-EEE8-4828-8E5F-B7F4DBD5CFB6}.Release|x86.ActiveCfg = Release|Win32
		{224DC1E5-EEE8-4828-8E5F-B7F4DBD5CFB6}.Release|x86.Build.0 = Release|Win32
		{8E4A3240-8418-46B7-A305-DEE6BDC6E513}.Debug|x64.ActiveCfg = Debug|x64
		{8E4A3240-8418-46B7-A305-DEE6BDC6E513}.Debug|x64.Build.0 = Debug|x64
		{8E4A3240-8418-46B7-A305-DEE6BDC6E513}.Debug|x86.ActiveCfg = Debug|Win32
		{8E4A3240-8418-46B7-A305-DEE6BDC6E513}.Debug|x86.Build.0 = Debug|Win32
		{8E4A3240-8418-46B7-A305-DEE6BDC6E513}.Release|x64.ActiveCfg = Release|x64
		{8E4A3240-8418-46B7-A305-DEE6BDC6E513}.Release|x64.Build.0 = Release|x64
		{8E4A3240-8418-46B7-A305-DEE6BDC6E513}.Release|x86.ActiveCfg = Release|Win32
		{8E4A3240-8418-46B7-A305-DEE6BDC6E513}.Release|x86.Build.0 = Release|Win32
		{14DEEEB2-9CC8-419C-A9AF-970E0E7FAF6D}.Debug|x64.ActiveCfg = Debug|x64
		{14DEEEB2-9CC8-419C-A9AF-970E0E7FAF6D}.Debug|x64.Build.0 = Debug|x64
		{14DEEEB2-9CC8-419C-A9AF-970E0E7FAF6D}.Debug|x86.ActiveCfg = Debug|Win32
		{14DEEEB2-9CC8-419C-A9AF-970E0E7FAF6D}.Debug|x86.Build.0 = Debug|Win32
		{14DEEEB2-9CC8-419C-A9AF-970E0E7FAF6D}.Release|x64.ActiveCfg = Release|x64
		{14DEEEB2-9CC8-419C-A9AF-970E0E7FAF6D}.Release|x64.Build.0 = Release|x64
		{14DEEEB2-9CC8-419C-A9AF-970E0E7FAF6D}.Release|x86.ActiveCfg = Release|Win32
		{14DEEEB2-9CC8-419C-A9AF-970E0E7FAF6D}.Release|x86.Build.0 = Release|Win32
		{2291C8C1-1009-4511-BE8E-5437A29AF7F8}.Debug|x64.ActiveCfg = Debug|x64
		{2291C8C1-1009-4511-BE8E-5437A29AF7F8}.Debug|x64.Build.0 = Debug|x64
		{2291C8C1-1009-4511-BE8E-5437A29AF7F8}.Debug|x86.ActiveCfg = Debug|Win32
		{2291C8C1-1009-4511-BE8E-5437A29AF7F8}.Debug|x86.Build.0 = Debug|Win32
		{2291C8C1-1009-4511-BE8E-5437A29AF7F8}.Release|x64.ActiveCfg = Release|x64
		{2291C8C1-1009-4511-BE8E-5437A29AF7F8}.Release|x64.Build.0 = Release|x64
		{2291C8C1-1009-4511-BE8E-5437A29AF7F8}.Release|x86.ActiveCfg = Release|Win32
		{2291C8C1-1009-4511-BE8E-5437A29AF7F8}.Release|x86.Build.0 = Release|Win32
		{DC8DC238-9264-4915-B6EA-B73A888B8690}.Debug|x64.ActiveCfg = Debug|x64
		{DC8DC238-9264-4915-B6EA-B73A888B8690}.Debug|x64.Build.0 = Debug|x64
		{DC8DC238-9264-4915-B6EA-B73A888B8690}.Debug|x86.ActiveCfg = Debug|Win32
		{DC8DC238-9264-4915-B6EA-B73A888B8690}.Debug|x86.Build.0 = Debug|Win32
		{DC8DC238-9264-4915-B6EA-B73A888B8690}.Release|x64.ActiveCfg = Release|x64
		{DC8DC238-9264-4915-B6EA-B73A888B8690}.Release|x64.Build.0 = Release|x64
		{DC8DC238-9264-4915-B6EA-B73A888B8690}.Release|x86.ActiveCfg = Release|Win32
		{DC8DC238-9264-4915-B6EA-B73A888B8690}.Release|x86.Build.0 = Release|Win32
		{7E4A90FD-108F-48CF-ADC2-7BCE61704DE9}.Debug|x64.ActiveCfg = Debug|x64
		{7E4A90FD-108F-48CF-ADC2-7BCE61704DE9}.Debug|x64.Build.0 = Debug|x64
		{7E4A90FD-108F-48CF-ADC2-7BCE61704DE9}.Debug|x86.ActiveCfg = Debug|Win32
		{7E4A90FD-108F-48CF-ADC2-7BCE61704DE9}.Debug|x86.Build.0 = Debug|Win32
		{7E4A90FD-108F-48CF-ADC2-7BCE61704DE9}.Release|x64.ActiveCfg = Release|x64
		{7E4A90FD-108F-48CF-ADC2-7BCE61704DE9}.Release|x64.Build.0 = Release|x64
		{7E4A90FD-108F-48CF-ADC2-7BCE61704DE9}.Release|x86.ActiveCfg = Release|Win32
		{7E4A90FD-108F-48CF-ADC2-7BCE61704DE9}.Release|x86.Build.0 = Release|Win32
		{A3E550AD-6D54-44F9-A475-4BD0719A53C9}.Debug|x64.ActiveCfg = Debug|x64
		{A3E550AD-6D54-44F9-A475-4BD0719A53C9}.Debug|x64.Build.0 = Debug|x64
		{A3E550AD-6D54-44F9-A475-4BD0719A53C9}.Debug|x86.ActiveCfg = Debug|Win32
		{A3E550AD-6D54-44F9-A475-4BD0719A53C9}.Debug|x86.Build.0 = Debug|Win32
		{A3E550AD-6D54-44F9-A475-4BD0719A53C9}.Release|x64.ActiveCfg = Release|x64
		{A3E550AD-6D54-44F9-A475-4BD0719A53C9}.Release|x64.Build.0 = Release|x64
		{A3E550AD-6D54-44F9-A475-4BD0719A53C9}.Release|x86.ActiveCfg = Release|Win32
		{A3E550AD-6D54-44F9-A475-4BD0719A53C9}.Release|x86.Build.0 = Release|Win32
		{4B2602F6-0AA6-47FC-BDF3-7557F07FC537}.Debug|x64.ActiveCfg = Debug|x64
		{4B2602F6-0AA6-47FC-BDF3-7557F07FC537}.Debug|x64.Build.0 = Debug|x64
		{4B2602F6-0AA6-47FC-BDF3-7557F07FC537}.Debug|x86.ActiveCfg = Debug|Win32
		{4B2602F6-0AA6-47FC-BDF3-7557F07FC537}.Debug|x86.Build.0 = Debug|Win32
		{4B2602F6-0AA6-47FC-BDF3-7557F07FC537}.Release|x64.ActiveCfg = Release|x64
		{4B2602F6-0AA6-47FC-BDF3-7557F07FC537}.Release|x64.Build.0 = Release|x64
		{4B2602F6-0AA6-47FC-BDF3-7557F07FC537}.Release|x86.ActiveCfg = Release|Win32
		{4B2602F6-0AA6-47FC-BDF3-7557F07FC537}.Release|x86.Build.0 = Release|Win32
		{D78597AA-CD0E-4331-9D10-0CC7CF6B4788}.Debug|x64.ActiveCfg = Debug|x64
		{D78597AA-CD0E-4331-9D10-0CC7CF6B4788}.Debug|x64.Build.0 = Debug|x64
		{D78597AA-CD0E-4331-9D10-0CC7CF6B4788}.Debug|x86.ActiveCfg = Debug|Win32
		{D78597AA-CD0E-4331-9D10-0CC7CF6B4788}.Debug|x86.Build.0 = Debug|Win32
		{D78597AA-CD0E-4331-9D10-0CC7CF6B4788}.Release|x64.ActiveCfg = Release|x64
		{D78597AA-CD0E-4331-9D10-0CC7CF6B4788}.Release|x64.Build.0 = Release|x64
		{D78597AA-CD0E-4331-9D10-0CC7CF6B4788}.Release|x86.ActiveCfg = Release|Win32
		{D78597AA-CD0E-4331-9D10-0CC7CF6B4788}.Release|x86.Build.0 = Release|Win32
		{22B28BDA-3B0D-4566-A248-E71581C81B8B}.Debug|x64.ActiveCfg = Debug|x64
		{22B28BDA-3B0D-4566-A248-E71581C81B8B}.Debug|x64.Build.0 = Debug|x64
		{22B28BDA-3B0D-4566-A248-E71581C81B8B}.Debug|x86.ActiveCfg = Debug|Win32
		{22B28BDA-3B0D-4566-A248-E71581C81B8B}.Debug|x86.Build.0 = Debug|Win32
		{22B28BDA-3B0D-4566-A248-E71581C81B8B}.Release|x64.ActiveCfg = Release|x64
		{22B28BDA-3B0D-4566-A248-E71581C81B8B}.Release|x64.Build.0 = Release|x64
		{22B28BDA-3B0D-4566-A248-E71581C81B8B}.Release|x86.ActiveCfg = Release|Win32
		{22B28BDA-3B0D-4566-A248-E71581C81B8B}.Release|x86.Build.0 = Release|Win32
		{061AD5A6-CD52-40D9-B4FF-A0CC8B35DEFF}.Debug|x64.ActiveCfg = Debug|x64
		{061AD5A6-CD52-40D9-B4FF-A0CC8B35DEFF}.Debug|x64.Build.0 = Debug|x64
		{061AD5A6-CD52-40D9-B4FF-A0CC8B35DEFF}.Debug|x86.ActiveCfg = Debug|Win32
		{061AD5A6-CD52-40D9-B4FF-A0CC8B35DEFF}.Debug|x86.Build.0 = Debug|Win32
		{061AD5A6-CD52-40D9-B4FF-A0CC8B35DEFF}.Release|x64.ActiveCfg = Release|x64
		{061AD5A6-CD52-40D9-B4FF-A0CC8B35DEFF}.Release|x64.Build.0 = Release|x64
		{061AD5A6-CD52-40D9-B4FF-A0CC8B35DEFF}.Release|x86.ActiveCfg = Release|Win32
		{061AD5A6-CD52-40D9-B4FF-A0CC8B35DEFF}.Release|x86.Build.0 = Release|Win32
		{5FADA3AE-0D0C-4E95-9DC1-27562CF14DF9}.Debug|x64.ActiveCfg = Debug|x64
		{5FADA3AE-0D0C-4E95-9DC1-27562CF14DF9}.Debug|x64.Build.0 = Debug|x64
		{5FADA3AE-0D0C-4E95-9DC1-27562CF14DF9}.Debug|x86.ActiveCfg = Debug|Win32
		{5FADA3AE-0D0C-4E95-9DC1-27562CF14DF9}.Debug|x86.Build.0 = Debug|Win32
		{5FADA3AE-0D0C-4E95-9DC1-27562CF14DF9}.Release|x64.ActiveCfg = Release|x64
		{5FADA3AE-0D0C-4E95-9DC1-27562CF14DF9}.Release|x64.Build.0 = Release|x64
		{5FADA3AE-0D0C-4E95-9DC1-27562CF14DF9}.Release|x86.ActiveCfg = Release|Win32
		{5FADA3AE-0D0C-4E95-9DC1-27562CF14DF9}.Release|x86.Build.0 = Release|Win32
		{85D3557F-17C4-44BF-A856-9188349EDE67}.Debug|x64.ActiveCfg = Debug|x64
		{85D3557F-17C4-44BF-A856-9188349EDE67}.Debug|x64.Build.0 = Debug|x64
		{85D3557F-17C4-44BF-A856-9188349EDE67}.Debug|x86.ActiveCfg = Debug|Win32
		{85D3557F-17C4-44BF-A856-9188349EDE67}.Debug|x86.Build.0 = Debug|Win32
		{85D3557F-17C4-44BF-A856-9188349EDE67}.Release|x64.ActiveCfg = Release|x64
		{85D3557F-17C4-44BF-A856-9188349EDE67}.Release|x64.Build.0 = Release|x64
		{85D3557F-17C4-44BF-A856-9188349EDE67}.Release|x86.ActiveCfg = Release|Win32
		{85D3557F-17C4-44BF-A856-9188349EDE67}.Release|x86.Build.0 = Release|Win32
		{4263C106-0ECD-4D46-AFE6-3C2468D9D7AC}.Debug|x64.ActiveCfg = Debug|x64
		{4263C106-0ECD-4D46-AFE6-3C2468D9D7AC}.Debug|x64.Build.0 = Debug|x64
		{4263C106-0ECD-4D46-AFE6-3C2468D9D7AC}.Debug|x86.ActiveCfg = Debug|Win32
		{4263C106-0ECD-4D46-AFE6-3C2468D9D7AC}.Debug|x86.Build.0 = Debug|Win32
		{4263C106-0ECD-4D46-AFE6-3C2468D9D7AC}.Release|x64.ActiveCfg = Release|x64
		{4263C106-0ECD-4D46-AFE6-3C2468D9D7AC}.Release|x64.Build.0 = Release|x64
		{4263C106-0ECD-4D46-AFE6-3C2468D9D7AC}.Release|x86.ActiveCfg = Release|Win32
		{4263C106-0ECD-4D46-AFE6-3C2468D9D7AC}.Release|x86.Build.0 = Release|Win32
		{93216372-D8A6-43A1-A867-5C02B156BDF8}.Debug|x64.ActiveCfg = Debug|x64
		{93216372-D8A6-43A1-A867-5C02B156BDF8}.Debug|x64.Build.0 = Debug|x64
		{93216372-D8A6-43A1-A867-5C02B156BDF8}.Debug|x86.ActiveCfg = Debug|Win32
		{93216372-D8A6-43A1-A867-5C02B156BDF8}.Debug|x86.Build.0 = Debug|Win32
		{93216372-D8A6-43A1-A867-5C02B156BDF8}.Release|x64.ActiveCfg = Release|x64
		{93216372-D8A6-43A1-A867-5C02B156BDF8}.Release|x64.Build.0 = Release|x64
		{93216372-D8A6-43A1-A867-5C02B156BDF8}.Release|x86.ActiveCfg = Release|Win32
		{93216372-D8A6-43A1-A867-5C02B156BDF8}.Release|x86.Build.0 = Release|Win32
		{9F404E18-E1BA-4A98-B4B8-D38938A2F077}.Debug|x64.ActiveCfg = Debug|x64
		{9F404E18-E1BA-4A98-B4B8-D38938A2F077}.Debug|x64.Build.0 = Debug|x64
		{9F404E18-E1BA-4A98-B4B8-D38938A2F077}.Debug|x86.ActiveCfg = Debug|Win32
		{9F404E18-E1BA-4A98-B4B8-D38938A2F077}.Debug|x86.Build.0 = Debug|Win32
		{9F404E18-E1BA-4A98-B4B8-D38938A2F077}.Release|x64.ActiveCfg = Release|x64
		{9F404E18-E1BA-4A98-B4B8-D38938A2F077}.Release|x64.Build.0 = Release|x64
		{9F404E18-E1BA-4A98-B4B8-D38938A2F077}.Release|x86.ActiveCfg = Release|Win32
		{9F404E18-E1BA-4A98-B4B8-D38938A2F077}.Release|x86.Build.0 = Release|Win32
		{0B3123EB-E769-47E4-A216-E274D9C5807F}.Debug|x64.ActiveCfg = Debug|x64
		{0B3123EB-E769-47E4-A216-E274D9C5807F}.Debug|x64.Build.0 = Debug|x64
		{0B3123EB-E769-47E4-A216-E274D9C5807F}.Debug|x86.ActiveCfg = Debug|Win32
		{0B3123EB-E769-47E4-A216-E274D9C5807F}.Debug|x86.Build.0 = Debug|Win32
		{0B3123EB-E769-47E4-A216-E274D9C5807F}.Release|x64.ActiveCfg = Release|x64
		{0B3123EB-E769-47E4-A216-E274D9C5807F}.Release|x64.Build.0 = Release|x64
		{0B3123EB-E769-47E4-A216-E274D9C5807F}.Release|x86.ActiveCfg = Release|Win32
		{0B3123EB-E769-47E4-A216-E274D9C5807F}.Release|x86.Build.0 = Release|Win32
		{60179231-ECFA-4D4D-8690-5DC6299EAABD}.Debug|x64.ActiveCfg = Debug|x64
		{60179231-ECFA-4D4D-8690-5DC6299EAABD}.Debug|x64.Build.0 = Debug|x64
		{60179231-ECFA-4D4D-8690-5DC6299EAABD}.Debug|x86.ActiveCfg = Debug|Win32
		{60179231-ECFA-4D4D-8690-5DC6299EAABD}.Debug|x86.Build.0 = Debug|Win32
		{60179231-ECFA-4D4D-8690-5DC6299EAABD}.Release|x64.ActiveCfg = Release|x64
		{60179231-ECFA-4D4D-8690-5DC6299EAABD}.Release|x64.Build.0 = Release|x64
		{60179231-ECFA-4D4D-8690-5DC6299EAABD}.Release|x86.ActiveCfg = Release|Win32
		{60179231-ECFA-4D4D-8690-5DC6299EAABD}.Release|x86.Build.0 = Release|Win32
		{60C93BFB-296C-4D78-A743-B6F1A3902897}.Debug|x64.ActiveCfg = Debug|x64
		{60C93BFB-296C-4D78-A743-B6F1A3902897}.Debug|x64.Build.0 = Debug|x64
		{60C93BFB-296C-4D78-A743-B6F1A3902897}.Debug|x86.ActiveCfg = Debug|Win32
		{60C93BFB-296C-4D78-A743-B6F1A3902897}.Debug|x86.Build.0 = Debug|Win32
		{60C93BFB-296C-4D78-A743-B6F1A3902897}.Release|x64.ActiveCfg = Release|x64
		{60C93BFB-296C-4D78-A743-B6F1A3902897}.Release|x64.Build.0 = Release|x64
		{60C93BFB-296C-4D78-A743-B6F1A3902897}.Release|x86.ActiveCfg = Release|Win32
		{60C93BFB-296C-4D78-A743-B6F1A3902897}.Release|x86.Build.0 = Release|Win32
		{3E4ADE44-4CB4-4A57-9CB1-A357AA09A85C}.Debug|x64.ActiveCfg = Debug|x64
		{3E4ADE44-4CB4-4A57-9CB1-A357AA09A85C}.Debug|x64.Build.0 = Debug|x64
		{3E4ADE44-4CB4-4A57-9CB1-A357AA09A85C}.Debug|x86.ActiveCfg = Debug|Win32
		{3E4ADE44-4CB4-4A57-9CB1-A357AA09A85C}.Debug|x86.Build.0 = Debug|Win32
		{3E4ADE44-4CB4-4A57-9CB1-A357AA09A85C}.Release|x64.ActiveCfg = Release|x64
		{3E4ADE44-4CB4-4A57-9CB1-A357AA09A85C}.Release|x64.Build.0 = Release|x64
		{3E4ADE44-4CB4-4A57-9CB1-A357AA09A85C}.Release|x86.ActiveCfg = Release|Win32
		{3E4ADE44-4CB4-4A57-9CB1-A357AA09A85C}.Release|x86.Build.0 = Release|Win32
		{864738EE-1C4E-47AC-852D-101852E36D6C}.Debug|x64.ActiveCfg = Debug|x64
		{864738EE-1C4E-47AC-852D-101852E36D6C}.Debug|x64.Build.0 = Debug|x64
		{864738EE-1C4E-47AC-852D-101852E36D6C}.Debug|x86.ActiveCfg = Debug|Win32
		{864738EE-1C4E-47AC-852D-101852E36D6C}.Debug|x86.Build.0 = Debug|Win32
		{864738EE-1C4E-47AC-852D-101852E36D6C}.Release|x64.ActiveCfg = Release|x64
		{864738EE-1C4E-47AC-852D-101852E36D6C}.Release|x64.Build.0 = Release|x64
		{864738EE-1C4E-47AC-852D-101852E36D6C}.Release|x86.ActiveCfg = Release|Win32
		{864738EE-1C4E-47AC-852D-101852E36D6C}.Release|x86.Build.0 = Release|Win32
		{35672413-5F61-46A4-AB27-93500B19D9DE}.Debug|x64.ActiveCfg = Debug|x64
		{35672413-5F61-46A4-AB27-93500B19D9DE}.Debug|x64.Build.0 = Debug|x64
		{35672413-5F61-46A4-AB27-93500B19D9DE}.Debug|x86.ActiveCfg = Debug|Win32
		{35672413-5F61-46A4-AB27-93500B19D9DE}.Debug|x86.Build.0 = Debug|Win32
		{35672413-5F61-46A4-AB27-93500B19D9DE}.Release|x64.ActiveCfg = Release|x64
		{35672413-5F61-46A4-AB27-93500B19D9DE}.Release|x64.Build.0 = Release|x64
		{35672413-5F61-46A4-AB27-93500B19D9DE}.Release|x86.ActiveCfg = Release|Win32
		{35672413-5F61-46A4-AB27-93500B19D9DE}.Release|x86.Build.0 = Release|Win32
		{135CB6D9-29A6-4061-9F5F-6DA9E801CF5F}.Debug|x64.ActiveCfg = Debug|x64
		{135CB6D9-29A6-4061-9F5F-6DA9E801CF5F}.Debug|x64.Build.0 = Debug|x64
		{135CB6D9-29A6-4061-9F5F-6DA9E801CF5F}.Debug|x86.ActiveCfg = Debug|Win32
		{135CB6D9-29A6-4061-9F5F-6DA9E801CF5F}.Debug|x86.Build.0 = Debug|Win32
		{135CB6D9-29A6-4061-9F5F-6DA9E801CF5F}.Release|x64.ActiveCfg = Release|x64
		{135CB6D9-29A6-4061-9F5F-6DA9E801CF5F}.Release|x64.Build.0 = Release|x64
		{135CB6D9-29A6-4061-9F5F-6DA9E801CF5F}.Release|x86.ActiveCfg = Release|Win32
		{135CB6D9-29A6-4061-9F5F-6DA9E801CF5F}.Release|x86.Build.0 = Release|Win32
		{4CD97346-FB57-462B-82AD-401AE3D9E520}.Debug|x64.ActiveCfg = Debug|x64
		{4CD97346-FB57-462B-82AD-401AE3D9E520}.Debug|x64.Build.0 = Debug|x64
		{4CD97346-FB57-462B-82AD-401AE3D9E520}.Debug|x86.ActiveCfg = Debug|Win32
		{4CD97346-FB57-462B-82AD-401AE3D9E520}.Debug|x86.Build.0 = Debug|Win32
		{4CD97346-FB57-462B-82AD-401AE3D9E520}.Release|x64.ActiveCfg = Release|x64
		{4CD97346-FB57-462B-82AD-401AE3D9E520}.Release|x64.Build.0 = Release|x64
		{4CD97346-FB57-462B-82AD-401AE3D9E520}.Release|x86.ActiveCfg = Release|Win32
		{4CD97346-FB57-462B-82AD-401AE3D9E520}.Release|x86.Build.0 = Release|Win32
		{BAA639F3-8479-46CC-8178-EA7986D37572}.Debug|x64.ActiveCfg = Debug|x64
		{BAA639F3-8479-46CC-8178-EA7986D37572}.Debug|x64.Build.0 = Debug|x64
		{BAA639F3-8479-46CC-8178-EA7986D37572}.Debug|x86.ActiveCfg = Debug|Win32
		{BAA639F3-8479-46CC-8178-EA7986D37572}.Debug|x86.Build.0 = Debug|Win32
		{BAA639F3-8479-46CC-8178-EA7986D37572}.Release|x64.ActiveCfg = Release|x64
		{BAA639F3-8479-46CC-8178-EA7986D37572}.Release|x64.Build.0 = Release|x64
		{BAA639F3-8479-46CC-8178-EA7986D37572}.Release|x86.ActiveCfg = Release|Win32
		{BAA639F3-8479-46CC-8178-EA7986D37572}.Release|x86.Build.0 = Release|Win32
		{34C66792-3282-48B9-A2BB-2C9F7C43DD36}.Debug|x64.ActiveCfg = Debug|x64
		{34C66792-3282-48B9-A2BB-2C9F7C43DD36}.Debug|x64.Build.0 = Debug|x64
		{34C66792-3282-48B9-A2BB-2C9F7C43DD36}.Debug|x86.ActiveCfg = Debug|Win32
		{34C66792-3282-48B9-A2BB-2C9F7C43DD36}.Debug|x86.Build.0 = Debug|Win32
		{34C66792-3282-48B9-A2BB-2C9F7C43DD36}.Release|x64.ActiveCfg = Release|x64
		{34C66792-3282-48B9-A2BB-2C9F7C43DD36}.Release|x64.Build.0 = Release|x64
		{34C66792-3282-48B9-A2BB-2C9F7C43DD36}.Release|x86.ActiveCfg = Release|Win32
		{34C66792-3282-48B9-A2BB-2C9F7C43DD36}.Release|x86.Build.0 = Release|Win32
		{AB41C4B4-D74C-43CA-BDFE-791301774096}.Debug|x64.ActiveCfg = Debug|x64
		{AB41C4B4-D74C-43CA-BDFE-791301774096}.Debug|x64.Build.0 = Debug|x64
		{AB41C4B4-D74C-43CA-BDFE-791301774096}.Debug|x86.ActiveCfg = Debug|Win32
		{AB41C4B4-D74C-43CA-BDFE-791301774096}.Debug|x86.Build.0 = Debug|Win32
		{AB41C4B4-D74C-43CA-BDFE-791301774096}.Release|x64.ActiveCfg = Release|x64
		{AB41C4B4-D74C-43CA-BDFE-791301774096}.Release|x64.Build.0 = Release|x64
		{AB41C4B4-D74C-43CA-BDFE-791301774096}.Release|x86.ActiveCfg = Release|Win32
		{AB41C4B4-D74C-43CA-BDFE-791301774096}.Release|x86.Build.0 = Release|Win32
		{9FD70986-3F1C-42BF-9539-062B61BCDEA3}.Debug|x64.ActiveCfg = Debug|x64
		{9FD70986-3F1C-42BF-9539-062B61BCDEA3}.Debug|x64.Build.0 = Debug|x64
		{9FD70986-3F1C-42BF-9539-062B61BCDEA3}.Debug|x86.ActiveCfg = Debug|Win32
		{9FD70986-3F1C-42BF-9539-062B61BCDEA3}.Debug|x86.Build.0 = Debug|Win32
		{9FD70986-3F1C-42BF-9539-062B61BCDEA3}.Release|x64.ActiveCfg = Release|x64
		{9FD70986-3F1C-42BF-9539-062B61BCDEA3}.Release|x64.Build.0 = Release|x64
		{9FD70986-3F1C-42BF-9539-062B61BCDEA3}.Release|x86.ActiveCfg = Release|Win32
		{9FD70986-3F1C-42BF-9539-062B61BCDEA3}.Release|x86.Build.0 = Release|Win32
		{7B5CA3BA-7D89-4072-A0B3-A93C6E636774}.Debug|x64.ActiveCfg = Debug|x64
		{7B5CA3BA-7D89-4072-A0B3-A93C6E636774}.Debug|x64.Build.0 = Debug|x64
		{7B5CA3BA-7D89-4072-A0B3-A93C6E636774}.Debug|x86.ActiveCfg = Debug|Win32
		{7B5CA3BA-7D89-4072-A0B3-A93C6E636774}.Debug|x86.Build.0 = Debug|Win32
		{7B5CA3BA-7D89-4072-A0B3-A93C6E636774}.Release|x64.ActiveCfg = Release|x64
		{7B5CA3BA-7D89-4072-A0B3-A93C6E636774}.Release|x64.Build.0 = Release|x64
		{7B5CA3BA-7D89-4072-A0B3-A93C6E636774}.Release|x86.ActiveCfg = Release|Win32
		{7B5CA3BA-7D89-4072-A0B3-A93C6E636774}.Release|x86.Build.0 = Release|Win32
		{FB6D6C2A-2E2C-4603-82F2-AF63797EF911}.Debug|x64.ActiveCfg = Debug|x64
		{FB6D6C2A-2E2C-4603-82F2-AF63797EF911}.Debug|x64.Build.0 = Debug|x64
		{FB6D6C2A-2E2C-4603-82F2-AF63797EF911}.Debug|x86.ActiveCfg = Debug|Win32
		{FB6D6C2A-2E2C-4603-82F2-AF63797EF911}.Debug|x86.Build.0 = Debug|Win32
		{FB6D6C2A-2E2C-4603-82F2-AF63797EF911}.Release|x64.ActiveCfg = Release|x64
		{FB6D6C2A-2E2C-4603-82F2-AF63797EF911}.Release|x64.Build.0 = Release|x64
		{FB6D6C2A-2E2C-4603-82F2-AF63797EF911}.Release|x86.ActiveCfg = Release|Win32
		{FB6D6C2A-2E2C-4603-82F2-AF63797EF911}.Release|x86.Build.0 = Release|Win32
		{018145B0-88B8-411E-ABFC-3ACE4235D964}.Debug|x64.ActiveCfg = Debug|x64
		{018145B0-88B8-411E-ABFC-3ACE4235D964}.Debug|x64.Build.0 = Debug|x64
		{018145B0-88B8-411E-ABFC-3ACE4235D964}.Debug|x86.ActiveCfg = Debug|Win32
		{018145B0-88B8-411E-ABFC-3ACE4235D964}.Debug|x86.Build.0 = Debug|Win32
		{018145B0-88B8-411E-ABFC-3ACE4235D964}.Release|x64.ActiveCfg = Release|x64
		{018145B0-88B8-411E-ABFC-3ACE4235D964}.Release|x64.Build.0 = Release|x64
		{018145B0-88B8-411E-ABFC-3ACE4235D964}.Release|x86.ActiveCfg = Release|Win32
		{018145B0-88B8-411E-ABFC-3ACE4235D964}.Release|x86.Build.0 = Release|Win32
		{DA92EF80-54CB-4DFD-8DEA-54BD04477E76}.Debug|x64.ActiveCfg = Debug|x64
		{DA92EF80-54CB-4DFD-8DEA-54BD04477E76}.Debug|x64.Build.0 = Debug|x64
		{DA92EF80-54CB-4DFD-8DEA-54BD04477E76}.Debug|x86.ActiveCfg = Debug|Win32
		{DA92EF80-54CB-4DFD-8DEA-54BD04477E76}.Debug|x86.Build.0 = Debug|Win32
		{DA92EF80-54CB-4DFD-8DEA-54BD04477E76}.Release|x64.ActiveCfg = Release|x64
		{DA92EF80-54CB-4DFD-8DEA-54BD04477E76}.Release|x64.Build.0 = Release|x64
		{DA92EF80-54CB-4DFD-8DEA-54BD04477E76}.Release|x86.ActiveCfg = Release|Win32
		{DA92EF80-54CB-4DFD-8DEA-54BD04477E76}.Release|x86.Build.0 = Release|Win32
		{CE74A429-B539-4DD3-97AF-553E64B91ECB}.Debug|x64.ActiveCfg = Debug|x64
		{CE74A429-B539-4DD3-97AF-553E64B91ECB}.Debug|x64.Build.0 = Debug|x64
		{CE74A429-B539-4DD3-97AF-553E64B91ECB}.Debug|x86.ActiveCfg = Debug|Win32
		{CE74A429-B539-4DD3-97AF-553E64B91ECB}.Debug|x86.Build.0 = Debug|Win32
		{CE74A429-B539-4DD3-97AF-553E64B91ECB}.Release|x64.ActiveCfg = Release|x64
		{CE74A429-B539-4DD3-97AF-553E64B91ECB}.Release|x64.Build.0 = Release|x64
		{CE74A429-B539-4DD3-97AF-553E64B91ECB}.Release|x86.ActiveCfg = Release|Win32
		{CE74A429-B539-4DD3-97AF-553E64B91ECB}.Release|x86.Build.0 = Release|Win32
	EndGlobalSection
	GlobalSection(SolutionProperties) = preSolution
		HideSolutionNode = FALSE
	EndGlobalSection
	GlobalSection(ExtensibilityGlobals) = postSolution
		SolutionGuid = {3AD47F58-B2AD-4BEB-B9AD-449516C56CB0}
	EndGlobalSection
EndGlobal
