
Microsoft Visual Studio Solution File, Format Version 12.00
# Visual Studio 15
VisualStudioVersion = 15.0.28307.1267
MinimumVisualStudioVersion = 10.0.40219.1
Project("{8BC9CEB8-8B4A-11D0-8D11-00A0C91BC942}") = "Algorithm", "Algorithm\Algorithm.vcxproj", "{D354E2AA-E522-44F9-800A-CFD76A06D9ED}"
EndProject
Project("{8BC9CEB8-8B4A-11D0-8D11-00A0C91BC942}") = "5086", "5086\5086.vcxproj", "{C83537E8-052A-4DC8-8419-CC751BA7AF79}"
EndProject
Project("{8BC9CEB8-8B4A-11D0-8D11-00A0C91BC942}") = "1037", "1037\1037.vcxproj", "{50FEA5A9-B1AB-46E2-8D9A-6D88DB9D3C0D}"
EndProject
Project("{8BC9CEB8-8B4A-11D0-8D11-00A0C91BC942}") = "11653", "11653\11653.vcxproj", "{AB6E252E-9404-4FDE-AC54-E7BE1F739A6D}"
EndProject
Project("{8BC9CEB8-8B4A-11D0-8D11-00A0C91BC942}") = "2609", "2609\2609.vcxproj", "{2A6104BA-59B8-42C6-9840-FDCC04A49245}"
EndProject
Project("{8BC9CEB8-8B4A-11D0-8D11-00A0C91BC942}") = "2981", "2981\2981.vcxproj", "{013B3452-0ABD-47F6-B426-25C1B3369E3A}"
EndProject
Project("{8BC9CEB8-8B4A-11D0-8D11-00A0C91BC942}") = "3036", "3036\3036.vcxproj", "{ADA2305C-B361-4ACD-A658-2B9C4D40BCD3}"
EndProject
Project("{8BC9CEB8-8B4A-11D0-8D11-00A0C91BC942}") = "11050", "11050\11050.vcxproj", "{F0F77A26-108E-489E-B3BA-C4DAE3140A90}"
EndProject
Project("{8BC9CEB8-8B4A-11D0-8D11-00A0C91BC942}") = "11051", "11051\11051.vcxproj", "{A7849854-0C09-4BF5-B05A-D7AB622C850E}"
EndProject
Project("{8BC9CEB8-8B4A-11D0-8D11-00A0C91BC942}") = "1012", "1012\1012.vcxproj", "{3629E9F9-5D11-4BE8-B4E1-C0B18C339DC5}"
EndProject
Project("{8BC9CEB8-8B4A-11D0-8D11-00A0C91BC942}") = "1712", "1712\1712.vcxproj", "{2E5BC4DE-7A82-49D1-B0EA-356804ECD4CC}"
EndProject
Project("{8BC9CEB8-8B4A-11D0-8D11-00A0C91BC942}") = "1931", "1931\1931.vcxproj", "{D153B227-B353-4787-8755-1A4DCEC8FF32}"
EndProject
Project("{8BC9CEB8-8B4A-11D0-8D11-00A0C91BC942}") = "2775", "2775\2775.vcxproj", "{5D8AC922-B9C8-4A89-A795-7F738EDFA444}"
EndProject
Project("{8BC9CEB8-8B4A-11D0-8D11-00A0C91BC942}") = "3079", "3079\3079.vcxproj", "{FB4270B6-6CC4-4D8E-B0DE-FB6AFF4F6BBB}"
EndProject
Project("{8BC9CEB8-8B4A-11D0-8D11-00A0C91BC942}") = "10250", "10250\10250.vcxproj", "{188F28A6-FD57-4593-A7D6-AA2A64DC78E2}"
EndProject
Project("{8BC9CEB8-8B4A-11D0-8D11-00A0C91BC942}") = "15649", "15649\15649.vcxproj", "{B835B3C4-5A1E-48EA-B824-B9ADC0EC4E36}"
EndProject
Project("{8BC9CEB8-8B4A-11D0-8D11-00A0C91BC942}") = "예상대진표", "예상대진표\예상대진표.vcxproj", "{9D2292D6-8E4B-4E5E-AE60-D11BD0EC80E1}"
EndProject
Project("{8BC9CEB8-8B4A-11D0-8D11-00A0C91BC942}") = "level2이진변환반복하기", "이진변환반복하기\이진변환반복하기.vcxproj", "{B6199B88-AA73-4637-A015-1A04334FD2B6}"
EndProject
Project("{8BC9CEB8-8B4A-11D0-8D11-00A0C91BC942}") = "9375", "9375\9375.vcxproj", "{BFCF9486-C8FE-4E75-98FE-F2A5FCFC0AB1}"
EndProject
Project("{8BC9CEB8-8B4A-11D0-8D11-00A0C91BC942}") = "1676", "1676\1676.vcxproj", "{94D623BE-CE5B-4344-8598-40B47EC69E24}"
EndProject
Project("{8BC9CEB8-8B4A-11D0-8D11-00A0C91BC942}") = "2004", "2004\2004.vcxproj", "{15E653BD-B890-4CCE-A306-255884FCF205}"
EndProject
Project("{8BC9CEB8-8B4A-11D0-8D11-00A0C91BC942}") = "18258", "18258\18258.vcxproj", "{900DBFEF-FE04-472A-B6BF-A5D3E148788F}"
EndProject
Project("{8BC9CEB8-8B4A-11D0-8D11-00A0C91BC942}") = "2164", "2164\2164.vcxproj", "{0803F00F-53F1-41B2-8CB2-7A40E7C98404}"
EndProject
Project("{8BC9CEB8-8B4A-11D0-8D11-00A0C91BC942}") = "11866", "11866\11866.vcxproj", "{389B61EF-3405-4D5B-8B6E-FEC91BA50B85}"
EndProject
Project("{8BC9CEB8-8B4A-11D0-8D11-00A0C91BC942}") = "4949", "4949\4949.vcxproj", "{8B3248A1-D5D3-48F4-B2E9-7ACBF18D277C}"
EndProject
Project("{8BC9CEB8-8B4A-11D0-8D11-00A0C91BC942}") = "1874", "1874\1874.vcxproj", "{44C0D9FB-E631-4257-8DFF-2EA9C3599189}"
EndProject
Project("{8BC9CEB8-8B4A-11D0-8D11-00A0C91BC942}") = "1966", "1966\1966.vcxproj", "{38947FD1-7817-4DA9-A2C6-33481F27DE5F}"
EndProject
Project("{8BC9CEB8-8B4A-11D0-8D11-00A0C91BC942}") = "10866", "10866\10866.vcxproj", "{1F838A42-E66F-44D4-A2A5-2C8BC1064922}"
EndProject
Project("{8BC9CEB8-8B4A-11D0-8D11-00A0C91BC942}") = "1021", "1921\1921.vcxproj", "{C9749251-6B4C-4225-A93E-7737FCA3BB1B}"
EndProject
Project("{8BC9CEB8-8B4A-11D0-8D11-00A0C91BC942}") = "5430", "5430\5430.vcxproj", "{D94819D6-A289-49C2-82CE-560645791D06}"
EndProject
Project("{8BC9CEB8-8B4A-11D0-8D11-00A0C91BC942}") = "2630", "2630\2630.vcxproj", "{DB83D97B-073A-4DD1-B38C-911750B7F0FD}"
EndProject
Project("{8BC9CEB8-8B4A-11D0-8D11-00A0C91BC942}") = "1992", "1992\1992.vcxproj", "{224DC1E5-EEE8-4828-8E5F-B7F4DBD5CFB6}"
EndProject
Project("{8BC9CEB8-8B4A-11D0-8D11-00A0C91BC942}") = "1780", "1780\1780.vcxproj", "{8E4A3240-8418-46B7-A305-DEE6BDC6E513}"
EndProject
Project("{8BC9CEB8-8B4A-11D0-8D11-00A0C91BC942}") = "1629", "1629\1629.vcxproj", "{14DEEEB2-9CC8-419C-A9AF-970E0E7FAF6D}"
EndProject
Project("{8BC9CEB8-8B4A-11D0-8D11-00A0C91BC942}") = "11401", "11401\11401.vcxproj", "{2291C8C1-1009-4511-BE8E-5437A29AF7F8}"
EndProject
Project("{8BC9CEB8-8B4A-11D0-8D11-00A0C91BC942}") = "11279", "11279\11279.vcxproj", "{DC8DC238-9264-4915-B6EA-B73A888B8690}"
EndProject
Project("{8BC9CEB8-8B4A-11D0-8D11-00A0C91BC942}") = "11286", "11286\11286.vcxproj", "{7E4A90FD-108F-48CF-ADC2-7BCE61704DE9}"
EndProject
Project("{8BC9CEB8-8B4A-11D0-8D11-00A0C91BC942}") = "1655", "1655\1655.vcxproj", "{A3E550AD-6D54-44F9-A475-4BD0719A53C9}"
EndProject
Project("{8BC9CEB8-8B4A-11D0-8D11-00A0C91BC942}") = "12015", "12015\12015.vcxproj", "{4B2602F6-0AA6-47FC-BDF3-7557F07FC537}"
EndProject
Project("{8BC9CEB8-8B4A-11D0-8D11-00A0C91BC942}") = "2740", "2740\2740.vcxproj", "{D78597AA-CD0E-4331-9D10-0CC7CF6B4788}"
EndProject
Project("{8BC9CEB8-8B4A-11D0-8D11-00A0C91BC942}") = "10989", "10989\10989.vcxproj", "{22B28BDA-3B0D-4566-A248-E71581C81B8B}"
EndProject
Project("{8BC9CEB8-8B4A-11D0-8D11-00A0C91BC942}") = "2108", "2108\2108.vcxproj", "{061AD5A6-CD52-40D9-B4FF-A0CC8B35DEFF}"
EndProject
Project("{8BC9CEB8-8B4A-11D0-8D11-00A0C91BC942}") = "1427", "1427\1427.vcxproj", "{5FADA3AE-0D0C-4E95-9DC1-27562CF14DF9}"
EndProject
Project("{8BC9CEB8-8B4A-11D0-8D11-00A0C91BC942}") = "11650", "11650\11650.vcxproj", "{85D3557F-17C4-44BF-A856-9188349EDE67}"
EndProject
Project("{8BC9CEB8-8B4A-11D0-8D11-00A0C91BC942}") = "11651", "11651\11651.vcxproj", "{4263C106-0ECD-4D46-AFE6-3C2468D9D7AC}"
EndProject
Project("{8BC9CEB8-8B4A-11D0-8D11-00A0C91BC942}") = "1181", "1181\1181.vcxproj", "{93216372-D8A6-43A1-A867-5C02B156BDF8}"
EndProject
Project("{8BC9CEB8-8B4A-11D0-8D11-00A0C91BC942}") = "10814", "10814\10814.vcxproj", "{9F404E18-E1BA-4A98-B4B8-D38938A2F077}"
EndProject
Project("{8BC9CEB8-8B4A-11D0-8D11-00A0C91BC942}") = "level3디스크컨트롤러", "level3디스크컨트롤러\level3디스크컨트롤러.vcxproj", "{0B3123EB-E769-47E4-A216-E274D9C5807F}"
EndProject
Project("{8BC9CEB8-8B4A-11D0-8D11-00A0C91BC942}") = "1904", "1904\1904.vcxproj", "{60179231-ECFA-4D4D-8690-5DC6299EAABD}"
EndProject
Project("{8BC9CEB8-8B4A-11D0-8D11-00A0C91BC942}") = "2178", "2178\2178.vcxproj", "{60C93BFB-296C-4D78-A743-B6F1A3902897}"
EndProject
Project("{8BC9CEB8-8B4A-11D0-8D11-00A0C91BC942}") = "1260", "1260\1260.vcxproj", "{3E4ADE44-4CB4-4A57-9CB1-A357AA09A85C}"
EndProject
Project("{8BC9CEB8-8B4A-11D0-8D11-00A0C91BC942}") = "level2영어끝말잇기", "level2영어끝말잇기\level2영어끝말잇기.vcxproj", "{864738EE-1C4E-47AC-852D-101852E36D6C}"
EndProject
Project("{8BC9CEB8-8B4A-11D0-8D11-00A0C91BC942}") = "level2수식최대화", "level2수식최대화\level2수식최대화.vcxproj", "{35672413-5F61-46A4-AB27-93500B19D9DE}"
EndProject
Project("{8BC9CEB8-8B4A-11D0-8D11-00A0C91BC942}") = "15650", "15650\15650.vcxproj", "{135CB6D9-29A6-4061-9F5F-6DA9E801CF5F}"
EndProject
Project("{8BC9CEB8-8B4A-11D0-8D11-00A0C91BC942}") = "15651", "15651\15651.vcxproj", "{4CD97346-FB57-462B-82AD-401AE3D9E520}"
EndProject
Project("{8BC9CEB8-8B4A-11D0-8D11-00A0C91BC942}") = "15652", "15652\15652.vcxproj", "{BAA639F3-8479-46CC-8178-EA7986D37572}"
EndProject
Project("{8BC9CEB8-8B4A-11D0-8D11-00A0C91BC942}") = "9663", "9663\9663.vcxproj", "{34C66792-3282-48B9-A2BB-2C9F7C43DD36}"
EndProject
Project("{8BC9CEB8-8B4A-11D0-8D11-00A0C91BC942}") = "2580", "2580\2580.vcxproj", "{AB41C4B4-D74C-43CA-BDFE-791301774096}"
EndProject
Project("{8BC9CEB8-8B4A-11D0-8D11-00A0C91BC942}") = "14888", "14888\14888.vcxproj", "{9FD70986-3F1C-42BF-9539-062B61BCDEA3}"
EndProject
Project("{8BC9CEB8-8B4A-11D0-8D11-00A0C91BC942}") = "14889", "14889\14889.vcxproj", "{7B5CA3BA-7D89-4072-A0B3-A93C6E636774}"
EndProject
Project("{8BC9CEB8-8B4A-11D0-8D11-00A0C91BC942}") = "9461", "9461\9461.vcxproj", "{FB6D6C2A-2E2C-4603-82F2-AF63797EF911}"
EndProject
Project("{8BC9CEB8-8B4A-11D0-8D11-00A0C91BC942}") = "1149", "1149\1149.vcxproj", "{018145B0-88B8-411E-ABFC-3ACE4235D964}"
EndProject
Project("{8BC9CEB8-8B4A-11D0-8D11-00A0C91BC942}") = "1932", "1932\1932.vcxproj", "{DA92EF80-54CB-4DFD-8DEA-54BD04477E76}"
EndProject
Project("{8BC9CEB8-8B4A-11D0-8D11-00A0C91BC942}") = "2579", "2579\2579.vcxproj", "{CE74A429-B539-4DD3-97AF-553E64B91ECB}"
EndProject
Project("{8BC9CEB8-8B4A-11D0-8D11-00A0C91BC942}") = "1463", "1463\1463.vcxproj", "{C6B8372C-7CA7-4231-8536-FD412521CED4}"
EndProject
Project("{8BC9CEB8-8B4A-11D0-8D11-00A0C91BC942}") = "1914", "1914\1914.vcxproj", "{89EC3E0A-0958-45E3-9435-853692CEF18F}"
EndProject
Project("{8BC9CEB8-8B4A-11D0-8D11-00A0C91BC942}") = "10844", "10844\10844.vcxproj", "{CBB7DFE7-C9C1-40E1-8B4F-8D50A814119D}"
EndProject
Project("{8BC9CEB8-8B4A-11D0-8D11-00A0C91BC942}") = "2156", "2156\2156.vcxproj", "{1444800F-DAD6-4D45-BE32-C87946ADCDC4}"
EndProject
Project("{8BC9CEB8-8B4A-11D0-8D11-00A0C91BC942}") = "11047", "11047\11047.vcxproj", "{557CF5FC-2FBE-4F47-BD48-BACB337C1C77}"
EndProject
Project("{8BC9CEB8-8B4A-11D0-8D11-00A0C91BC942}") = "11399", "11399\11399.vcxproj", "{A24E982F-CE06-4942-B811-F325283B5FAA}"
EndProject
Project("{8BC9CEB8-8B4A-11D0-8D11-00A0C91BC942}") = "1541", "1541\1541.vcxproj", "{1E7E0A5C-F33C-45D0-9DB5-CCA76FC5E1DE}"
EndProject
Project("{8BC9CEB8-8B4A-11D0-8D11-00A0C91BC942}") = "13023", "13023\13023.vcxproj", "{D52D48DF-9D94-4A0B-875B-EEA22E65840E}"
EndProject
Project("{8BC9CEB8-8B4A-11D0-8D11-00A0C91BC942}") = "7576", "7576\7576.vcxproj", "{CE312CF7-9916-485D-960D-D6F84B43C975}"
EndProject
Project("{8BC9CEB8-8B4A-11D0-8D11-00A0C91BC942}") = "11724", "11724\11724.vcxproj", "{6B22A136-81A0-4C89-AC94-43E5482B6B67}"
EndProject
Project("{8BC9CEB8-8B4A-11D0-8D11-00A0C91BC942}") = "4963", "4963\4963.vcxproj", "{D882296B-F4D9-4550-A968-0BE2B3C9C6EA}"
EndProject
Project("{8BC9CEB8-8B4A-11D0-8D11-00A0C91BC942}") = "11558", "11558\11558.vcxproj", "{2033A9E4-3617-4453-9391-4477FF5842CE}"
EndProject
Project("{8BC9CEB8-8B4A-11D0-8D11-00A0C91BC942}") = "1753", "1753\1753.vcxproj", "{F469AECA-9FF5-4447-93F6-4470A8DE4EBE}"
EndProject
Project("{8BC9CEB8-8B4A-11D0-8D11-00A0C91BC942}") = "1924", "1924\1924.vcxproj", "{6B74F108-C782-40DD-8B50-A7EC8B1E3625}"
EndProject
Project("{8BC9CEB8-8B4A-11D0-8D11-00A0C91BC942}") = "10815", "10815\10815.vcxproj", "{09416057-17C8-4D4F-A089-E66ED9FB703E}"
EndProject
Project("{8BC9CEB8-8B4A-11D0-8D11-00A0C91BC942}") = "10845", "10845\10845.vcxproj", "{FA264F7A-6C4D-453D-BB1A-4B1EB363438B}"
EndProject
Project("{8BC9CEB8-8B4A-11D0-8D11-00A0C91BC942}") = "10867", "1406\1406.vcxproj", "{01C11BFB-8166-4D2A-80B4-B0D6EF3C0120}"
EndProject
Project("{8BC9CEB8-8B4A-11D0-8D11-00A0C91BC942}") = "6603", "6603\6603.vcxproj", "{BF855AA9-C0E9-4267-8AD8-A25C489FEF5D}"
EndProject
Project("{8BC9CEB8-8B4A-11D0-8D11-00A0C91BC942}") = "1158", "1158\1158.vcxproj", "{82E377A0-0E95-435E-A182-80AA515B36AD}"
EndProject
Project("{8BC9CEB8-8B4A-11D0-8D11-00A0C91BC942}") = "1182", "1182\1182.vcxproj", "{825E2980-B831-4E9B-98F3-9CBAB327C8C2}"
EndProject
Project("{8BC9CEB8-8B4A-11D0-8D11-00A0C91BC942}") = "1715", "1715\1715.vcxproj", "{C731A037-5C58-4002-873F-D4D28EC3F334}"
EndProject
Project("{8BC9CEB8-8B4A-11D0-8D11-00A0C91BC942}") = "9095", "9095\9095.vcxproj", "{91C0AD57-35A8-442B-835A-933737B5D95E}"
EndProject
Project("{8BC9CEB8-8B4A-11D0-8D11-00A0C91BC942}") = "1504", "1504\1504.vcxproj", "{5E33B75A-8BA2-4090-9C79-6A6B38BCDE90}"
EndProject
Project("{8BC9CEB8-8B4A-11D0-8D11-00A0C91BC942}") = "2636", "2636\2636.vcxproj", "{C72BDCF8-02DA-40BE-B8E4-4F1CF754B153}"
EndProject
Project("{8BC9CEB8-8B4A-11D0-8D11-00A0C91BC942}") = "11657", "11657\11657.vcxproj", "{55822514-1622-4493-8FCF-68439674075B}"
EndProject
Project("{8BC9CEB8-8B4A-11D0-8D11-00A0C91BC942}") = "1717", "1717\1717.vcxproj", "{C4F98E17-7F22-4E5E-8F32-1754A0885144}"
EndProject
Project("{8BC9CEB8-8B4A-11D0-8D11-00A0C91BC942}") = "1976", "1976\1976.vcxproj", "{20C3308C-AFCE-4ED5-83AB-9D5572F3C124}"
EndProject
Project("{8BC9CEB8-8B4A-11D0-8D11-00A0C91BC942}") = "4195", "4195\4195.vcxproj", "{FECC2121-DCC1-40B2-84A0-3AA901D444AB}"
EndProject
Project("{8BC9CEB8-8B4A-11D0-8D11-00A0C91BC942}") = "9372", "9372\9372.vcxproj", "{B1EB8BD4-6E09-4C1A-A21D-4357ADE06050}"
EndProject
Project("{8BC9CEB8-8B4A-11D0-8D11-00A0C91BC942}") = "1197", "1197\1197.vcxproj", "{EF029539-8C9D-4BE6-ACD2-1F170D89E3E9}"
EndProject
Project("{8BC9CEB8-8B4A-11D0-8D11-00A0C91BC942}") = "4386", "4386\4386.vcxproj", "{44EE165D-6782-42E4-BD4C-D878D2B4DFC7}"
EndProject
Project("{8BC9CEB8-8B4A-11D0-8D11-00A0C91BC942}") = "1774", "1774\1774.vcxproj", "{87D55EEB-1E75-46EC-B6BC-E96F2E48B918}"
EndProject
Project("{8BC9CEB8-8B4A-11D0-8D11-00A0C91BC942}") = "2887", "2887\2887.vcxproj", "{CFE89ECD-7FE3-4C17-8BF5-AC79D08D337E}"
EndProject
Project("{8BC9CEB8-8B4A-11D0-8D11-00A0C91BC942}") = "1786", "1786\1786.vcxproj", "{C8BFE1B7-C3F1-4100-9DEC-DE6864B613E9}"
EndProject
Project("{8BC9CEB8-8B4A-11D0-8D11-00A0C91BC942}") = "13458", "13458\13458.vcxproj", "{09BACF43-532A-4A67-A642-263033A2EDA9}"
EndProject
Project("{8BC9CEB8-8B4A-11D0-8D11-00A0C91BC942}") = "3190", "3190\3190.vcxproj", "{2706C60C-4727-4177-A318-15AA709236EA}"
EndProject
Project("{8BC9CEB8-8B4A-11D0-8D11-00A0C91BC942}") = "1202", "1202\1202.vcxproj", "{22FA4AEC-C1B9-4193-A732-FFE95D74674D}"
EndProject
Project("{8BC9CEB8-8B4A-11D0-8D11-00A0C91BC942}") = "12865", "12865\12865.vcxproj", "{28261FFD-8571-43D2-AD50-9D2125A630C2}"
EndProject
Project("{8BC9CEB8-8B4A-11D0-8D11-00A0C91BC942}") = "1026", "1026\1026.vcxproj", "{C07151B1-8F95-4A61-A6DB-335F106F65A0}"
EndProject
Project("{8BC9CEB8-8B4A-11D0-8D11-00A0C91BC942}") = "11052", "11052\11052.vcxproj", "{7A5A56BC-2EB0-43A2-84F6-D8423BF4C16E}"
EndProject
Project("{8BC9CEB8-8B4A-11D0-8D11-00A0C91BC942}") = "2661", "2661\2661.vcxproj", "{9F518606-E9A3-4539-B3CF-32A3BDD59B00}"
EndProject
Project("{8BC9CEB8-8B4A-11D0-8D11-00A0C91BC942}") = "2485", "2485\2485.vcxproj", "{70F368C1-0E44-4217-8064-1D198C083468}"
EndProject
Project("{8BC9CEB8-8B4A-11D0-8D11-00A0C91BC942}") = "1644", "1644\1644.vcxproj", "{D8FFA76E-AFF8-4409-9F8C-3067B41A85E8}"
EndProject
Project("{8BC9CEB8-8B4A-11D0-8D11-00A0C91BC942}") = "13305", "13305\13305.vcxproj", "{C0EE193E-459C-4D7C-9BB3-D426E98A5DB2}"
EndProject
Project("{8BC9CEB8-8B4A-11D0-8D11-00A0C91BC942}") = "1697", "1697\1697.vcxproj", "{D4191845-0F5F-4766-843D-873AA2C4BF8C}"
EndProject
Project("{8BC9CEB8-8B4A-11D0-8D11-00A0C91BC942}") = "2293", "2293\2293.vcxproj", "{6B189BDB-254A-4850-9119-7FD5F5FFF7DA}"
EndProject
Project("{8BC9CEB8-8B4A-11D0-8D11-00A0C91BC942}") = "6588", "6588\6588.vcxproj", "{BCF42FFA-62D1-45D9-B966-7DFDE0031A57}"
EndProject
Project("{8BC9CEB8-8B4A-11D0-8D11-00A0C91BC942}") = "11726", "11726\11726.vcxproj", "{FA0D9683-34E4-42F7-8081-9EC7B0DC0B1A}"
EndProject
Project("{8BC9CEB8-8B4A-11D0-8D11-00A0C91BC942}") = "11727", "11727\11727.vcxproj", "{D8AAFE71-705A-476E-9952-E56ADB19DBF5}"
EndProject
Project("{8BC9CEB8-8B4A-11D0-8D11-00A0C91BC942}") = "15686", "15686\15686.vcxproj", "{DF2D7CC7-51B3-46AD-B254-976667FAC588}"
EndProject
Project("{8BC9CEB8-8B4A-11D0-8D11-00A0C91BC942}") = "에디터", "에디터\에디터.vcxproj", "{50E7A9CA-10EB-4501-85AA-9E34EE6A1B58}"
EndProject
Project("{8BC9CEB8-8B4A-11D0-8D11-00A0C91BC942}") = "1912", "1912\1912.vcxproj", "{76A64E5D-2DC2-4F0A-95EE-DBC292322027}"
EndProject
Project("{8BC9CEB8-8B4A-11D0-8D11-00A0C91BC942}") = "9466", "9466\9466.vcxproj", "{B6C6F285-9B8D-4595-88CB-7ECA2BABB327}"
EndProject
Project("{8BC9CEB8-8B4A-11D0-8D11-00A0C91BC942}") = "2206", "2206\2206.vcxproj", "{14743798-BC87-48DD-B604-83F46A2F5732}"
EndProject
Project("{8BC9CEB8-8B4A-11D0-8D11-00A0C91BC942}") = "9370", "9370\9370.vcxproj", "{F22E556C-6B8B-4DBB-A501-7D1F6C613AFB}"
EndProject
Project("{8BC9CEB8-8B4A-11D0-8D11-00A0C91BC942}") = "11404", "11404\11404.vcxproj", "{6EF8F570-16BD-465A-BAE4-520D86701416}"
EndProject
Project("{8BC9CEB8-8B4A-11D0-8D11-00A0C91BC942}") = "1956", "1956\1956.vcxproj", "{2EFCB711-A52D-4E93-8863-209AB6652F2E}"
EndProject
Project("{8BC9CEB8-8B4A-11D0-8D11-00A0C91BC942}") = "15711", "15711\15711.vcxproj", "{F4EFA2F4-002A-4EDB-BAD0-E75BBA87D0DD}"
EndProject
Project("{8BC9CEB8-8B4A-11D0-8D11-00A0C91BC942}") = "2583", "2583\2583.vcxproj", "{CE873F26-0398-4417-9A7B-FF11FF28AEC2}"
EndProject
Project("{8BC9CEB8-8B4A-11D0-8D11-00A0C91BC942}") = "2529", "2529\2529.vcxproj", "{3A93AB9A-9115-44E3-842A-22B3EDBDD3BC}"
EndProject
Project("{8BC9CEB8-8B4A-11D0-8D11-00A0C91BC942}") = "2512", "2512\2512.vcxproj", "{A0D09156-FD87-4764-9609-D0AD457D4A1D}"
EndProject
Project("{8BC9CEB8-8B4A-11D0-8D11-00A0C91BC942}") = "1826", "1826\1826.vcxproj", "{2A1C251C-AE33-4D3C-A00D-BF535C1E50B7}"
EndProject
Project("{8BC9CEB8-8B4A-11D0-8D11-00A0C91BC942}") = "2644", "2644\2644.vcxproj", "{EF48E053-E0B9-4A57-A391-C1A3AD4719F1}"
EndProject
Project("{8BC9CEB8-8B4A-11D0-8D11-00A0C91BC942}") = "14503", "14503\14503.vcxproj", "{1214A7E5-8AA5-4B53-9E08-3F472CECDD2A}"
EndProject
Project("{8BC9CEB8-8B4A-11D0-8D11-00A0C91BC942}") = "7569", "7569\7569.vcxproj", "{79CA0BEF-4917-4925-9623-7F2845D76B3A}"
EndProject
Global
	GlobalSection(SolutionConfigurationPlatforms) = preSolution
		Debug|x64 = Debug|x64
		Debug|x86 = Debug|x86
		Release|x64 = Release|x64
		Release|x86 = Release|x86
	EndGlobalSection
	GlobalSection(ProjectConfigurationPlatforms) = postSolution
		{D354E2AA-E522-44F9-800A-CFD76A06D9ED}.Debug|x64.ActiveCfg = Debug|x64
		{D354E2AA-E522-44F9-800A-CFD76A06D9ED}.Debug|x64.Build.0 = Debug|x64
		{D354E2AA-E522-44F9-800A-CFD76A06D9ED}.Debug|x86.ActiveCfg = Debug|Win32
		{D354E2AA-E522-44F9-800A-CFD76A06D9ED}.Debug|x86.Build.0 = Debug|Win32
		{D354E2AA-E522-44F9-800A-CFD76A06D9ED}.Release|x64.ActiveCfg = Release|x64
		{D354E2AA-E522-44F9-800A-CFD76A06D9ED}.Release|x64.Build.0 = Release|x64
		{D354E2AA-E522-44F9-800A-CFD76A06D9ED}.Release|x86.ActiveCfg = Release|Win32
		{D354E2AA-E522-44F9-800A-CFD76A06D9ED}.Release|x86.Build.0 = Release|Win32
		{C83537E8-052A-4DC8-8419-CC751BA7AF79}.Debug|x64.ActiveCfg = Debug|x64
		{C83537E8-052A-4DC8-8419-CC751BA7AF79}.Debug|x64.Build.0 = Debug|x64
		{C83537E8-052A-4DC8-8419-CC751BA7AF79}.Debug|x86.ActiveCfg = Debug|Win32
		{C83537E8-052A-4DC8-8419-CC751BA7AF79}.Debug|x86.Build.0 = Debug|Win32
		{C83537E8-052A-4DC8-8419-CC751BA7AF79}.Release|x64.ActiveCfg = Release|x64
		{C83537E8-052A-4DC8-8419-CC751BA7AF79}.Release|x64.Build.0 = Release|x64
		{C83537E8-052A-4DC8-8419-CC751BA7AF79}.Release|x86.ActiveCfg = Release|Win32
		{C83537E8-052A-4DC8-8419-CC751BA7AF79}.Release|x86.Build.0 = Release|Win32
		{50FEA5A9-B1AB-46E2-8D9A-6D88DB9D3C0D}.Debug|x64.ActiveCfg = Debug|x64
		{50FEA5A9-B1AB-46E2-8D9A-6D88DB9D3C0D}.Debug|x64.Build.0 = Debug|x64
		{50FEA5A9-B1AB-46E2-8D9A-6D88DB9D3C0D}.Debug|x86.ActiveCfg = Debug|Win32
		{50FEA5A9-B1AB-46E2-8D9A-6D88DB9D3C0D}.Debug|x86.Build.0 = Debug|Win32
		{50FEA5A9-B1AB-46E2-8D9A-6D88DB9D3C0D}.Release|x64.ActiveCfg = Release|x64
		{50FEA5A9-B1AB-46E2-8D9A-6D88DB9D3C0D}.Release|x64.Build.0 = Release|x64
		{50FEA5A9-B1AB-46E2-8D9A-6D88DB9D3C0D}.Release|x86.ActiveCfg = Release|Win32
		{50FEA5A9-B1AB-46E2-8D9A-6D88DB9D3C0D}.Release|x86.Build.0 = Release|Win32
		{AB6E252E-9404-4FDE-AC54-E7BE1F739A6D}.Debug|x64.ActiveCfg = Debug|x64
		{AB6E252E-9404-4FDE-AC54-E7BE1F739A6D}.Debug|x64.Build.0 = Debug|x64
		{AB6E252E-9404-4FDE-AC54-E7BE1F739A6D}.Debug|x86.ActiveCfg = Debug|Win32
		{AB6E252E-9404-4FDE-AC54-E7BE1F739A6D}.Debug|x86.Build.0 = Debug|Win32
		{AB6E252E-9404-4FDE-AC54-E7BE1F739A6D}.Release|x64.ActiveCfg = Release|x64
		{AB6E252E-9404-4FDE-AC54-E7BE1F739A6D}.Release|x64.Build.0 = Release|x64
		{AB6E252E-9404-4FDE-AC54-E7BE1F739A6D}.Release|x86.ActiveCfg = Release|Win32
		{AB6E252E-9404-4FDE-AC54-E7BE1F739A6D}.Release|x86.Build.0 = Release|Win32
		{2A6104BA-59B8-42C6-9840-FDCC04A49245}.Debug|x64.ActiveCfg = Debug|x64
		{2A6104BA-59B8-42C6-9840-FDCC04A49245}.Debug|x64.Build.0 = Debug|x64
		{2A6104BA-59B8-42C6-9840-FDCC04A49245}.Debug|x86.ActiveCfg = Debug|Win32
		{2A6104BA-59B8-42C6-9840-FDCC04A49245}.Debug|x86.Build.0 = Debug|Win32
		{2A6104BA-59B8-42C6-9840-FDCC04A49245}.Release|x64.ActiveCfg = Release|x64
		{2A6104BA-59B8-42C6-9840-FDCC04A49245}.Release|x64.Build.0 = Release|x64
		{2A6104BA-59B8-42C6-9840-FDCC04A49245}.Release|x86.ActiveCfg = Release|Win32
		{2A6104BA-59B8-42C6-9840-FDCC04A49245}.Release|x86.Build.0 = Release|Win32
		{013B3452-0ABD-47F6-B426-25C1B3369E3A}.Debug|x64.ActiveCfg = Debug|x64
		{013B3452-0ABD-47F6-B426-25C1B3369E3A}.Debug|x64.Build.0 = Debug|x64
		{013B3452-0ABD-47F6-B426-25C1B3369E3A}.Debug|x86.ActiveCfg = Debug|Win32
		{013B3452-0ABD-47F6-B426-25C1B3369E3A}.Debug|x86.Build.0 = Debug|Win32
		{013B3452-0ABD-47F6-B426-25C1B3369E3A}.Release|x64.ActiveCfg = Release|x64
		{013B3452-0ABD-47F6-B426-25C1B3369E3A}.Release|x64.Build.0 = Release|x64
		{013B3452-0ABD-47F6-B426-25C1B3369E3A}.Release|x86.ActiveCfg = Release|Win32
		{013B3452-0ABD-47F6-B426-25C1B3369E3A}.Release|x86.Build.0 = Release|Win32
		{ADA2305C-B361-4ACD-A658-2B9C4D40BCD3}.Debug|x64.ActiveCfg = Debug|x64
		{ADA2305C-B361-4ACD-A658-2B9C4D40BCD3}.Debug|x64.Build.0 = Debug|x64
		{ADA2305C-B361-4ACD-A658-2B9C4D40BCD3}.Debug|x86.ActiveCfg = Debug|Win32
		{ADA2305C-B361-4ACD-A658-2B9C4D40BCD3}.Debug|x86.Build.0 = Debug|Win32
		{ADA2305C-B361-4ACD-A658-2B9C4D40BCD3}.Release|x64.ActiveCfg = Release|x64
		{ADA2305C-B361-4ACD-A658-2B9C4D40BCD3}.Release|x64.Build.0 = Release|x64
		{ADA2305C-B361-4ACD-A658-2B9C4D40BCD3}.Release|x86.ActiveCfg = Release|Win32
		{ADA2305C-B361-4ACD-A658-2B9C4D40BCD3}.Release|x86.Build.0 = Release|Win32
		{F0F77A26-108E-489E-B3BA-C4DAE3140A90}.Debug|x64.ActiveCfg = Debug|x64
		{F0F77A26-108E-489E-B3BA-C4DAE3140A90}.Debug|x64.Build.0 = Debug|x64
		{F0F77A26-108E-489E-B3BA-C4DAE3140A90}.Debug|x86.ActiveCfg = Debug|Win32
		{F0F77A26-108E-489E-B3BA-C4DAE3140A90}.Debug|x86.Build.0 = Debug|Win32
		{F0F77A26-108E-489E-B3BA-C4DAE3140A90}.Release|x64.ActiveCfg = Release|x64
		{F0F77A26-108E-489E-B3BA-C4DAE3140A90}.Release|x64.Build.0 = Release|x64
		{F0F77A26-108E-489E-B3BA-C4DAE3140A90}.Release|x86.ActiveCfg = Release|Win32
		{F0F77A26-108E-489E-B3BA-C4DAE3140A90}.Release|x86.Build.0 = Release|Win32
		{A7849854-0C09-4BF5-B05A-D7AB622C850E}.Debug|x64.ActiveCfg = Debug|x64
		{A7849854-0C09-4BF5-B05A-D7AB622C850E}.Debug|x64.Build.0 = Debug|x64
		{A7849854-0C09-4BF5-B05A-D7AB622C850E}.Debug|x86.ActiveCfg = Debug|Win32
		{A7849854-0C09-4BF5-B05A-D7AB622C850E}.Debug|x86.Build.0 = Debug|Win32
		{A7849854-0C09-4BF5-B05A-D7AB622C850E}.Release|x64.ActiveCfg = Release|x64
		{A7849854-0C09-4BF5-B05A-D7AB622C850E}.Release|x64.Build.0 = Release|x64
		{A7849854-0C09-4BF5-B05A-D7AB622C850E}.Release|x86.ActiveCfg = Release|Win32
		{A7849854-0C09-4BF5-B05A-D7AB622C850E}.Release|x86.Build.0 = Release|Win32
		{3629E9F9-5D11-4BE8-B4E1-C0B18C339DC5}.Debug|x64.ActiveCfg = Debug|x64
		{3629E9F9-5D11-4BE8-B4E1-C0B18C339DC5}.Debug|x64.Build.0 = Debug|x64
		{3629E9F9-5D11-4BE8-B4E1-C0B18C339DC5}.Debug|x86.ActiveCfg = Debug|Win32
		{3629E9F9-5D11-4BE8-B4E1-C0B18C339DC5}.Debug|x86.Build.0 = Debug|Win32
		{3629E9F9-5D11-4BE8-B4E1-C0B18C339DC5}.Release|x64.ActiveCfg = Release|x64
		{3629E9F9-5D11-4BE8-B4E1-C0B18C339DC5}.Release|x64.Build.0 = Release|x64
		{3629E9F9-5D11-4BE8-B4E1-C0B18C339DC5}.Release|x86.ActiveCfg = Release|Win32
		{3629E9F9-5D11-4BE8-B4E1-C0B18C339DC5}.Release|x86.Build.0 = Release|Win32
		{2E5BC4DE-7A82-49D1-B0EA-356804ECD4CC}.Debug|x64.ActiveCfg = Debug|x64
		{2E5BC4DE-7A82-49D1-B0EA-356804ECD4CC}.Debug|x64.Build.0 = Debug|x64
		{2E5BC4DE-7A82-49D1-B0EA-356804ECD4CC}.Debug|x86.ActiveCfg = Debug|Win32
		{2E5BC4DE-7A82-49D1-B0EA-356804ECD4CC}.Debug|x86.Build.0 = Debug|Win32
		{2E5BC4DE-7A82-49D1-B0EA-356804ECD4CC}.Release|x64.ActiveCfg = Release|x64
		{2E5BC4DE-7A82-49D1-B0EA-356804ECD4CC}.Release|x64.Build.0 = Release|x64
		{2E5BC4DE-7A82-49D1-B0EA-356804ECD4CC}.Release|x86.ActiveCfg = Release|Win32
		{2E5BC4DE-7A82-49D1-B0EA-356804ECD4CC}.Release|x86.Build.0 = Release|Win32
		{D153B227-B353-4787-8755-1A4DCEC8FF32}.Debug|x64.ActiveCfg = Debug|x64
		{D153B227-B353-4787-8755-1A4DCEC8FF32}.Debug|x64.Build.0 = Debug|x64
		{D153B227-B353-4787-8755-1A4DCEC8FF32}.Debug|x86.ActiveCfg = Debug|Win32
		{D153B227-B353-4787-8755-1A4DCEC8FF32}.Debug|x86.Build.0 = Debug|Win32
		{D153B227-B353-4787-8755-1A4DCEC8FF32}.Release|x64.ActiveCfg = Release|x64
		{D153B227-B353-4787-8755-1A4DCEC8FF32}.Release|x64.Build.0 = Release|x64
		{D153B227-B353-4787-8755-1A4DCEC8FF32}.Release|x86.ActiveCfg = Release|Win32
		{D153B227-B353-4787-8755-1A4DCEC8FF32}.Release|x86.Build.0 = Release|Win32
		{5D8AC922-B9C8-4A89-A795-7F738EDFA444}.Debug|x64.ActiveCfg = Debug|x64
		{5D8AC922-B9C8-4A89-A795-7F738EDFA444}.Debug|x64.Build.0 = Debug|x64
		{5D8AC922-B9C8-4A89-A795-7F738EDFA444}.Debug|x86.ActiveCfg = Debug|Win32
		{5D8AC922-B9C8-4A89-A795-7F738EDFA444}.Debug|x86.Build.0 = Debug|Win32
		{5D8AC922-B9C8-4A89-A795-7F738EDFA444}.Release|x64.ActiveCfg = Release|x64
		{5D8AC922-B9C8-4A89-A795-7F738EDFA444}.Release|x64.Build.0 = Release|x64
		{5D8AC922-B9C8-4A89-A795-7F738EDFA444}.Release|x86.ActiveCfg = Release|Win32
		{5D8AC922-B9C8-4A89-A795-7F738EDFA444}.Release|x86.Build.0 = Release|Win32
		{FB4270B6-6CC4-4D8E-B0DE-FB6AFF4F6BBB}.Debug|x64.ActiveCfg = Debug|x64
		{FB4270B6-6CC4-4D8E-B0DE-FB6AFF4F6BBB}.Debug|x64.Build.0 = Debug|x64
		{FB4270B6-6CC4-4D8E-B0DE-FB6AFF4F6BBB}.Debug|x86.ActiveCfg = Debug|Win32
		{FB4270B6-6CC4-4D8E-B0DE-FB6AFF4F6BBB}.Debug|x86.Build.0 = Debug|Win32
		{FB4270B6-6CC4-4D8E-B0DE-FB6AFF4F6BBB}.Release|x64.ActiveCfg = Release|x64
		{FB4270B6-6CC4-4D8E-B0DE-FB6AFF4F6BBB}.Release|x64.Build.0 = Release|x64
		{FB4270B6-6CC4-4D8E-B0DE-FB6AFF4F6BBB}.Release|x86.ActiveCfg = Release|Win32
		{FB4270B6-6CC4-4D8E-B0DE-FB6AFF4F6BBB}.Release|x86.Build.0 = Release|Win32
		{188F28A6-FD57-4593-A7D6-AA2A64DC78E2}.Debug|x64.ActiveCfg = Debug|x64
		{188F28A6-FD57-4593-A7D6-AA2A64DC78E2}.Debug|x64.Build.0 = Debug|x64
		{188F28A6-FD57-4593-A7D6-AA2A64DC78E2}.Debug|x86.ActiveCfg = Debug|Win32
		{188F28A6-FD57-4593-A7D6-AA2A64DC78E2}.Debug|x86.Build.0 = Debug|Win32
		{188F28A6-FD57-4593-A7D6-AA2A64DC78E2}.Release|x64.ActiveCfg = Release|x64
		{188F28A6-FD57-4593-A7D6-AA2A64DC78E2}.Release|x64.Build.0 = Release|x64
		{188F28A6-FD57-4593-A7D6-AA2A64DC78E2}.Release|x86.ActiveCfg = Release|Win32
		{188F28A6-FD57-4593-A7D6-AA2A64DC78E2}.Release|x86.Build.0 = Release|Win32
		{B835B3C4-5A1E-48EA-B824-B9ADC0EC4E36}.Debug|x64.ActiveCfg = Debug|x64
		{B835B3C4-5A1E-48EA-B824-B9ADC0EC4E36}.Debug|x64.Build.0 = Debug|x64
		{B835B3C4-5A1E-48EA-B824-B9ADC0EC4E36}.Debug|x86.ActiveCfg = Debug|Win32
		{B835B3C4-5A1E-48EA-B824-B9ADC0EC4E36}.Debug|x86.Build.0 = Debug|Win32
		{B835B3C4-5A1E-48EA-B824-B9ADC0EC4E36}.Release|x64.ActiveCfg = Release|x64
		{B835B3C4-5A1E-48EA-B824-B9ADC0EC4E36}.Release|x64.Build.0 = Release|x64
		{B835B3C4-5A1E-48EA-B824-B9ADC0EC4E36}.Release|x86.ActiveCfg = Release|Win32
		{B835B3C4-5A1E-48EA-B824-B9ADC0EC4E36}.Release|x86.Build.0 = Release|Win32
		{9D2292D6-8E4B-4E5E-AE60-D11BD0EC80E1}.Debug|x64.ActiveCfg = Debug|x64
		{9D2292D6-8E4B-4E5E-AE60-D11BD0EC80E1}.Debug|x64.Build.0 = Debug|x64
		{9D2292D6-8E4B-4E5E-AE60-D11BD0EC80E1}.Debug|x86.ActiveCfg = Debug|Win32
		{9D2292D6-8E4B-4E5E-AE60-D11BD0EC80E1}.Debug|x86.Build.0 = Debug|Win32
		{9D2292D6-8E4B-4E5E-AE60-D11BD0EC80E1}.Release|x64.ActiveCfg = Release|x64
		{9D2292D6-8E4B-4E5E-AE60-D11BD0EC80E1}.Release|x64.Build.0 = Release|x64
		{9D2292D6-8E4B-4E5E-AE60-D11BD0EC80E1}.Release|x86.ActiveCfg = Release|Win32
		{9D2292D6-8E4B-4E5E-AE60-D11BD0EC80E1}.Release|x86.Build.0 = Release|Win32
		{B6199B88-AA73-4637-A015-1A04334FD2B6}.Debug|x64.ActiveCfg = Debug|x64
		{B6199B88-AA73-4637-A015-1A04334FD2B6}.Debug|x64.Build.0 = Debug|x64
		{B6199B88-AA73-4637-A015-1A04334FD2B6}.Debug|x86.ActiveCfg = Debug|Win32
		{B6199B88-AA73-4637-A015-1A04334FD2B6}.Debug|x86.Build.0 = Debug|Win32
		{B6199B88-AA73-4637-A015-1A04334FD2B6}.Release|x64.ActiveCfg = Release|x64
		{B6199B88-AA73-4637-A015-1A04334FD2B6}.Release|x64.Build.0 = Release|x64
		{B6199B88-AA73-4637-A015-1A04334FD2B6}.Release|x86.ActiveCfg = Release|Win32
		{B6199B88-AA73-4637-A015-1A04334FD2B6}.Release|x86.Build.0 = Release|Win32
		{BFCF9486-C8FE-4E75-98FE-F2A5FCFC0AB1}.Debug|x64.ActiveCfg = Debug|x64
		{BFCF9486-C8FE-4E75-98FE-F2A5FCFC0AB1}.Debug|x64.Build.0 = Debug|x64
		{BFCF9486-C8FE-4E75-98FE-F2A5FCFC0AB1}.Debug|x86.ActiveCfg = Debug|Win32
		{BFCF9486-C8FE-4E75-98FE-F2A5FCFC0AB1}.Debug|x86.Build.0 = Debug|Win32
		{BFCF9486-C8FE-4E75-98FE-F2A5FCFC0AB1}.Release|x64.ActiveCfg = Release|x64
		{BFCF9486-C8FE-4E75-98FE-F2A5FCFC0AB1}.Release|x64.Build.0 = Release|x64
		{BFCF9486-C8FE-4E75-98FE-F2A5FCFC0AB1}.Release|x86.ActiveCfg = Release|Win32
		{BFCF9486-C8FE-4E75-98FE-F2A5FCFC0AB1}.Release|x86.Build.0 = Release|Win32
		{94D623BE-CE5B-4344-8598-40B47EC69E24}.Debug|x64.ActiveCfg = Debug|x64
		{94D623BE-CE5B-4344-8598-40B47EC69E24}.Debug|x64.Build.0 = Debug|x64
		{94D623BE-CE5B-4344-8598-40B47EC69E24}.Debug|x86.ActiveCfg = Debug|Win32
		{94D623BE-CE5B-4344-8598-40B47EC69E24}.Debug|x86.Build.0 = Debug|Win32
		{94D623BE-CE5B-4344-8598-40B47EC69E24}.Release|x64.ActiveCfg = Release|x64
		{94D623BE-CE5B-4344-8598-40B47EC69E24}.Release|x64.Build.0 = Release|x64
		{94D623BE-CE5B-4344-8598-40B47EC69E24}.Release|x86.ActiveCfg = Release|Win32
		{94D623BE-CE5B-4344-8598-40B47EC69E24}.Release|x86.Build.0 = Release|Win32
		{15E653BD-B890-4CCE-A306-255884FCF205}.Debug|x64.ActiveCfg = Debug|x64
		{15E653BD-B890-4CCE-A306-255884FCF205}.Debug|x64.Build.0 = Debug|x64
		{15E653BD-B890-4CCE-A306-255884FCF205}.Debug|x86.ActiveCfg = Debug|Win32
		{15E653BD-B890-4CCE-A306-255884FCF205}.Debug|x86.Build.0 = Debug|Win32
		{15E653BD-B890-4CCE-A306-255884FCF205}.Release|x64.ActiveCfg = Release|x64
		{15E653BD-B890-4CCE-A306-255884FCF205}.Release|x64.Build.0 = Release|x64
		{15E653BD-B890-4CCE-A306-255884FCF205}.Release|x86.ActiveCfg = Release|Win32
		{15E653BD-B890-4CCE-A306-255884FCF205}.Release|x86.Build.0 = Release|Win32
		{900DBFEF-FE04-472A-B6BF-A5D3E148788F}.Debug|x64.ActiveCfg = Debug|x64
		{900DBFEF-FE04-472A-B6BF-A5D3E148788F}.Debug|x64.Build.0 = Debug|x64
		{900DBFEF-FE04-472A-B6BF-A5D3E148788F}.Debug|x86.ActiveCfg = Debug|Win32
		{900DBFEF-FE04-472A-B6BF-A5D3E148788F}.Debug|x86.Build.0 = Debug|Win32
		{900DBFEF-FE04-472A-B6BF-A5D3E148788F}.Release|x64.ActiveCfg = Release|x64
		{900DBFEF-FE04-472A-B6BF-A5D3E148788F}.Release|x64.Build.0 = Release|x64
		{900DBFEF-FE04-472A-B6BF-A5D3E148788F}.Release|x86.ActiveCfg = Release|Win32
		{900DBFEF-FE04-472A-B6BF-A5D3E148788F}.Release|x86.Build.0 = Release|Win32
		{0803F00F-53F1-41B2-8CB2-7A40E7C98404}.Debug|x64.ActiveCfg = Debug|x64
		{0803F00F-53F1-41B2-8CB2-7A40E7C98404}.Debug|x64.Build.0 = Debug|x64
		{0803F00F-53F1-41B2-8CB2-7A40E7C98404}.Debug|x86.ActiveCfg = Debug|Win32
		{0803F00F-53F1-41B2-8CB2-7A40E7C98404}.Debug|x86.Build.0 = Debug|Win32
		{0803F00F-53F1-41B2-8CB2-7A40E7C98404}.Release|x64.ActiveCfg = Release|x64
		{0803F00F-53F1-41B2-8CB2-7A40E7C98404}.Release|x64.Build.0 = Release|x64
		{0803F00F-53F1-41B2-8CB2-7A40E7C98404}.Release|x86.ActiveCfg = Release|Win32
		{0803F00F-53F1-41B2-8CB2-7A40E7C98404}.Release|x86.Build.0 = Release|Win32
		{389B61EF-3405-4D5B-8B6E-FEC91BA50B85}.Debug|x64.ActiveCfg = Debug|x64
		{389B61EF-3405-4D5B-8B6E-FEC91BA50B85}.Debug|x64.Build.0 = Debug|x64
		{389B61EF-3405-4D5B-8B6E-FEC91BA50B85}.Debug|x86.ActiveCfg = Debug|Win32
		{389B61EF-3405-4D5B-8B6E-FEC91BA50B85}.Debug|x86.Build.0 = Debug|Win32
		{389B61EF-3405-4D5B-8B6E-FEC91BA50B85}.Release|x64.ActiveCfg = Release|x64
		{389B61EF-3405-4D5B-8B6E-FEC91BA50B85}.Release|x64.Build.0 = Release|x64
		{389B61EF-3405-4D5B-8B6E-FEC91BA50B85}.Release|x86.ActiveCfg = Release|Win32
		{389B61EF-3405-4D5B-8B6E-FEC91BA50B85}.Release|x86.Build.0 = Release|Win32
		{8B3248A1-D5D3-48F4-B2E9-7ACBF18D277C}.Debug|x64.ActiveCfg = Debug|x64
		{8B3248A1-D5D3-48F4-B2E9-7ACBF18D277C}.Debug|x64.Build.0 = Debug|x64
		{8B3248A1-D5D3-48F4-B2E9-7ACBF18D277C}.Debug|x86.ActiveCfg = Debug|Win32
		{8B3248A1-D5D3-48F4-B2E9-7ACBF18D277C}.Debug|x86.Build.0 = Debug|Win32
		{8B3248A1-D5D3-48F4-B2E9-7ACBF18D277C}.Release|x64.ActiveCfg = Release|x64
		{8B3248A1-D5D3-48F4-B2E9-7ACBF18D277C}.Release|x64.Build.0 = Release|x64
		{8B3248A1-D5D3-48F4-B2E9-7ACBF18D277C}.Release|x86.ActiveCfg = Release|Win32
		{8B3248A1-D5D3-48F4-B2E9-7ACBF18D277C}.Release|x86.Build.0 = Release|Win32
		{44C0D9FB-E631-4257-8DFF-2EA9C3599189}.Debug|x64.ActiveCfg = Debug|x64
		{44C0D9FB-E631-4257-8DFF-2EA9C3599189}.Debug|x64.Build.0 = Debug|x64
		{44C0D9FB-E631-4257-8DFF-2EA9C3599189}.Debug|x86.ActiveCfg = Debug|Win32
		{44C0D9FB-E631-4257-8DFF-2EA9C3599189}.Debug|x86.Build.0 = Debug|Win32
		{44C0D9FB-E631-4257-8DFF-2EA9C3599189}.Release|x64.ActiveCfg = Release|x64
		{44C0D9FB-E631-4257-8DFF-2EA9C3599189}.Release|x64.Build.0 = Release|x64
		{44C0D9FB-E631-4257-8DFF-2EA9C3599189}.Release|x86.ActiveCfg = Release|Win32
		{44C0D9FB-E631-4257-8DFF-2EA9C3599189}.Release|x86.Build.0 = Release|Win32
		{38947FD1-7817-4DA9-A2C6-33481F27DE5F}.Debug|x64.ActiveCfg = Debug|x64
		{38947FD1-7817-4DA9-A2C6-33481F27DE5F}.Debug|x64.Build.0 = Debug|x64
		{38947FD1-7817-4DA9-A2C6-33481F27DE5F}.Debug|x86.ActiveCfg = Debug|Win32
		{38947FD1-7817-4DA9-A2C6-33481F27DE5F}.Debug|x86.Build.0 = Debug|Win32
		{38947FD1-7817-4DA9-A2C6-33481F27DE5F}.Release|x64.ActiveCfg = Release|x64
		{38947FD1-7817-4DA9-A2C6-33481F27DE5F}.Release|x64.Build.0 = Release|x64
		{38947FD1-7817-4DA9-A2C6-33481F27DE5F}.Release|x86.ActiveCfg = Release|Win32
		{38947FD1-7817-4DA9-A2C6-33481F27DE5F}.Release|x86.Build.0 = Release|Win32
		{1F838A42-E66F-44D4-A2A5-2C8BC1064922}.Debug|x64.ActiveCfg = Debug|x64
		{1F838A42-E66F-44D4-A2A5-2C8BC1064922}.Debug|x64.Build.0 = Debug|x64
		{1F838A42-E66F-44D4-A2A5-2C8BC1064922}.Debug|x86.ActiveCfg = Debug|Win32
		{1F838A42-E66F-44D4-A2A5-2C8BC1064922}.Debug|x86.Build.0 = Debug|Win32
		{1F838A42-E66F-44D4-A2A5-2C8BC1064922}.Release|x64.ActiveCfg = Release|x64
		{1F838A42-E66F-44D4-A2A5-2C8BC1064922}.Release|x64.Build.0 = Release|x64
		{1F838A42-E66F-44D4-A2A5-2C8BC1064922}.Release|x86.ActiveCfg = Release|Win32
		{1F838A42-E66F-44D4-A2A5-2C8BC1064922}.Release|x86.Build.0 = Release|Win32
		{C9749251-6B4C-4225-A93E-7737FCA3BB1B}.Debug|x64.ActiveCfg = Debug|x64
		{C9749251-6B4C-4225-A93E-7737FCA3BB1B}.Debug|x64.Build.0 = Debug|x64
		{C9749251-6B4C-4225-A93E-7737FCA3BB1B}.Debug|x86.ActiveCfg = Debug|Win32
		{C9749251-6B4C-4225-A93E-7737FCA3BB1B}.Debug|x86.Build.0 = Debug|Win32
		{C9749251-6B4C-4225-A93E-7737FCA3BB1B}.Release|x64.ActiveCfg = Release|x64
		{C9749251-6B4C-4225-A93E-7737FCA3BB1B}.Release|x64.Build.0 = Release|x64
		{C9749251-6B4C-4225-A93E-7737FCA3BB1B}.Release|x86.ActiveCfg = Release|Win32
		{C9749251-6B4C-4225-A93E-7737FCA3BB1B}.Release|x86.Build.0 = Release|Win32
		{D94819D6-A289-49C2-82CE-560645791D06}.Debug|x64.ActiveCfg = Debug|x64
		{D94819D6-A289-49C2-82CE-560645791D06}.Debug|x64.Build.0 = Debug|x64
		{D94819D6-A289-49C2-82CE-560645791D06}.Debug|x86.ActiveCfg = Debug|Win32
		{D94819D6-A289-49C2-82CE-560645791D06}.Debug|x86.Build.0 = Debug|Win32
		{D94819D6-A289-49C2-82CE-560645791D06}.Release|x64.ActiveCfg = Release|x64
		{D94819D6-A289-49C2-82CE-560645791D06}.Release|x64.Build.0 = Release|x64
		{D94819D6-A289-49C2-82CE-560645791D06}.Release|x86.ActiveCfg = Release|Win32
		{D94819D6-A289-49C2-82CE-560645791D06}.Release|x86.Build.0 = Release|Win32
		{DB83D97B-073A-4DD1-B38C-911750B7F0FD}.Debug|x64.ActiveCfg = Debug|x64
		{DB83D97B-073A-4DD1-B38C-911750B7F0FD}.Debug|x64.Build.0 = Debug|x64
		{DB83D97B-073A-4DD1-B38C-911750B7F0FD}.Debug|x86.ActiveCfg = Debug|Win32
		{DB83D97B-073A-4DD1-B38C-911750B7F0FD}.Debug|x86.Build.0 = Debug|Win32
		{DB83D97B-073A-4DD1-B38C-911750B7F0FD}.Release|x64.ActiveCfg = Release|x64
		{DB83D97B-073A-4DD1-B38C-911750B7F0FD}.Release|x64.Build.0 = Release|x64
		{DB83D97B-073A-4DD1-B38C-911750B7F0FD}.Release|x86.ActiveCfg = Release|Win32
		{DB83D97B-073A-4DD1-B38C-911750B7F0FD}.Release|x86.Build.0 = Release|Win32
		{224DC1E5-EEE8-4828-8E5F-B7F4DBD5CFB6}.Debug|x64.ActiveCfg = Debug|x64
		{224DC1E5-EEE8-4828-8E5F-B7F4DBD5CFB6}.Debug|x64.Build.0 = Debug|x64
		{224DC1E5-EEE8-4828-8E5F-B7F4DBD5CFB6}.Debug|x86.ActiveCfg = Debug|Win32
		{224DC1E5-EEE8-4828-8E5F-B7F4DBD5CFB6}.Debug|x86.Build.0 = Debug|Win32
		{224DC1E5-EEE8-4828-8E5F-B7F4DBD5CFB6}.Release|x64.ActiveCfg = Release|x64
		{224DC1E5-EEE8-4828-8E5F-B7F4DBD5CFB6}.Release|x64.Build.0 = Release|x64
		{224DC1E5-EEE8-4828-8E5F-B7F4DBD5CFB6}.Release|x86.ActiveCfg = Release|Win32
		{224DC1E5-EEE8-4828-8E5F-B7F4DBD5CFB6}.Release|x86.Build.0 = Release|Win32
		{8E4A3240-8418-46B7-A305-DEE6BDC6E513}.Debug|x64.ActiveCfg = Debug|x64
		{8E4A3240-8418-46B7-A305-DEE6BDC6E513}.Debug|x64.Build.0 = Debug|x64
		{8E4A3240-8418-46B7-A305-DEE6BDC6E513}.Debug|x86.ActiveCfg = Debug|Win32
		{8E4A3240-8418-46B7-A305-DEE6BDC6E513}.Debug|x86.Build.0 = Debug|Win32
		{8E4A3240-8418-46B7-A305-DEE6BDC6E513}.Release|x64.ActiveCfg = Release|x64
		{8E4A3240-8418-46B7-A305-DEE6BDC6E513}.Release|x64.Build.0 = Release|x64
		{8E4A3240-8418-46B7-A305-DEE6BDC6E513}.Release|x86.ActiveCfg = Release|Win32
		{8E4A3240-8418-46B7-A305-DEE6BDC6E513}.Release|x86.Build.0 = Release|Win32
		{14DEEEB2-9CC8-419C-A9AF-970E0E7FAF6D}.Debug|x64.ActiveCfg = Debug|x64
		{14DEEEB2-9CC8-419C-A9AF-970E0E7FAF6D}.Debug|x64.Build.0 = Debug|x64
		{14DEEEB2-9CC8-419C-A9AF-970E0E7FAF6D}.Debug|x86.ActiveCfg = Debug|Win32
		{14DEEEB2-9CC8-419C-A9AF-970E0E7FAF6D}.Debug|x86.Build.0 = Debug|Win32
		{14DEEEB2-9CC8-419C-A9AF-970E0E7FAF6D}.Release|x64.ActiveCfg = Release|x64
		{14DEEEB2-9CC8-419C-A9AF-970E0E7FAF6D}.Release|x64.Build.0 = Release|x64
		{14DEEEB2-9CC8-419C-A9AF-970E0E7FAF6D}.Release|x86.ActiveCfg = Release|Win32
		{14DEEEB2-9CC8-419C-A9AF-970E0E7FAF6D}.Release|x86.Build.0 = Release|Win32
		{2291C8C1-1009-4511-BE8E-5437A29AF7F8}.Debug|x64.ActiveCfg = Debug|x64
		{2291C8C1-1009-4511-BE8E-5437A29AF7F8}.Debug|x64.Build.0 = Debug|x64
		{2291C8C1-1009-4511-BE8E-5437A29AF7F8}.Debug|x86.ActiveCfg = Debug|Win32
		{2291C8C1-1009-4511-BE8E-5437A29AF7F8}.Debug|x86.Build.0 = Debug|Win32
		{2291C8C1-1009-4511-BE8E-5437A29AF7F8}.Release|x64.ActiveCfg = Release|x64
		{2291C8C1-1009-4511-BE8E-5437A29AF7F8}.Release|x64.Build.0 = Release|x64
		{2291C8C1-1009-4511-BE8E-5437A29AF7F8}.Release|x86.ActiveCfg = Release|Win32
		{2291C8C1-1009-4511-BE8E-5437A29AF7F8}.Release|x86.Build.0 = Release|Win32
		{DC8DC238-9264-4915-B6EA-B73A888B8690}.Debug|x64.ActiveCfg = Debug|x64
		{DC8DC238-9264-4915-B6EA-B73A888B8690}.Debug|x64.Build.0 = Debug|x64
		{DC8DC238-9264-4915-B6EA-B73A888B8690}.Debug|x86.ActiveCfg = Debug|Win32
		{DC8DC238-9264-4915-B6EA-B73A888B8690}.Debug|x86.Build.0 = Debug|Win32
		{DC8DC238-9264-4915-B6EA-B73A888B8690}.Release|x64.ActiveCfg = Release|x64
		{DC8DC238-9264-4915-B6EA-B73A888B8690}.Release|x64.Build.0 = Release|x64
		{DC8DC238-9264-4915-B6EA-B73A888B8690}.Release|x86.ActiveCfg = Release|Win32
		{DC8DC238-9264-4915-B6EA-B73A888B8690}.Release|x86.Build.0 = Release|Win32
		{7E4A90FD-108F-48CF-ADC2-7BCE61704DE9}.Debug|x64.ActiveCfg = Debug|x64
		{7E4A90FD-108F-48CF-ADC2-7BCE61704DE9}.Debug|x64.Build.0 = Debug|x64
		{7E4A90FD-108F-48CF-ADC2-7BCE61704DE9}.Debug|x86.ActiveCfg = Debug|Win32
		{7E4A90FD-108F-48CF-ADC2-7BCE61704DE9}.Debug|x86.Build.0 = Debug|Win32
		{7E4A90FD-108F-48CF-ADC2-7BCE61704DE9}.Release|x64.ActiveCfg = Release|x64
		{7E4A90FD-108F-48CF-ADC2-7BCE61704DE9}.Release|x64.Build.0 = Release|x64
		{7E4A90FD-108F-48CF-ADC2-7BCE61704DE9}.Release|x86.ActiveCfg = Release|Win32
		{7E4A90FD-108F-48CF-ADC2-7BCE61704DE9}.Release|x86.Build.0 = Release|Win32
		{A3E550AD-6D54-44F9-A475-4BD0719A53C9}.Debug|x64.ActiveCfg = Debug|x64
		{A3E550AD-6D54-44F9-A475-4BD0719A53C9}.Debug|x64.Build.0 = Debug|x64
		{A3E550AD-6D54-44F9-A475-4BD0719A53C9}.Debug|x86.ActiveCfg = Debug|Win32
		{A3E550AD-6D54-44F9-A475-4BD0719A53C9}.Debug|x86.Build.0 = Debug|Win32
		{A3E550AD-6D54-44F9-A475-4BD0719A53C9}.Release|x64.ActiveCfg = Release|x64
		{A3E550AD-6D54-44F9-A475-4BD0719A53C9}.Release|x64.Build.0 = Release|x64
		{A3E550AD-6D54-44F9-A475-4BD0719A53C9}.Release|x86.ActiveCfg = Release|Win32
		{A3E550AD-6D54-44F9-A475-4BD0719A53C9}.Release|x86.Build.0 = Release|Win32
		{4B2602F6-0AA6-47FC-BDF3-7557F07FC537}.Debug|x64.ActiveCfg = Debug|x64
		{4B2602F6-0AA6-47FC-BDF3-7557F07FC537}.Debug|x64.Build.0 = Debug|x64
		{4B2602F6-0AA6-47FC-BDF3-7557F07FC537}.Debug|x86.ActiveCfg = Debug|Win32
		{4B2602F6-0AA6-47FC-BDF3-7557F07FC537}.Debug|x86.Build.0 = Debug|Win32
		{4B2602F6-0AA6-47FC-BDF3-7557F07FC537}.Release|x64.ActiveCfg = Release|x64
		{4B2602F6-0AA6-47FC-BDF3-7557F07FC537}.Release|x64.Build.0 = Release|x64
		{4B2602F6-0AA6-47FC-BDF3-7557F07FC537}.Release|x86.ActiveCfg = Release|Win32
		{4B2602F6-0AA6-47FC-BDF3-7557F07FC537}.Release|x86.Build.0 = Release|Win32
		{D78597AA-CD0E-4331-9D10-0CC7CF6B4788}.Debug|x64.ActiveCfg = Debug|x64
		{D78597AA-CD0E-4331-9D10-0CC7CF6B4788}.Debug|x64.Build.0 = Debug|x64
		{D78597AA-CD0E-4331-9D10-0CC7CF6B4788}.Debug|x86.ActiveCfg = Debug|Win32
		{D78597AA-CD0E-4331-9D10-0CC7CF6B4788}.Debug|x86.Build.0 = Debug|Win32
		{D78597AA-CD0E-4331-9D10-0CC7CF6B4788}.Release|x64.ActiveCfg = Release|x64
		{D78597AA-CD0E-4331-9D10-0CC7CF6B4788}.Release|x64.Build.0 = Release|x64
		{D78597AA-CD0E-4331-9D10-0CC7CF6B4788}.Release|x86.ActiveCfg = Release|Win32
		{D78597AA-CD0E-4331-9D10-0CC7CF6B4788}.Release|x86.Build.0 = Release|Win32
		{22B28BDA-3B0D-4566-A248-E71581C81B8B}.Debug|x64.ActiveCfg = Debug|x64
		{22B28BDA-3B0D-4566-A248-E71581C81B8B}.Debug|x64.Build.0 = Debug|x64
		{22B28BDA-3B0D-4566-A248-E71581C81B8B}.Debug|x86.ActiveCfg = Debug|Win32
		{22B28BDA-3B0D-4566-A248-E71581C81B8B}.Debug|x86.Build.0 = Debug|Win32
		{22B28BDA-3B0D-4566-A248-E71581C81B8B}.Release|x64.ActiveCfg = Release|x64
		{22B28BDA-3B0D-4566-A248-E71581C81B8B}.Release|x64.Build.0 = Release|x64
		{22B28BDA-3B0D-4566-A248-E71581C81B8B}.Release|x86.ActiveCfg = Release|Win32
		{22B28BDA-3B0D-4566-A248-E71581C81B8B}.Release|x86.Build.0 = Release|Win32
		{061AD5A6-CD52-40D9-B4FF-A0CC8B35DEFF}.Debug|x64.ActiveCfg = Debug|x64
		{061AD5A6-CD52-40D9-B4FF-A0CC8B35DEFF}.Debug|x64.Build.0 = Debug|x64
		{061AD5A6-CD52-40D9-B4FF-A0CC8B35DEFF}.Debug|x86.ActiveCfg = Debug|Win32
		{061AD5A6-CD52-40D9-B4FF-A0CC8B35DEFF}.Debug|x86.Build.0 = Debug|Win32
		{061AD5A6-CD52-40D9-B4FF-A0CC8B35DEFF}.Release|x64.ActiveCfg = Release|x64
		{061AD5A6-CD52-40D9-B4FF-A0CC8B35DEFF}.Release|x64.Build.0 = Release|x64
		{061AD5A6-CD52-40D9-B4FF-A0CC8B35DEFF}.Release|x86.ActiveCfg = Release|Win32
		{061AD5A6-CD52-40D9-B4FF-A0CC8B35DEFF}.Release|x86.Build.0 = Release|Win32
		{5FADA3AE-0D0C-4E95-9DC1-27562CF14DF9}.Debug|x64.ActiveCfg = Debug|x64
		{5FADA3AE-0D0C-4E95-9DC1-27562CF14DF9}.Debug|x64.Build.0 = Debug|x64
		{5FADA3AE-0D0C-4E95-9DC1-27562CF14DF9}.Debug|x86.ActiveCfg = Debug|Win32
		{5FADA3AE-0D0C-4E95-9DC1-27562CF14DF9}.Debug|x86.Build.0 = Debug|Win32
		{5FADA3AE-0D0C-4E95-9DC1-27562CF14DF9}.Release|x64.ActiveCfg = Release|x64
		{5FADA3AE-0D0C-4E95-9DC1-27562CF14DF9}.Release|x64.Build.0 = Release|x64
		{5FADA3AE-0D0C-4E95-9DC1-27562CF14DF9}.Release|x86.ActiveCfg = Release|Win32
		{5FADA3AE-0D0C-4E95-9DC1-27562CF14DF9}.Release|x86.Build.0 = Release|Win32
		{85D3557F-17C4-44BF-A856-9188349EDE67}.Debug|x64.ActiveCfg = Debug|x64
		{85D3557F-17C4-44BF-A856-9188349EDE67}.Debug|x64.Build.0 = Debug|x64
		{85D3557F-17C4-44BF-A856-9188349EDE67}.Debug|x86.ActiveCfg = Debug|Win32
		{85D3557F-17C4-44BF-A856-9188349EDE67}.Debug|x86.Build.0 = Debug|Win32
		{85D3557F-17C4-44BF-A856-9188349EDE67}.Release|x64.ActiveCfg = Release|x64
		{85D3557F-17C4-44BF-A856-9188349EDE67}.Release|x64.Build.0 = Release|x64
		{85D3557F-17C4-44BF-A856-9188349EDE67}.Release|x86.ActiveCfg = Release|Win32
		{85D3557F-17C4-44BF-A856-9188349EDE67}.Release|x86.Build.0 = Release|Win32
		{4263C106-0ECD-4D46-AFE6-3C2468D9D7AC}.Debug|x64.ActiveCfg = Debug|x64
		{4263C106-0ECD-4D46-AFE6-3C2468D9D7AC}.Debug|x64.Build.0 = Debug|x64
		{4263C106-0ECD-4D46-AFE6-3C2468D9D7AC}.Debug|x86.ActiveCfg = Debug|Win32
		{4263C106-0ECD-4D46-AFE6-3C2468D9D7AC}.Debug|x86.Build.0 = Debug|Win32
		{4263C106-0ECD-4D46-AFE6-3C2468D9D7AC}.Release|x64.ActiveCfg = Release|x64
		{4263C106-0ECD-4D46-AFE6-3C2468D9D7AC}.Release|x64.Build.0 = Release|x64
		{4263C106-0ECD-4D46-AFE6-3C2468D9D7AC}.Release|x86.ActiveCfg = Release|Win32
		{4263C106-0ECD-4D46-AFE6-3C2468D9D7AC}.Release|x86.Build.0 = Release|Win32
		{93216372-D8A6-43A1-A867-5C02B156BDF8}.Debug|x64.ActiveCfg = Debug|x64
		{93216372-D8A6-43A1-A867-5C02B156BDF8}.Debug|x64.Build.0 = Debug|x64
		{93216372-D8A6-43A1-A867-5C02B156BDF8}.Debug|x86.ActiveCfg = Debug|Win32
		{93216372-D8A6-43A1-A867-5C02B156BDF8}.Debug|x86.Build.0 = Debug|Win32
		{93216372-D8A6-43A1-A867-5C02B156BDF8}.Release|x64.ActiveCfg = Release|x64
		{93216372-D8A6-43A1-A867-5C02B156BDF8}.Release|x64.Build.0 = Release|x64
		{93216372-D8A6-43A1-A867-5C02B156BDF8}.Release|x86.ActiveCfg = Release|Win32
		{93216372-D8A6-43A1-A867-5C02B156BDF8}.Release|x86.Build.0 = Release|Win32
		{9F404E18-E1BA-4A98-B4B8-D38938A2F077}.Debug|x64.ActiveCfg = Debug|x64
		{9F404E18-E1BA-4A98-B4B8-D38938A2F077}.Debug|x64.Build.0 = Debug|x64
		{9F404E18-E1BA-4A98-B4B8-D38938A2F077}.Debug|x86.ActiveCfg = Debug|Win32
		{9F404E18-E1BA-4A98-B4B8-D38938A2F077}.Debug|x86.Build.0 = Debug|Win32
		{9F404E18-E1BA-4A98-B4B8-D38938A2F077}.Release|x64.ActiveCfg = Release|x64
		{9F404E18-E1BA-4A98-B4B8-D38938A2F077}.Release|x64.Build.0 = Release|x64
		{9F404E18-E1BA-4A98-B4B8-D38938A2F077}.Release|x86.ActiveCfg = Release|Win32
		{9F404E18-E1BA-4A98-B4B8-D38938A2F077}.Release|x86.Build.0 = Release|Win32
		{0B3123EB-E769-47E4-A216-E274D9C5807F}.Debug|x64.ActiveCfg = Debug|x64
		{0B3123EB-E769-47E4-A216-E274D9C5807F}.Debug|x64.Build.0 = Debug|x64
		{0B3123EB-E769-47E4-A216-E274D9C5807F}.Debug|x86.ActiveCfg = Debug|Win32
		{0B3123EB-E769-47E4-A216-E274D9C5807F}.Debug|x86.Build.0 = Debug|Win32
		{0B3123EB-E769-47E4-A216-E274D9C5807F}.Release|x64.ActiveCfg = Release|x64
		{0B3123EB-E769-47E4-A216-E274D9C5807F}.Release|x64.Build.0 = Release|x64
		{0B3123EB-E769-47E4-A216-E274D9C5807F}.Release|x86.ActiveCfg = Release|Win32
		{0B3123EB-E769-47E4-A216-E274D9C5807F}.Release|x86.Build.0 = Release|Win32
		{60179231-ECFA-4D4D-8690-5DC6299EAABD}.Debug|x64.ActiveCfg = Debug|x64
		{60179231-ECFA-4D4D-8690-5DC6299EAABD}.Debug|x64.Build.0 = Debug|x64
		{60179231-ECFA-4D4D-8690-5DC6299EAABD}.Debug|x86.ActiveCfg = Debug|Win32
		{60179231-ECFA-4D4D-8690-5DC6299EAABD}.Debug|x86.Build.0 = Debug|Win32
		{60179231-ECFA-4D4D-8690-5DC6299EAABD}.Release|x64.ActiveCfg = Release|x64
		{60179231-ECFA-4D4D-8690-5DC6299EAABD}.Release|x64.Build.0 = Release|x64
		{60179231-ECFA-4D4D-8690-5DC6299EAABD}.Release|x86.ActiveCfg = Release|Win32
		{60179231-ECFA-4D4D-8690-5DC6299EAABD}.Release|x86.Build.0 = Release|Win32
		{60C93BFB-296C-4D78-A743-B6F1A3902897}.Debug|x64.ActiveCfg = Debug|x64
		{60C93BFB-296C-4D78-A743-B6F1A3902897}.Debug|x64.Build.0 = Debug|x64
		{60C93BFB-296C-4D78-A743-B6F1A3902897}.Debug|x86.ActiveCfg = Debug|Win32
		{60C93BFB-296C-4D78-A743-B6F1A3902897}.Debug|x86.Build.0 = Debug|Win32
		{60C93BFB-296C-4D78-A743-B6F1A3902897}.Release|x64.ActiveCfg = Release|x64
		{60C93BFB-296C-4D78-A743-B6F1A3902897}.Release|x64.Build.0 = Release|x64
		{60C93BFB-296C-4D78-A743-B6F1A3902897}.Release|x86.ActiveCfg = Release|Win32
		{60C93BFB-296C-4D78-A743-B6F1A3902897}.Release|x86.Build.0 = Release|Win32
		{3E4ADE44-4CB4-4A57-9CB1-A357AA09A85C}.Debug|x64.ActiveCfg = Debug|x64
		{3E4ADE44-4CB4-4A57-9CB1-A357AA09A85C}.Debug|x64.Build.0 = Debug|x64
		{3E4ADE44-4CB4-4A57-9CB1-A357AA09A85C}.Debug|x86.ActiveCfg = Debug|Win32
		{3E4ADE44-4CB4-4A57-9CB1-A357AA09A85C}.Debug|x86.Build.0 = Debug|Win32
		{3E4ADE44-4CB4-4A57-9CB1-A357AA09A85C}.Release|x64.ActiveCfg = Release|x64
		{3E4ADE44-4CB4-4A57-9CB1-A357AA09A85C}.Release|x64.Build.0 = Release|x64
		{3E4ADE44-4CB4-4A57-9CB1-A357AA09A85C}.Release|x86.ActiveCfg = Release|Win32
		{3E4ADE44-4CB4-4A57-9CB1-A357AA09A85C}.Release|x86.Build.0 = Release|Win32
		{864738EE-1C4E-47AC-852D-101852E36D6C}.Debug|x64.ActiveCfg = Debug|x64
		{864738EE-1C4E-47AC-852D-101852E36D6C}.Debug|x64.Build.0 = Debug|x64
		{864738EE-1C4E-47AC-852D-101852E36D6C}.Debug|x86.ActiveCfg = Debug|Win32
		{864738EE-1C4E-47AC-852D-101852E36D6C}.Debug|x86.Build.0 = Debug|Win32
		{864738EE-1C4E-47AC-852D-101852E36D6C}.Release|x64.ActiveCfg = Release|x64
		{864738EE-1C4E-47AC-852D-101852E36D6C}.Release|x64.Build.0 = Release|x64
		{864738EE-1C4E-47AC-852D-101852E36D6C}.Release|x86.ActiveCfg = Release|Win32
		{864738EE-1C4E-47AC-852D-101852E36D6C}.Release|x86.Build.0 = Release|Win32
		{35672413-5F61-46A4-AB27-93500B19D9DE}.Debug|x64.ActiveCfg = Debug|x64
		{35672413-5F61-46A4-AB27-93500B19D9DE}.Debug|x64.Build.0 = Debug|x64
		{35672413-5F61-46A4-AB27-93500B19D9DE}.Debug|x86.ActiveCfg = Debug|Win32
		{35672413-5F61-46A4-AB27-93500B19D9DE}.Debug|x86.Build.0 = Debug|Win32
		{35672413-5F61-46A4-AB27-93500B19D9DE}.Release|x64.ActiveCfg = Release|x64
		{35672413-5F61-46A4-AB27-93500B19D9DE}.Release|x64.Build.0 = Release|x64
		{35672413-5F61-46A4-AB27-93500B19D9DE}.Release|x86.ActiveCfg = Release|Win32
		{35672413-5F61-46A4-AB27-93500B19D9DE}.Release|x86.Build.0 = Release|Win32
		{135CB6D9-29A6-4061-9F5F-6DA9E801CF5F}.Debug|x64.ActiveCfg = Debug|x64
		{135CB6D9-29A6-4061-9F5F-6DA9E801CF5F}.Debug|x64.Build.0 = Debug|x64
		{135CB6D9-29A6-4061-9F5F-6DA9E801CF5F}.Debug|x86.ActiveCfg = Debug|Win32
		{135CB6D9-29A6-4061-9F5F-6DA9E801CF5F}.Debug|x86.Build.0 = Debug|Win32
		{135CB6D9-29A6-4061-9F5F-6DA9E801CF5F}.Release|x64.ActiveCfg = Release|x64
		{135CB6D9-29A6-4061-9F5F-6DA9E801CF5F}.Release|x64.Build.0 = Release|x64
		{135CB6D9-29A6-4061-9F5F-6DA9E801CF5F}.Release|x86.ActiveCfg = Release|Win32
		{135CB6D9-29A6-4061-9F5F-6DA9E801CF5F}.Release|x86.Build.0 = Release|Win32
		{4CD97346-FB57-462B-82AD-401AE3D9E520}.Debug|x64.ActiveCfg = Debug|x64
		{4CD97346-FB57-462B-82AD-401AE3D9E520}.Debug|x64.Build.0 = Debug|x64
		{4CD97346-FB57-462B-82AD-401AE3D9E520}.Debug|x86.ActiveCfg = Debug|Win32
		{4CD97346-FB57-462B-82AD-401AE3D9E520}.Debug|x86.Build.0 = Debug|Win32
		{4CD97346-FB57-462B-82AD-401AE3D9E520}.Release|x64.ActiveCfg = Release|x64
		{4CD97346-FB57-462B-82AD-401AE3D9E520}.Release|x64.Build.0 = Release|x64
		{4CD97346-FB57-462B-82AD-401AE3D9E520}.Release|x86.ActiveCfg = Release|Win32
		{4CD97346-FB57-462B-82AD-401AE3D9E520}.Release|x86.Build.0 = Release|Win32
		{BAA639F3-8479-46CC-8178-EA7986D37572}.Debug|x64.ActiveCfg = Debug|x64
		{BAA639F3-8479-46CC-8178-EA7986D37572}.Debug|x64.Build.0 = Debug|x64
		{BAA639F3-8479-46CC-8178-EA7986D37572}.Debug|x86.ActiveCfg = Debug|Win32
		{BAA639F3-8479-46CC-8178-EA7986D37572}.Debug|x86.Build.0 = Debug|Win32
		{BAA639F3-8479-46CC-8178-EA7986D37572}.Release|x64.ActiveCfg = Release|x64
		{BAA639F3-8479-46CC-8178-EA7986D37572}.Release|x64.Build.0 = Release|x64
		{BAA639F3-8479-46CC-8178-EA7986D37572}.Release|x86.ActiveCfg = Release|Win32
		{BAA639F3-8479-46CC-8178-EA7986D37572}.Release|x86.Build.0 = Release|Win32
		{34C66792-3282-48B9-A2BB-2C9F7C43DD36}.Debug|x64.ActiveCfg = Debug|x64
		{34C66792-3282-48B9-A2BB-2C9F7C43DD36}.Debug|x64.Build.0 = Debug|x64
		{34C66792-3282-48B9-A2BB-2C9F7C43DD36}.Debug|x86.ActiveCfg = Debug|Win32
		{34C66792-3282-48B9-A2BB-2C9F7C43DD36}.Debug|x86.Build.0 = Debug|Win32
		{34C66792-3282-48B9-A2BB-2C9F7C43DD36}.Release|x64.ActiveCfg = Release|x64
		{34C66792-3282-48B9-A2BB-2C9F7C43DD36}.Release|x64.Build.0 = Release|x64
		{34C66792-3282-48B9-A2BB-2C9F7C43DD36}.Release|x86.ActiveCfg = Release|Win32
		{34C66792-3282-48B9-A2BB-2C9F7C43DD36}.Release|x86.Build.0 = Release|Win32
		{AB41C4B4-D74C-43CA-BDFE-791301774096}.Debug|x64.ActiveCfg = Debug|x64
		{AB41C4B4-D74C-43CA-BDFE-791301774096}.Debug|x64.Build.0 = Debug|x64
		{AB41C4B4-D74C-43CA-BDFE-791301774096}.Debug|x86.ActiveCfg = Debug|Win32
		{AB41C4B4-D74C-43CA-BDFE-791301774096}.Debug|x86.Build.0 = Debug|Win32
		{AB41C4B4-D74C-43CA-BDFE-791301774096}.Release|x64.ActiveCfg = Release|x64
		{AB41C4B4-D74C-43CA-BDFE-791301774096}.Release|x64.Build.0 = Release|x64
		{AB41C4B4-D74C-43CA-BDFE-791301774096}.Release|x86.ActiveCfg = Release|Win32
		{AB41C4B4-D74C-43CA-BDFE-791301774096}.Release|x86.Build.0 = Release|Win32
		{9FD70986-3F1C-42BF-9539-062B61BCDEA3}.Debug|x64.ActiveCfg = Debug|x64
		{9FD70986-3F1C-42BF-9539-062B61BCDEA3}.Debug|x64.Build.0 = Debug|x64
		{9FD70986-3F1C-42BF-9539-062B61BCDEA3}.Debug|x86.ActiveCfg = Debug|Win32
		{9FD70986-3F1C-42BF-9539-062B61BCDEA3}.Debug|x86.Build.0 = Debug|Win32
		{9FD70986-3F1C-42BF-9539-062B61BCDEA3}.Release|x64.ActiveCfg = Release|x64
		{9FD70986-3F1C-42BF-9539-062B61BCDEA3}.Release|x64.Build.0 = Release|x64
		{9FD70986-3F1C-42BF-9539-062B61BCDEA3}.Release|x86.ActiveCfg = Release|Win32
		{9FD70986-3F1C-42BF-9539-062B61BCDEA3}.Release|x86.Build.0 = Release|Win32
		{7B5CA3BA-7D89-4072-A0B3-A93C6E636774}.Debug|x64.ActiveCfg = Debug|x64
		{7B5CA3BA-7D89-4072-A0B3-A93C6E636774}.Debug|x64.Build.0 = Debug|x64
		{7B5CA3BA-7D89-4072-A0B3-A93C6E636774}.Debug|x86.ActiveCfg = Debug|Win32
		{7B5CA3BA-7D89-4072-A0B3-A93C6E636774}.Debug|x86.Build.0 = Debug|Win32
		{7B5CA3BA-7D89-4072-A0B3-A93C6E636774}.Release|x64.ActiveCfg = Release|x64
		{7B5CA3BA-7D89-4072-A0B3-A93C6E636774}.Release|x64.Build.0 = Release|x64
		{7B5CA3BA-7D89-4072-A0B3-A93C6E636774}.Release|x86.ActiveCfg = Release|Win32
		{7B5CA3BA-7D89-4072-A0B3-A93C6E636774}.Release|x86.Build.0 = Release|Win32
		{FB6D6C2A-2E2C-4603-82F2-AF63797EF911}.Debug|x64.ActiveCfg = Debug|x64
		{FB6D6C2A-2E2C-4603-82F2-AF63797EF911}.Debug|x64.Build.0 = Debug|x64
		{FB6D6C2A-2E2C-4603-82F2-AF63797EF911}.Debug|x86.ActiveCfg = Debug|Win32
		{FB6D6C2A-2E2C-4603-82F2-AF63797EF911}.Debug|x86.Build.0 = Debug|Win32
		{FB6D6C2A-2E2C-4603-82F2-AF63797EF911}.Release|x64.ActiveCfg = Release|x64
		{FB6D6C2A-2E2C-4603-82F2-AF63797EF911}.Release|x64.Build.0 = Release|x64
		{FB6D6C2A-2E2C-4603-82F2-AF63797EF911}.Release|x86.ActiveCfg = Release|Win32
		{FB6D6C2A-2E2C-4603-82F2-AF63797EF911}.Release|x86.Build.0 = Release|Win32
		{018145B0-88B8-411E-ABFC-3ACE4235D964}.Debug|x64.ActiveCfg = Debug|x64
		{018145B0-88B8-411E-ABFC-3ACE4235D964}.Debug|x64.Build.0 = Debug|x64
		{018145B0-88B8-411E-ABFC-3ACE4235D964}.Debug|x86.ActiveCfg = Debug|Win32
		{018145B0-88B8-411E-ABFC-3ACE4235D964}.Debug|x86.Build.0 = Debug|Win32
		{018145B0-88B8-411E-ABFC-3ACE4235D964}.Release|x64.ActiveCfg = Release|x64
		{018145B0-88B8-411E-ABFC-3ACE4235D964}.Release|x64.Build.0 = Release|x64
		{018145B0-88B8-411E-ABFC-3ACE4235D964}.Release|x86.ActiveCfg = Release|Win32
		{018145B0-88B8-411E-ABFC-3ACE4235D964}.Release|x86.Build.0 = Release|Win32
		{DA92EF80-54CB-4DFD-8DEA-54BD04477E76}.Debug|x64.ActiveCfg = Debug|x64
		{DA92EF80-54CB-4DFD-8DEA-54BD04477E76}.Debug|x64.Build.0 = Debug|x64
		{DA92EF80-54CB-4DFD-8DEA-54BD04477E76}.Debug|x86.ActiveCfg = Debug|Win32
		{DA92EF80-54CB-4DFD-8DEA-54BD04477E76}.Debug|x86.Build.0 = Debug|Win32
		{DA92EF80-54CB-4DFD-8DEA-54BD04477E76}.Release|x64.ActiveCfg = Release|x64
		{DA92EF80-54CB-4DFD-8DEA-54BD04477E76}.Release|x64.Build.0 = Release|x64
		{DA92EF80-54CB-4DFD-8DEA-54BD04477E76}.Release|x86.ActiveCfg = Release|Win32
		{DA92EF80-54CB-4DFD-8DEA-54BD04477E76}.Release|x86.Build.0 = Release|Win32
		{CE74A429-B539-4DD3-97AF-553E64B91ECB}.Debug|x64.ActiveCfg = Debug|x64
		{CE74A429-B539-4DD3-97AF-553E64B91ECB}.Debug|x64.Build.0 = Debug|x64
		{CE74A429-B539-4DD3-97AF-553E64B91ECB}.Debug|x86.ActiveCfg = Debug|Win32
		{CE74A429-B539-4DD3-97AF-553E64B91ECB}.Debug|x86.Build.0 = Debug|Win32
		{CE74A429-B539-4DD3-97AF-553E64B91ECB}.Release|x64.ActiveCfg = Release|x64
		{CE74A429-B539-4DD3-97AF-553E64B91ECB}.Release|x64.Build.0 = Release|x64
		{CE74A429-B539-4DD3-97AF-553E64B91ECB}.Release|x86.ActiveCfg = Release|Win32
		{CE74A429-B539-4DD3-97AF-553E64B91ECB}.Release|x86.Build.0 = Release|Win32
		{C6B8372C-7CA7-4231-8536-FD412521CED4}.Debug|x64.ActiveCfg = Debug|x64
		{C6B8372C-7CA7-4231-8536-FD412521CED4}.Debug|x64.Build.0 = Debug|x64
		{C6B8372C-7CA7-4231-8536-FD412521CED4}.Debug|x86.ActiveCfg = Debug|Win32
		{C6B8372C-7CA7-4231-8536-FD412521CED4}.Debug|x86.Build.0 = Debug|Win32
		{C6B8372C-7CA7-4231-8536-FD412521CED4}.Release|x64.ActiveCfg = Release|x64
		{C6B8372C-7CA7-4231-8536-FD412521CED4}.Release|x64.Build.0 = Release|x64
		{C6B8372C-7CA7-4231-8536-FD412521CED4}.Release|x86.ActiveCfg = Release|Win32
		{C6B8372C-7CA7-4231-8536-FD412521CED4}.Release|x86.Build.0 = Release|Win32
		{89EC3E0A-0958-45E3-9435-853692CEF18F}.Debug|x64.ActiveCfg = Debug|x64
		{89EC3E0A-0958-45E3-9435-853692CEF18F}.Debug|x64.Build.0 = Debug|x64
		{89EC3E0A-0958-45E3-9435-853692CEF18F}.Debug|x86.ActiveCfg = Debug|Win32
		{89EC3E0A-0958-45E3-9435-853692CEF18F}.Debug|x86.Build.0 = Debug|Win32
		{89EC3E0A-0958-45E3-9435-853692CEF18F}.Release|x64.ActiveCfg = Release|x64
		{89EC3E0A-0958-45E3-9435-853692CEF18F}.Release|x64.Build.0 = Release|x64
		{89EC3E0A-0958-45E3-9435-853692CEF18F}.Release|x86.ActiveCfg = Release|Win32
		{89EC3E0A-0958-45E3-9435-853692CEF18F}.Release|x86.Build.0 = Release|Win32
		{CBB7DFE7-C9C1-40E1-8B4F-8D50A814119D}.Debug|x64.ActiveCfg = Debug|x64
		{CBB7DFE7-C9C1-40E1-8B4F-8D50A814119D}.Debug|x64.Build.0 = Debug|x64
		{CBB7DFE7-C9C1-40E1-8B4F-8D50A814119D}.Debug|x86.ActiveCfg = Debug|Win32
		{CBB7DFE7-C9C1-40E1-8B4F-8D50A814119D}.Debug|x86.Build.0 = Debug|Win32
		{CBB7DFE7-C9C1-40E1-8B4F-8D50A814119D}.Release|x64.ActiveCfg = Release|x64
		{CBB7DFE7-C9C1-40E1-8B4F-8D50A814119D}.Release|x64.Build.0 = Release|x64
		{CBB7DFE7-C9C1-40E1-8B4F-8D50A814119D}.Release|x86.ActiveCfg = Release|Win32
		{CBB7DFE7-C9C1-40E1-8B4F-8D50A814119D}.Release|x86.Build.0 = Release|Win32
		{1444800F-DAD6-4D45-BE32-C87946ADCDC4}.Debug|x64.ActiveCfg = Debug|x64
		{1444800F-DAD6-4D45-BE32-C87946ADCDC4}.Debug|x64.Build.0 = Debug|x64
		{1444800F-DAD6-4D45-BE32-C87946ADCDC4}.Debug|x86.ActiveCfg = Debug|Win32
		{1444800F-DAD6-4D45-BE32-C87946ADCDC4}.Debug|x86.Build.0 = Debug|Win32
		{1444800F-DAD6-4D45-BE32-C87946ADCDC4}.Release|x64.ActiveCfg = Release|x64
		{1444800F-DAD6-4D45-BE32-C87946ADCDC4}.Release|x64.Build.0 = Release|x64
		{1444800F-DAD6-4D45-BE32-C87946ADCDC4}.Release|x86.ActiveCfg = Release|Win32
		{1444800F-DAD6-4D45-BE32-C87946ADCDC4}.Release|x86.Build.0 = Release|Win32
		{557CF5FC-2FBE-4F47-BD48-BACB337C1C77}.Debug|x64.ActiveCfg = Debug|x64
		{557CF5FC-2FBE-4F47-BD48-BACB337C1C77}.Debug|x64.Build.0 = Debug|x64
		{557CF5FC-2FBE-4F47-BD48-BACB337C1C77}.Debug|x86.ActiveCfg = Debug|Win32
		{557CF5FC-2FBE-4F47-BD48-BACB337C1C77}.Debug|x86.Build.0 = Debug|Win32
		{557CF5FC-2FBE-4F47-BD48-BACB337C1C77}.Release|x64.ActiveCfg = Release|x64
		{557CF5FC-2FBE-4F47-BD48-BACB337C1C77}.Release|x64.Build.0 = Release|x64
		{557CF5FC-2FBE-4F47-BD48-BACB337C1C77}.Release|x86.ActiveCfg = Release|Win32
		{557CF5FC-2FBE-4F47-BD48-BACB337C1C77}.Release|x86.Build.0 = Release|Win32
		{A24E982F-CE06-4942-B811-F325283B5FAA}.Debug|x64.ActiveCfg = Debug|x64
		{A24E982F-CE06-4942-B811-F325283B5FAA}.Debug|x64.Build.0 = Debug|x64
		{A24E982F-CE06-4942-B811-F325283B5FAA}.Debug|x86.ActiveCfg = Debug|Win32
		{A24E982F-CE06-4942-B811-F325283B5FAA}.Debug|x86.Build.0 = Debug|Win32
		{A24E982F-CE06-4942-B811-F325283B5FAA}.Release|x64.ActiveCfg = Release|x64
		{A24E982F-CE06-4942-B811-F325283B5FAA}.Release|x64.Build.0 = Release|x64
		{A24E982F-CE06-4942-B811-F325283B5FAA}.Release|x86.ActiveCfg = Release|Win32
		{A24E982F-CE06-4942-B811-F325283B5FAA}.Release|x86.Build.0 = Release|Win32
		{1E7E0A5C-F33C-45D0-9DB5-CCA76FC5E1DE}.Debug|x64.ActiveCfg = Debug|x64
		{1E7E0A5C-F33C-45D0-9DB5-CCA76FC5E1DE}.Debug|x64.Build.0 = Debug|x64
		{1E7E0A5C-F33C-45D0-9DB5-CCA76FC5E1DE}.Debug|x86.ActiveCfg = Debug|Win32
		{1E7E0A5C-F33C-45D0-9DB5-CCA76FC5E1DE}.Debug|x86.Build.0 = Debug|Win32
		{1E7E0A5C-F33C-45D0-9DB5-CCA76FC5E1DE}.Release|x64.ActiveCfg = Release|x64
		{1E7E0A5C-F33C-45D0-9DB5-CCA76FC5E1DE}.Release|x64.Build.0 = Release|x64
		{1E7E0A5C-F33C-45D0-9DB5-CCA76FC5E1DE}.Release|x86.ActiveCfg = Release|Win32
		{1E7E0A5C-F33C-45D0-9DB5-CCA76FC5E1DE}.Release|x86.Build.0 = Release|Win32
		{D52D48DF-9D94-4A0B-875B-EEA22E65840E}.Debug|x64.ActiveCfg = Debug|x64
		{D52D48DF-9D94-4A0B-875B-EEA22E65840E}.Debug|x64.Build.0 = Debug|x64
		{D52D48DF-9D94-4A0B-875B-EEA22E65840E}.Debug|x86.ActiveCfg = Debug|Win32
		{D52D48DF-9D94-4A0B-875B-EEA22E65840E}.Debug|x86.Build.0 = Debug|Win32
		{D52D48DF-9D94-4A0B-875B-EEA22E65840E}.Release|x64.ActiveCfg = Release|x64
		{D52D48DF-9D94-4A0B-875B-EEA22E65840E}.Release|x64.Build.0 = Release|x64
		{D52D48DF-9D94-4A0B-875B-EEA22E65840E}.Release|x86.ActiveCfg = Release|Win32
		{D52D48DF-9D94-4A0B-875B-EEA22E65840E}.Release|x86.Build.0 = Release|Win32
		{CE312CF7-9916-485D-960D-D6F84B43C975}.Debug|x64.ActiveCfg = Debug|x64
		{CE312CF7-9916-485D-960D-D6F84B43C975}.Debug|x64.Build.0 = Debug|x64
		{CE312CF7-9916-485D-960D-D6F84B43C975}.Debug|x86.ActiveCfg = Debug|Win32
		{CE312CF7-9916-485D-960D-D6F84B43C975}.Debug|x86.Build.0 = Debug|Win32
		{CE312CF7-9916-485D-960D-D6F84B43C975}.Release|x64.ActiveCfg = Release|x64
		{CE312CF7-9916-485D-960D-D6F84B43C975}.Release|x64.Build.0 = Release|x64
		{CE312CF7-9916-485D-960D-D6F84B43C975}.Release|x86.ActiveCfg = Release|Win32
		{CE312CF7-9916-485D-960D-D6F84B43C975}.Release|x86.Build.0 = Release|Win32
		{6B22A136-81A0-4C89-AC94-43E5482B6B67}.Debug|x64.ActiveCfg = Debug|x64
		{6B22A136-81A0-4C89-AC94-43E5482B6B67}.Debug|x64.Build.0 = Debug|x64
		{6B22A136-81A0-4C89-AC94-43E5482B6B67}.Debug|x86.ActiveCfg = Debug|Win32
		{6B22A136-81A0-4C89-AC94-43E5482B6B67}.Debug|x86.Build.0 = Debug|Win32
		{6B22A136-81A0-4C89-AC94-43E5482B6B67}.Release|x64.ActiveCfg = Release|x64
		{6B22A136-81A0-4C89-AC94-43E5482B6B67}.Release|x64.Build.0 = Release|x64
		{6B22A136-81A0-4C89-AC94-43E5482B6B67}.Release|x86.ActiveCfg = Release|Win32
		{6B22A136-81A0-4C89-AC94-43E5482B6B67}.Release|x86.Build.0 = Release|Win32
		{D882296B-F4D9-4550-A968-0BE2B3C9C6EA}.Debug|x64.ActiveCfg = Debug|x64
		{D882296B-F4D9-4550-A968-0BE2B3C9C6EA}.Debug|x64.Build.0 = Debug|x64
		{D882296B-F4D9-4550-A968-0BE2B3C9C6EA}.Debug|x86.ActiveCfg = Debug|Win32
		{D882296B-F4D9-4550-A968-0BE2B3C9C6EA}.Debug|x86.Build.0 = Debug|Win32
		{D882296B-F4D9-4550-A968-0BE2B3C9C6EA}.Release|x64.ActiveCfg = Release|x64
		{D882296B-F4D9-4550-A968-0BE2B3C9C6EA}.Release|x64.Build.0 = Release|x64
		{D882296B-F4D9-4550-A968-0BE2B3C9C6EA}.Release|x86.ActiveCfg = Release|Win32
		{D882296B-F4D9-4550-A968-0BE2B3C9C6EA}.Release|x86.Build.0 = Release|Win32
		{2033A9E4-3617-4453-9391-4477FF5842CE}.Debug|x64.ActiveCfg = Debug|x64
		{2033A9E4-3617-4453-9391-4477FF5842CE}.Debug|x64.Build.0 = Debug|x64
		{2033A9E4-3617-4453-9391-4477FF5842CE}.Debug|x86.ActiveCfg = Debug|Win32
		{2033A9E4-3617-4453-9391-4477FF5842CE}.Debug|x86.Build.0 = Debug|Win32
		{2033A9E4-3617-4453-9391-4477FF5842CE}.Release|x64.ActiveCfg = Release|x64
		{2033A9E4-3617-4453-9391-4477FF5842CE}.Release|x64.Build.0 = Release|x64
		{2033A9E4-3617-4453-9391-4477FF5842CE}.Release|x86.ActiveCfg = Release|Win32
		{2033A9E4-3617-4453-9391-4477FF5842CE}.Release|x86.Build.0 = Release|Win32
		{F469AECA-9FF5-4447-93F6-4470A8DE4EBE}.Debug|x64.ActiveCfg = Debug|x64
		{F469AECA-9FF5-4447-93F6-4470A8DE4EBE}.Debug|x64.Build.0 = Debug|x64
		{F469AECA-9FF5-4447-93F6-4470A8DE4EBE}.Debug|x86.ActiveCfg = Debug|Win32
		{F469AECA-9FF5-4447-93F6-4470A8DE4EBE}.Debug|x86.Build.0 = Debug|Win32
		{F469AECA-9FF5-4447-93F6-4470A8DE4EBE}.Release|x64.ActiveCfg = Release|x64
		{F469AECA-9FF5-4447-93F6-4470A8DE4EBE}.Release|x64.Build.0 = Release|x64
		{F469AECA-9FF5-4447-93F6-4470A8DE4EBE}.Release|x86.ActiveCfg = Release|Win32
		{F469AECA-9FF5-4447-93F6-4470A8DE4EBE}.Release|x86.Build.0 = Release|Win32
		{6B74F108-C782-40DD-8B50-A7EC8B1E3625}.Debug|x64.ActiveCfg = Debug|x64
		{6B74F108-C782-40DD-8B50-A7EC8B1E3625}.Debug|x64.Build.0 = Debug|x64
		{6B74F108-C782-40DD-8B50-A7EC8B1E3625}.Debug|x86.ActiveCfg = Debug|Win32
		{6B74F108-C782-40DD-8B50-A7EC8B1E3625}.Debug|x86.Build.0 = Debug|Win32
		{6B74F108-C782-40DD-8B50-A7EC8B1E3625}.Release|x64.ActiveCfg = Release|x64
		{6B74F108-C782-40DD-8B50-A7EC8B1E3625}.Release|x64.Build.0 = Release|x64
		{6B74F108-C782-40DD-8B50-A7EC8B1E3625}.Release|x86.ActiveCfg = Release|Win32
		{6B74F108-C782-40DD-8B50-A7EC8B1E3625}.Release|x86.Build.0 = Release|Win32
		{09416057-17C8-4D4F-A089-E66ED9FB703E}.Debug|x64.ActiveCfg = Debug|x64
		{09416057-17C8-4D4F-A089-E66ED9FB703E}.Debug|x64.Build.0 = Debug|x64
		{09416057-17C8-4D4F-A089-E66ED9FB703E}.Debug|x86.ActiveCfg = Debug|Win32
		{09416057-17C8-4D4F-A089-E66ED9FB703E}.Debug|x86.Build.0 = Debug|Win32
		{09416057-17C8-4D4F-A089-E66ED9FB703E}.Release|x64.ActiveCfg = Release|x64
		{09416057-17C8-4D4F-A089-E66ED9FB703E}.Release|x64.Build.0 = Release|x64
		{09416057-17C8-4D4F-A089-E66ED9FB703E}.Release|x86.ActiveCfg = Release|Win32
		{09416057-17C8-4D4F-A089-E66ED9FB703E}.Release|x86.Build.0 = Release|Win32
		{FA264F7A-6C4D-453D-BB1A-4B1EB363438B}.Debug|x64.ActiveCfg = Debug|x64
		{FA264F7A-6C4D-453D-BB1A-4B1EB363438B}.Debug|x64.Build.0 = Debug|x64
		{FA264F7A-6C4D-453D-BB1A-4B1EB363438B}.Debug|x86.ActiveCfg = Debug|Win32
		{FA264F7A-6C4D-453D-BB1A-4B1EB363438B}.Debug|x86.Build.0 = Debug|Win32
		{FA264F7A-6C4D-453D-BB1A-4B1EB363438B}.Release|x64.ActiveCfg = Release|x64
		{FA264F7A-6C4D-453D-BB1A-4B1EB363438B}.Release|x64.Build.0 = Release|x64
		{FA264F7A-6C4D-453D-BB1A-4B1EB363438B}.Release|x86.ActiveCfg = Release|Win32
		{FA264F7A-6C4D-453D-BB1A-4B1EB363438B}.Release|x86.Build.0 = Release|Win32
		{01C11BFB-8166-4D2A-80B4-B0D6EF3C0120}.Debug|x64.ActiveCfg = Debug|x64
		{01C11BFB-8166-4D2A-80B4-B0D6EF3C0120}.Debug|x64.Build.0 = Debug|x64
		{01C11BFB-8166-4D2A-80B4-B0D6EF3C0120}.Debug|x86.ActiveCfg = Debug|Win32
		{01C11BFB-8166-4D2A-80B4-B0D6EF3C0120}.Debug|x86.Build.0 = Debug|Win32
		{01C11BFB-8166-4D2A-80B4-B0D6EF3C0120}.Release|x64.ActiveCfg = Release|x64
		{01C11BFB-8166-4D2A-80B4-B0D6EF3C0120}.Release|x64.Build.0 = Release|x64
		{01C11BFB-8166-4D2A-80B4-B0D6EF3C0120}.Release|x86.ActiveCfg = Release|Win32
		{01C11BFB-8166-4D2A-80B4-B0D6EF3C0120}.Release|x86.Build.0 = Release|Win32
		{BF855AA9-C0E9-4267-8AD8-A25C489FEF5D}.Debug|x64.ActiveCfg = Debug|x64
		{BF855AA9-C0E9-4267-8AD8-A25C489FEF5D}.Debug|x64.Build.0 = Debug|x64
		{BF855AA9-C0E9-4267-8AD8-A25C489FEF5D}.Debug|x86.ActiveCfg = Debug|Win32
		{BF855AA9-C0E9-4267-8AD8-A25C489FEF5D}.Debug|x86.Build.0 = Debug|Win32
		{BF855AA9-C0E9-4267-8AD8-A25C489FEF5D}.Release|x64.ActiveCfg = Release|x64
		{BF855AA9-C0E9-4267-8AD8-A25C489FEF5D}.Release|x64.Build.0 = Release|x64
		{BF855AA9-C0E9-4267-8AD8-A25C489FEF5D}.Release|x86.ActiveCfg = Release|Win32
		{BF855AA9-C0E9-4267-8AD8-A25C489FEF5D}.Release|x86.Build.0 = Release|Win32
		{82E377A0-0E95-435E-A182-80AA515B36AD}.Debug|x64.ActiveCfg = Debug|x64
		{82E377A0-0E95-435E-A182-80AA515B36AD}.Debug|x64.Build.0 = Debug|x64
		{82E377A0-0E95-435E-A182-80AA515B36AD}.Debug|x86.ActiveCfg = Debug|Win32
		{82E377A0-0E95-435E-A182-80AA515B36AD}.Debug|x86.Build.0 = Debug|Win32
		{82E377A0-0E95-435E-A182-80AA515B36AD}.Release|x64.ActiveCfg = Release|x64
		{82E377A0-0E95-435E-A182-80AA515B36AD}.Release|x64.Build.0 = Release|x64
		{82E377A0-0E95-435E-A182-80AA515B36AD}.Release|x86.ActiveCfg = Release|Win32
		{82E377A0-0E95-435E-A182-80AA515B36AD}.Release|x86.Build.0 = Release|Win32
		{825E2980-B831-4E9B-98F3-9CBAB327C8C2}.Debug|x64.ActiveCfg = Debug|x64
		{825E2980-B831-4E9B-98F3-9CBAB327C8C2}.Debug|x64.Build.0 = Debug|x64
		{825E2980-B831-4E9B-98F3-9CBAB327C8C2}.Debug|x86.ActiveCfg = Debug|Win32
		{825E2980-B831-4E9B-98F3-9CBAB327C8C2}.Debug|x86.Build.0 = Debug|Win32
		{825E2980-B831-4E9B-98F3-9CBAB327C8C2}.Release|x64.ActiveCfg = Release|x64
		{825E2980-B831-4E9B-98F3-9CBAB327C8C2}.Release|x64.Build.0 = Release|x64
		{825E2980-B831-4E9B-98F3-9CBAB327C8C2}.Release|x86.ActiveCfg = Release|Win32
		{825E2980-B831-4E9B-98F3-9CBAB327C8C2}.Release|x86.Build.0 = Release|Win32
		{C731A037-5C58-4002-873F-D4D28EC3F334}.Debug|x64.ActiveCfg = Debug|x64
		{C731A037-5C58-4002-873F-D4D28EC3F334}.Debug|x64.Build.0 = Debug|x64
		{C731A037-5C58-4002-873F-D4D28EC3F334}.Debug|x86.ActiveCfg = Debug|Win32
		{C731A037-5C58-4002-873F-D4D28EC3F334}.Debug|x86.Build.0 = Debug|Win32
		{C731A037-5C58-4002-873F-D4D28EC3F334}.Release|x64.ActiveCfg = Release|x64
		{C731A037-5C58-4002-873F-D4D28EC3F334}.Release|x64.Build.0 = Release|x64
		{C731A037-5C58-4002-873F-D4D28EC3F334}.Release|x86.ActiveCfg = Release|Win32
		{C731A037-5C58-4002-873F-D4D28EC3F334}.Release|x86.Build.0 = Release|Win32
		{91C0AD57-35A8-442B-835A-933737B5D95E}.Debug|x64.ActiveCfg = Debug|x64
		{91C0AD57-35A8-442B-835A-933737B5D95E}.Debug|x64.Build.0 = Debug|x64
		{91C0AD57-35A8-442B-835A-933737B5D95E}.Debug|x86.ActiveCfg = Debug|Win32
		{91C0AD57-35A8-442B-835A-933737B5D95E}.Debug|x86.Build.0 = Debug|Win32
		{91C0AD57-35A8-442B-835A-933737B5D95E}.Release|x64.ActiveCfg = Release|x64
		{91C0AD57-35A8-442B-835A-933737B5D95E}.Release|x64.Build.0 = Release|x64
		{91C0AD57-35A8-442B-835A-933737B5D95E}.Release|x86.ActiveCfg = Release|Win32
		{91C0AD57-35A8-442B-835A-933737B5D95E}.Release|x86.Build.0 = Release|Win32
		{5E33B75A-8BA2-4090-9C79-6A6B38BCDE90}.Debug|x64.ActiveCfg = Debug|x64
		{5E33B75A-8BA2-4090-9C79-6A6B38BCDE90}.Debug|x64.Build.0 = Debug|x64
		{5E33B75A-8BA2-4090-9C79-6A6B38BCDE90}.Debug|x86.ActiveCfg = Debug|Win32
		{5E33B75A-8BA2-4090-9C79-6A6B38BCDE90}.Debug|x86.Build.0 = Debug|Win32
		{5E33B75A-8BA2-4090-9C79-6A6B38BCDE90}.Release|x64.ActiveCfg = Release|x64
		{5E33B75A-8BA2-4090-9C79-6A6B38BCDE90}.Release|x64.Build.0 = Release|x64
		{5E33B75A-8BA2-4090-9C79-6A6B38BCDE90}.Release|x86.ActiveCfg = Release|Win32
		{5E33B75A-8BA2-4090-9C79-6A6B38BCDE90}.Release|x86.Build.0 = Release|Win32
		{C72BDCF8-02DA-40BE-B8E4-4F1CF754B153}.Debug|x64.ActiveCfg = Debug|x64
		{C72BDCF8-02DA-40BE-B8E4-4F1CF754B153}.Debug|x64.Build.0 = Debug|x64
		{C72BDCF8-02DA-40BE-B8E4-4F1CF754B153}.Debug|x86.ActiveCfg = Debug|Win32
		{C72BDCF8-02DA-40BE-B8E4-4F1CF754B153}.Debug|x86.Build.0 = Debug|Win32
		{C72BDCF8-02DA-40BE-B8E4-4F1CF754B153}.Release|x64.ActiveCfg = Release|x64
		{C72BDCF8-02DA-40BE-B8E4-4F1CF754B153}.Release|x64.Build.0 = Release|x64
		{C72BDCF8-02DA-40BE-B8E4-4F1CF754B153}.Release|x86.ActiveCfg = Release|Win32
		{C72BDCF8-02DA-40BE-B8E4-4F1CF754B153}.Release|x86.Build.0 = Release|Win32
		{55822514-1622-4493-8FCF-68439674075B}.Debug|x64.ActiveCfg = Debug|x64
		{55822514-1622-4493-8FCF-68439674075B}.Debug|x64.Build.0 = Debug|x64
		{55822514-1622-4493-8FCF-68439674075B}.Debug|x86.ActiveCfg = Debug|Win32
		{55822514-1622-4493-8FCF-68439674075B}.Debug|x86.Build.0 = Debug|Win32
		{55822514-1622-4493-8FCF-68439674075B}.Release|x64.ActiveCfg = Release|x64
		{55822514-1622-4493-8FCF-68439674075B}.Release|x64.Build.0 = Release|x64
		{55822514-1622-4493-8FCF-68439674075B}.Release|x86.ActiveCfg = Release|Win32
		{55822514-1622-4493-8FCF-68439674075B}.Release|x86.Build.0 = Release|Win32
		{C4F98E17-7F22-4E5E-8F32-1754A0885144}.Debug|x64.ActiveCfg = Debug|x64
		{C4F98E17-7F22-4E5E-8F32-1754A0885144}.Debug|x64.Build.0 = Debug|x64
		{C4F98E17-7F22-4E5E-8F32-1754A0885144}.Debug|x86.ActiveCfg = Debug|Win32
		{C4F98E17-7F22-4E5E-8F32-1754A0885144}.Debug|x86.Build.0 = Debug|Win32
		{C4F98E17-7F22-4E5E-8F32-1754A0885144}.Release|x64.ActiveCfg = Release|x64
		{C4F98E17-7F22-4E5E-8F32-1754A0885144}.Release|x64.Build.0 = Release|x64
		{C4F98E17-7F22-4E5E-8F32-1754A0885144}.Release|x86.ActiveCfg = Release|Win32
		{C4F98E17-7F22-4E5E-8F32-1754A0885144}.Release|x86.Build.0 = Release|Win32
		{20C3308C-AFCE-4ED5-83AB-9D5572F3C124}.Debug|x64.ActiveCfg = Debug|x64
		{20C3308C-AFCE-4ED5-83AB-9D5572F3C124}.Debug|x64.Build.0 = Debug|x64
		{20C3308C-AFCE-4ED5-83AB-9D5572F3C124}.Debug|x86.ActiveCfg = Debug|Win32
		{20C3308C-AFCE-4ED5-83AB-9D5572F3C124}.Debug|x86.Build.0 = Debug|Win32
		{20C3308C-AFCE-4ED5-83AB-9D5572F3C124}.Release|x64.ActiveCfg = Release|x64
		{20C3308C-AFCE-4ED5-83AB-9D5572F3C124}.Release|x64.Build.0 = Release|x64
		{20C3308C-AFCE-4ED5-83AB-9D5572F3C124}.Release|x86.ActiveCfg = Release|Win32
		{20C3308C-AFCE-4ED5-83AB-9D5572F3C124}.Release|x86.Build.0 = Release|Win32
		{FECC2121-DCC1-40B2-84A0-3AA901D444AB}.Debug|x64.ActiveCfg = Debug|x64
		{FECC2121-DCC1-40B2-84A0-3AA901D444AB}.Debug|x64.Build.0 = Debug|x64
		{FECC2121-DCC1-40B2-84A0-3AA901D444AB}.Debug|x86.ActiveCfg = Debug|Win32
		{FECC2121-DCC1-40B2-84A0-3AA901D444AB}.Debug|x86.Build.0 = Debug|Win32
		{FECC2121-DCC1-40B2-84A0-3AA901D444AB}.Release|x64.ActiveCfg = Release|x64
		{FECC2121-DCC1-40B2-84A0-3AA901D444AB}.Release|x64.Build.0 = Release|x64
		{FECC2121-DCC1-40B2-84A0-3AA901D444AB}.Release|x86.ActiveCfg = Release|Win32
		{FECC2121-DCC1-40B2-84A0-3AA901D444AB}.Release|x86.Build.0 = Release|Win32
		{B1EB8BD4-6E09-4C1A-A21D-4357ADE06050}.Debug|x64.ActiveCfg = Debug|x64
		{B1EB8BD4-6E09-4C1A-A21D-4357ADE06050}.Debug|x64.Build.0 = Debug|x64
		{B1EB8BD4-6E09-4C1A-A21D-4357ADE06050}.Debug|x86.ActiveCfg = Debug|Win32
		{B1EB8BD4-6E09-4C1A-A21D-4357ADE06050}.Debug|x86.Build.0 = Debug|Win32
		{B1EB8BD4-6E09-4C1A-A21D-4357ADE06050}.Release|x64.ActiveCfg = Release|x64
		{B1EB8BD4-6E09-4C1A-A21D-4357ADE06050}.Release|x64.Build.0 = Release|x64
		{B1EB8BD4-6E09-4C1A-A21D-4357ADE06050}.Release|x86.ActiveCfg = Release|Win32
		{B1EB8BD4-6E09-4C1A-A21D-4357ADE06050}.Release|x86.Build.0 = Release|Win32
		{EF029539-8C9D-4BE6-ACD2-1F170D89E3E9}.Debug|x64.ActiveCfg = Debug|x64
		{EF029539-8C9D-4BE6-ACD2-1F170D89E3E9}.Debug|x64.Build.0 = Debug|x64
		{EF029539-8C9D-4BE6-ACD2-1F170D89E3E9}.Debug|x86.ActiveCfg = Debug|Win32
		{EF029539-8C9D-4BE6-ACD2-1F170D89E3E9}.Debug|x86.Build.0 = Debug|Win32
		{EF029539-8C9D-4BE6-ACD2-1F170D89E3E9}.Release|x64.ActiveCfg = Release|x64
		{EF029539-8C9D-4BE6-ACD2-1F170D89E3E9}.Release|x64.Build.0 = Release|x64
		{EF029539-8C9D-4BE6-ACD2-1F170D89E3E9}.Release|x86.ActiveCfg = Release|Win32
		{EF029539-8C9D-4BE6-ACD2-1F170D89E3E9}.Release|x86.Build.0 = Release|Win32
		{44EE165D-6782-42E4-BD4C-D878D2B4DFC7}.Debug|x64.ActiveCfg = Debug|x64
		{44EE165D-6782-42E4-BD4C-D878D2B4DFC7}.Debug|x64.Build.0 = Debug|x64
		{44EE165D-6782-42E4-BD4C-D878D2B4DFC7}.Debug|x86.ActiveCfg = Debug|Win32
		{44EE165D-6782-42E4-BD4C-D878D2B4DFC7}.Debug|x86.Build.0 = Debug|Win32
		{44EE165D-6782-42E4-BD4C-D878D2B4DFC7}.Release|x64.ActiveCfg = Release|x64
		{44EE165D-6782-42E4-BD4C-D878D2B4DFC7}.Release|x64.Build.0 = Release|x64
		{44EE165D-6782-42E4-BD4C-D878D2B4DFC7}.Release|x86.ActiveCfg = Release|Win32
		{44EE165D-6782-42E4-BD4C-D878D2B4DFC7}.Release|x86.Build.0 = Release|Win32
		{87D55EEB-1E75-46EC-B6BC-E96F2E48B918}.Debug|x64.ActiveCfg = Debug|x64
		{87D55EEB-1E75-46EC-B6BC-E96F2E48B918}.Debug|x64.Build.0 = Debug|x64
		{87D55EEB-1E75-46EC-B6BC-E96F2E48B918}.Debug|x86.ActiveCfg = Debug|Win32
		{87D55EEB-1E75-46EC-B6BC-E96F2E48B918}.Debug|x86.Build.0 = Debug|Win32
		{87D55EEB-1E75-46EC-B6BC-E96F2E48B918}.Release|x64.ActiveCfg = Release|x64
		{87D55EEB-1E75-46EC-B6BC-E96F2E48B918}.Release|x64.Build.0 = Release|x64
		{87D55EEB-1E75-46EC-B6BC-E96F2E48B918}.Release|x86.ActiveCfg = Release|Win32
		{87D55EEB-1E75-46EC-B6BC-E96F2E48B918}.Release|x86.Build.0 = Release|Win32
		{CFE89ECD-7FE3-4C17-8BF5-AC79D08D337E}.Debug|x64.ActiveCfg = Debug|x64
		{CFE89ECD-7FE3-4C17-8BF5-AC79D08D337E}.Debug|x64.Build.0 = Debug|x64
		{CFE89ECD-7FE3-4C17-8BF5-AC79D08D337E}.Debug|x86.ActiveCfg = Debug|Win32
		{CFE89ECD-7FE3-4C17-8BF5-AC79D08D337E}.Debug|x86.Build.0 = Debug|Win32
		{CFE89ECD-7FE3-4C17-8BF5-AC79D08D337E}.Release|x64.ActiveCfg = Release|x64
		{CFE89ECD-7FE3-4C17-8BF5-AC79D08D337E}.Release|x64.Build.0 = Release|x64
		{CFE89ECD-7FE3-4C17-8BF5-AC79D08D337E}.Release|x86.ActiveCfg = Release|Win32
		{CFE89ECD-7FE3-4C17-8BF5-AC79D08D337E}.Release|x86.Build.0 = Release|Win32
		{C8BFE1B7-C3F1-4100-9DEC-DE6864B613E9}.Debug|x64.ActiveCfg = Debug|x64
		{C8BFE1B7-C3F1-4100-9DEC-DE6864B613E9}.Debug|x64.Build.0 = Debug|x64
		{C8BFE1B7-C3F1-4100-9DEC-DE6864B613E9}.Debug|x86.ActiveCfg = Debug|Win32
		{C8BFE1B7-C3F1-4100-9DEC-DE6864B613E9}.Debug|x86.Build.0 = Debug|Win32
		{C8BFE1B7-C3F1-4100-9DEC-DE6864B613E9}.Release|x64.ActiveCfg = Release|x64
		{C8BFE1B7-C3F1-4100-9DEC-DE6864B613E9}.Release|x64.Build.0 = Release|x64
		{C8BFE1B7-C3F1-4100-9DEC-DE6864B613E9}.Release|x86.ActiveCfg = Release|Win32
		{C8BFE1B7-C3F1-4100-9DEC-DE6864B613E9}.Release|x86.Build.0 = Release|Win32
		{09BACF43-532A-4A67-A642-263033A2EDA9}.Debug|x64.ActiveCfg = Debug|x64
		{09BACF43-532A-4A67-A642-263033A2EDA9}.Debug|x64.Build.0 = Debug|x64
		{09BACF43-532A-4A67-A642-263033A2EDA9}.Debug|x86.ActiveCfg = Debug|Win32
		{09BACF43-532A-4A67-A642-263033A2EDA9}.Debug|x86.Build.0 = Debug|Win32
		{09BACF43-532A-4A67-A642-263033A2EDA9}.Release|x64.ActiveCfg = Release|x64
		{09BACF43-532A-4A67-A642-263033A2EDA9}.Release|x64.Build.0 = Release|x64
		{09BACF43-532A-4A67-A642-263033A2EDA9}.Release|x86.ActiveCfg = Release|Win32
		{09BACF43-532A-4A67-A642-263033A2EDA9}.Release|x86.Build.0 = Release|Win32
		{2706C60C-4727-4177-A318-15AA709236EA}.Debug|x64.ActiveCfg = Debug|x64
		{2706C60C-4727-4177-A318-15AA709236EA}.Debug|x64.Build.0 = Debug|x64
		{2706C60C-4727-4177-A318-15AA709236EA}.Debug|x86.ActiveCfg = Debug|Win32
		{2706C60C-4727-4177-A318-15AA709236EA}.Debug|x86.Build.0 = Debug|Win32
		{2706C60C-4727-4177-A318-15AA709236EA}.Release|x64.ActiveCfg = Release|x64
		{2706C60C-4727-4177-A318-15AA709236EA}.Release|x64.Build.0 = Release|x64
		{2706C60C-4727-4177-A318-15AA709236EA}.Release|x86.ActiveCfg = Release|Win32
		{2706C60C-4727-4177-A318-15AA709236EA}.Release|x86.Build.0 = Release|Win32
		{22FA4AEC-C1B9-4193-A732-FFE95D74674D}.Debug|x64.ActiveCfg = Debug|x64
		{22FA4AEC-C1B9-4193-A732-FFE95D74674D}.Debug|x64.Build.0 = Debug|x64
		{22FA4AEC-C1B9-4193-A732-FFE95D74674D}.Debug|x86.ActiveCfg = Debug|Win32
		{22FA4AEC-C1B9-4193-A732-FFE95D74674D}.Debug|x86.Build.0 = Debug|Win32
		{22FA4AEC-C1B9-4193-A732-FFE95D74674D}.Release|x64.ActiveCfg = Release|x64
		{22FA4AEC-C1B9-4193-A732-FFE95D74674D}.Release|x64.Build.0 = Release|x64
		{22FA4AEC-C1B9-4193-A732-FFE95D74674D}.Release|x86.ActiveCfg = Release|Win32
		{22FA4AEC-C1B9-4193-A732-FFE95D74674D}.Release|x86.Build.0 = Release|Win32
		{28261FFD-8571-43D2-AD50-9D2125A630C2}.Debug|x64.ActiveCfg = Debug|x64
		{28261FFD-8571-43D2-AD50-9D2125A630C2}.Debug|x64.Build.0 = Debug|x64
		{28261FFD-8571-43D2-AD50-9D2125A630C2}.Debug|x86.ActiveCfg = Debug|Win32
		{28261FFD-8571-43D2-AD50-9D2125A630C2}.Debug|x86.Build.0 = Debug|Win32
		{28261FFD-8571-43D2-AD50-9D2125A630C2}.Release|x64.ActiveCfg = Release|x64
		{28261FFD-8571-43D2-AD50-9D2125A630C2}.Release|x64.Build.0 = Release|x64
		{28261FFD-8571-43D2-AD50-9D2125A630C2}.Release|x86.ActiveCfg = Release|Win32
		{28261FFD-8571-43D2-AD50-9D2125A630C2}.Release|x86.Build.0 = Release|Win32
		{C07151B1-8F95-4A61-A6DB-335F106F65A0}.Debug|x64.ActiveCfg = Debug|x64
		{C07151B1-8F95-4A61-A6DB-335F106F65A0}.Debug|x64.Build.0 = Debug|x64
		{C07151B1-8F95-4A61-A6DB-335F106F65A0}.Debug|x86.ActiveCfg = Debug|Win32
		{C07151B1-8F95-4A61-A6DB-335F106F65A0}.Debug|x86.Build.0 = Debug|Win32
		{C07151B1-8F95-4A61-A6DB-335F106F65A0}.Release|x64.ActiveCfg = Release|x64
		{C07151B1-8F95-4A61-A6DB-335F106F65A0}.Release|x64.Build.0 = Release|x64
		{C07151B1-8F95-4A61-A6DB-335F106F65A0}.Release|x86.ActiveCfg = Release|Win32
		{C07151B1-8F95-4A61-A6DB-335F106F65A0}.Release|x86.Build.0 = Release|Win32
		{7A5A56BC-2EB0-43A2-84F6-D8423BF4C16E}.Debug|x64.ActiveCfg = Debug|x64
		{7A5A56BC-2EB0-43A2-84F6-D8423BF4C16E}.Debug|x64.Build.0 = Debug|x64
		{7A5A56BC-2EB0-43A2-84F6-D8423BF4C16E}.Debug|x86.ActiveCfg = Debug|Win32
		{7A5A56BC-2EB0-43A2-84F6-D8423BF4C16E}.Debug|x86.Build.0 = Debug|Win32
		{7A5A56BC-2EB0-43A2-84F6-D8423BF4C16E}.Release|x64.ActiveCfg = Release|x64
		{7A5A56BC-2EB0-43A2-84F6-D8423BF4C16E}.Release|x64.Build.0 = Release|x64
		{7A5A56BC-2EB0-43A2-84F6-D8423BF4C16E}.Release|x86.ActiveCfg = Release|Win32
		{7A5A56BC-2EB0-43A2-84F6-D8423BF4C16E}.Release|x86.Build.0 = Release|Win32
		{9F518606-E9A3-4539-B3CF-32A3BDD59B00}.Debug|x64.ActiveCfg = Debug|x64
		{9F518606-E9A3-4539-B3CF-32A3BDD59B00}.Debug|x64.Build.0 = Debug|x64
		{9F518606-E9A3-4539-B3CF-32A3BDD59B00}.Debug|x86.ActiveCfg = Debug|Win32
		{9F518606-E9A3-4539-B3CF-32A3BDD59B00}.Debug|x86.Build.0 = Debug|Win32
		{9F518606-E9A3-4539-B3CF-32A3BDD59B00}.Release|x64.ActiveCfg = Release|x64
		{9F518606-E9A3-4539-B3CF-32A3BDD59B00}.Release|x64.Build.0 = Release|x64
		{9F518606-E9A3-4539-B3CF-32A3BDD59B00}.Release|x86.ActiveCfg = Release|Win32
		{9F518606-E9A3-4539-B3CF-32A3BDD59B00}.Release|x86.Build.0 = Release|Win32
		{70F368C1-0E44-4217-8064-1D198C083468}.Debug|x64.ActiveCfg = Debug|x64
		{70F368C1-0E44-4217-8064-1D198C083468}.Debug|x64.Build.0 = Debug|x64
		{70F368C1-0E44-4217-8064-1D198C083468}.Debug|x86.ActiveCfg = Debug|Win32
		{70F368C1-0E44-4217-8064-1D198C083468}.Debug|x86.Build.0 = Debug|Win32
		{70F368C1-0E44-4217-8064-1D198C083468}.Release|x64.ActiveCfg = Release|x64
		{70F368C1-0E44-4217-8064-1D198C083468}.Release|x64.Build.0 = Release|x64
		{70F368C1-0E44-4217-8064-1D198C083468}.Release|x86.ActiveCfg = Release|Win32
		{70F368C1-0E44-4217-8064-1D198C083468}.Release|x86.Build.0 = Release|Win32
		{D8FFA76E-AFF8-4409-9F8C-3067B41A85E8}.Debug|x64.ActiveCfg = Debug|x64
		{D8FFA76E-AFF8-4409-9F8C-3067B41A85E8}.Debug|x64.Build.0 = Debug|x64
		{D8FFA76E-AFF8-4409-9F8C-3067B41A85E8}.Debug|x86.ActiveCfg = Debug|Win32
		{D8FFA76E-AFF8-4409-9F8C-3067B41A85E8}.Debug|x86.Build.0 = Debug|Win32
		{D8FFA76E-AFF8-4409-9F8C-3067B41A85E8}.Release|x64.ActiveCfg = Release|x64
		{D8FFA76E-AFF8-4409-9F8C-3067B41A85E8}.Release|x64.Build.0 = Release|x64
		{D8FFA76E-AFF8-4409-9F8C-3067B41A85E8}.Release|x86.ActiveCfg = Release|Win32
		{D8FFA76E-AFF8-4409-9F8C-3067B41A85E8}.Release|x86.Build.0 = Release|Win32
		{C0EE193E-459C-4D7C-9BB3-D426E98A5DB2}.Debug|x64.ActiveCfg = Debug|x64
		{C0EE193E-459C-4D7C-9BB3-D426E98A5DB2}.Debug|x64.Build.0 = Debug|x64
		{C0EE193E-459C-4D7C-9BB3-D426E98A5DB2}.Debug|x86.ActiveCfg = Debug|Win32
		{C0EE193E-459C-4D7C-9BB3-D426E98A5DB2}.Debug|x86.Build.0 = Debug|Win32
		{C0EE193E-459C-4D7C-9BB3-D426E98A5DB2}.Release|x64.ActiveCfg = Release|x64
		{C0EE193E-459C-4D7C-9BB3-D426E98A5DB2}.Release|x64.Build.0 = Release|x64
		{C0EE193E-459C-4D7C-9BB3-D426E98A5DB2}.Release|x86.ActiveCfg = Release|Win32
		{C0EE193E-459C-4D7C-9BB3-D426E98A5DB2}.Release|x86.Build.0 = Release|Win32
		{D4191845-0F5F-4766-843D-873AA2C4BF8C}.Debug|x64.ActiveCfg = Debug|x64
		{D4191845-0F5F-4766-843D-873AA2C4BF8C}.Debug|x64.Build.0 = Debug|x64
		{D4191845-0F5F-4766-843D-873AA2C4BF8C}.Debug|x86.ActiveCfg = Debug|Win32
		{D4191845-0F5F-4766-843D-873AA2C4BF8C}.Debug|x86.Build.0 = Debug|Win32
		{D4191845-0F5F-4766-843D-873AA2C4BF8C}.Release|x64.ActiveCfg = Release|x64
		{D4191845-0F5F-4766-843D-873AA2C4BF8C}.Release|x64.Build.0 = Release|x64
		{D4191845-0F5F-4766-843D-873AA2C4BF8C}.Release|x86.ActiveCfg = Release|Win32
		{D4191845-0F5F-4766-843D-873AA2C4BF8C}.Release|x86.Build.0 = Release|Win32
		{6B189BDB-254A-4850-9119-7FD5F5FFF7DA}.Debug|x64.ActiveCfg = Debug|x64
		{6B189BDB-254A-4850-9119-7FD5F5FFF7DA}.Debug|x64.Build.0 = Debug|x64
		{6B189BDB-254A-4850-9119-7FD5F5FFF7DA}.Debug|x86.ActiveCfg = Debug|Win32
		{6B189BDB-254A-4850-9119-7FD5F5FFF7DA}.Debug|x86.Build.0 = Debug|Win32
		{6B189BDB-254A-4850-9119-7FD5F5FFF7DA}.Release|x64.ActiveCfg = Release|x64
		{6B189BDB-254A-4850-9119-7FD5F5FFF7DA}.Release|x64.Build.0 = Release|x64
		{6B189BDB-254A-4850-9119-7FD5F5FFF7DA}.Release|x86.ActiveCfg = Release|Win32
		{6B189BDB-254A-4850-9119-7FD5F5FFF7DA}.Release|x86.Build.0 = Release|Win32
		{BCF42FFA-62D1-45D9-B966-7DFDE0031A57}.Debug|x64.ActiveCfg = Debug|x64
		{BCF42FFA-62D1-45D9-B966-7DFDE0031A57}.Debug|x64.Build.0 = Debug|x64
		{BCF42FFA-62D1-45D9-B966-7DFDE0031A57}.Debug|x86.ActiveCfg = Debug|Win32
		{BCF42FFA-62D1-45D9-B966-7DFDE0031A57}.Debug|x86.Build.0 = Debug|Win32
		{BCF42FFA-62D1-45D9-B966-7DFDE0031A57}.Release|x64.ActiveCfg = Release|x64
		{BCF42FFA-62D1-45D9-B966-7DFDE0031A57}.Release|x64.Build.0 = Release|x64
		{BCF42FFA-62D1-45D9-B966-7DFDE0031A57}.Release|x86.ActiveCfg = Release|Win32
		{BCF42FFA-62D1-45D9-B966-7DFDE0031A57}.Release|x86.Build.0 = Release|Win32
		{FA0D9683-34E4-42F7-8081-9EC7B0DC0B1A}.Debug|x64.ActiveCfg = Debug|x64
		{FA0D9683-34E4-42F7-8081-9EC7B0DC0B1A}.Debug|x64.Build.0 = Debug|x64
		{FA0D9683-34E4-42F7-8081-9EC7B0DC0B1A}.Debug|x86.ActiveCfg = Debug|Win32
		{FA0D9683-34E4-42F7-8081-9EC7B0DC0B1A}.Debug|x86.Build.0 = Debug|Win32
		{FA0D9683-34E4-42F7-8081-9EC7B0DC0B1A}.Release|x64.ActiveCfg = Release|x64
		{FA0D9683-34E4-42F7-8081-9EC7B0DC0B1A}.Release|x64.Build.0 = Release|x64
		{FA0D9683-34E4-42F7-8081-9EC7B0DC0B1A}.Release|x86.ActiveCfg = Release|Win32
		{FA0D9683-34E4-42F7-8081-9EC7B0DC0B1A}.Release|x86.Build.0 = Release|Win32
		{D8AAFE71-705A-476E-9952-E56ADB19DBF5}.Debug|x64.ActiveCfg = Debug|x64
		{D8AAFE71-705A-476E-9952-E56ADB19DBF5}.Debug|x64.Build.0 = Debug|x64
		{D8AAFE71-705A-476E-9952-E56ADB19DBF5}.Debug|x86.ActiveCfg = Debug|Win32
		{D8AAFE71-705A-476E-9952-E56ADB19DBF5}.Debug|x86.Build.0 = Debug|Win32
		{D8AAFE71-705A-476E-9952-E56ADB19DBF5}.Release|x64.ActiveCfg = Release|x64
		{D8AAFE71-705A-476E-9952-E56ADB19DBF5}.Release|x64.Build.0 = Release|x64
		{D8AAFE71-705A-476E-9952-E56ADB19DBF5}.Release|x86.ActiveCfg = Release|Win32
		{D8AAFE71-705A-476E-9952-E56ADB19DBF5}.Release|x86.Build.0 = Release|Win32
		{DF2D7CC7-51B3-46AD-B254-976667FAC588}.Debug|x64.ActiveCfg = Debug|x64
		{DF2D7CC7-51B3-46AD-B254-976667FAC588}.Debug|x64.Build.0 = Debug|x64
		{DF2D7CC7-51B3-46AD-B254-976667FAC588}.Debug|x86.ActiveCfg = Debug|Win32
		{DF2D7CC7-51B3-46AD-B254-976667FAC588}.Debug|x86.Build.0 = Debug|Win32
		{DF2D7CC7-51B3-46AD-B254-976667FAC588}.Release|x64.ActiveCfg = Release|x64
		{DF2D7CC7-51B3-46AD-B254-976667FAC588}.Release|x64.Build.0 = Release|x64
		{DF2D7CC7-51B3-46AD-B254-976667FAC588}.Release|x86.ActiveCfg = Release|Win32
		{DF2D7CC7-51B3-46AD-B254-976667FAC588}.Release|x86.Build.0 = Release|Win32
		{50E7A9CA-10EB-4501-85AA-9E34EE6A1B58}.Debug|x64.ActiveCfg = Debug|x64
		{50E7A9CA-10EB-4501-85AA-9E34EE6A1B58}.Debug|x64.Build.0 = Debug|x64
		{50E7A9CA-10EB-4501-85AA-9E34EE6A1B58}.Debug|x86.ActiveCfg = Debug|Win32
		{50E7A9CA-10EB-4501-85AA-9E34EE6A1B58}.Debug|x86.Build.0 = Debug|Win32
		{50E7A9CA-10EB-4501-85AA-9E34EE6A1B58}.Release|x64.ActiveCfg = Release|x64
		{50E7A9CA-10EB-4501-85AA-9E34EE6A1B58}.Release|x64.Build.0 = Release|x64
		{50E7A9CA-10EB-4501-85AA-9E34EE6A1B58}.Release|x86.ActiveCfg = Release|Win32
		{50E7A9CA-10EB-4501-85AA-9E34EE6A1B58}.Release|x86.Build.0 = Release|Win32
		{76A64E5D-2DC2-4F0A-95EE-DBC292322027}.Debug|x64.ActiveCfg = Debug|x64
		{76A64E5D-2DC2-4F0A-95EE-DBC292322027}.Debug|x64.Build.0 = Debug|x64
		{76A64E5D-2DC2-4F0A-95EE-DBC292322027}.Debug|x86.ActiveCfg = Debug|Win32
		{76A64E5D-2DC2-4F0A-95EE-DBC292322027}.Debug|x86.Build.0 = Debug|Win32
		{76A64E5D-2DC2-4F0A-95EE-DBC292322027}.Release|x64.ActiveCfg = Release|x64
		{76A64E5D-2DC2-4F0A-95EE-DBC292322027}.Release|x64.Build.0 = Release|x64
		{76A64E5D-2DC2-4F0A-95EE-DBC292322027}.Release|x86.ActiveCfg = Release|Win32
		{76A64E5D-2DC2-4F0A-95EE-DBC292322027}.Release|x86.Build.0 = Release|Win32
		{B6C6F285-9B8D-4595-88CB-7ECA2BABB327}.Debug|x64.ActiveCfg = Debug|x64
		{B6C6F285-9B8D-4595-88CB-7ECA2BABB327}.Debug|x64.Build.0 = Debug|x64
		{B6C6F285-9B8D-4595-88CB-7ECA2BABB327}.Debug|x86.ActiveCfg = Debug|Win32
		{B6C6F285-9B8D-4595-88CB-7ECA2BABB327}.Debug|x86.Build.0 = Debug|Win32
		{B6C6F285-9B8D-4595-88CB-7ECA2BABB327}.Release|x64.ActiveCfg = Release|x64
		{B6C6F285-9B8D-4595-88CB-7ECA2BABB327}.Release|x64.Build.0 = Release|x64
		{B6C6F285-9B8D-4595-88CB-7ECA2BABB327}.Release|x86.ActiveCfg = Release|Win32
		{B6C6F285-9B8D-4595-88CB-7ECA2BABB327}.Release|x86.Build.0 = Release|Win32
		{14743798-BC87-48DD-B604-83F46A2F5732}.Debug|x64.ActiveCfg = Debug|x64
		{14743798-BC87-48DD-B604-83F46A2F5732}.Debug|x64.Build.0 = Debug|x64
		{14743798-BC87-48DD-B604-83F46A2F5732}.Debug|x86.ActiveCfg = Debug|Win32
		{14743798-BC87-48DD-B604-83F46A2F5732}.Debug|x86.Build.0 = Debug|Win32
		{14743798-BC87-48DD-B604-83F46A2F5732}.Release|x64.ActiveCfg = Release|x64
		{14743798-BC87-48DD-B604-83F46A2F5732}.Release|x64.Build.0 = Release|x64
		{14743798-BC87-48DD-B604-83F46A2F5732}.Release|x86.ActiveCfg = Release|Win32
		{14743798-BC87-48DD-B604-83F46A2F5732}.Release|x86.Build.0 = Release|Win32
		{F22E556C-6B8B-4DBB-A501-7D1F6C613AFB}.Debug|x64.ActiveCfg = Debug|x64
		{F22E556C-6B8B-4DBB-A501-7D1F6C613AFB}.Debug|x64.Build.0 = Debug|x64
		{F22E556C-6B8B-4DBB-A501-7D1F6C613AFB}.Debug|x86.ActiveCfg = Debug|Win32
		{F22E556C-6B8B-4DBB-A501-7D1F6C613AFB}.Debug|x86.Build.0 = Debug|Win32
		{F22E556C-6B8B-4DBB-A501-7D1F6C613AFB}.Release|x64.ActiveCfg = Release|x64
		{F22E556C-6B8B-4DBB-A501-7D1F6C613AFB}.Release|x64.Build.0 = Release|x64
		{F22E556C-6B8B-4DBB-A501-7D1F6C613AFB}.Release|x86.ActiveCfg = Release|Win32
		{F22E556C-6B8B-4DBB-A501-7D1F6C613AFB}.Release|x86.Build.0 = Release|Win32
		{6EF8F570-16BD-465A-BAE4-520D86701416}.Debug|x64.ActiveCfg = Debug|x64
		{6EF8F570-16BD-465A-BAE4-520D86701416}.Debug|x64.Build.0 = Debug|x64
		{6EF8F570-16BD-465A-BAE4-520D86701416}.Debug|x86.ActiveCfg = Debug|Win32
		{6EF8F570-16BD-465A-BAE4-520D86701416}.Debug|x86.Build.0 = Debug|Win32
		{6EF8F570-16BD-465A-BAE4-520D86701416}.Release|x64.ActiveCfg = Release|x64
		{6EF8F570-16BD-465A-BAE4-520D86701416}.Release|x64.Build.0 = Release|x64
		{6EF8F570-16BD-465A-BAE4-520D86701416}.Release|x86.ActiveCfg = Release|Win32
		{6EF8F570-16BD-465A-BAE4-520D86701416}.Release|x86.Build.0 = Release|Win32
		{2EFCB711-A52D-4E93-8863-209AB6652F2E}.Debug|x64.ActiveCfg = Debug|x64
		{2EFCB711-A52D-4E93-8863-209AB6652F2E}.Debug|x64.Build.0 = Debug|x64
		{2EFCB711-A52D-4E93-8863-209AB6652F2E}.Debug|x86.ActiveCfg = Debug|Win32
		{2EFCB711-A52D-4E93-8863-209AB6652F2E}.Debug|x86.Build.0 = Debug|Win32
		{2EFCB711-A52D-4E93-8863-209AB6652F2E}.Release|x64.ActiveCfg = Release|x64
		{2EFCB711-A52D-4E93-8863-209AB6652F2E}.Release|x64.Build.0 = Release|x64
		{2EFCB711-A52D-4E93-8863-209AB6652F2E}.Release|x86.ActiveCfg = Release|Win32
		{2EFCB711-A52D-4E93-8863-209AB6652F2E}.Release|x86.Build.0 = Release|Win32
		{F4EFA2F4-002A-4EDB-BAD0-E75BBA87D0DD}.Debug|x64.ActiveCfg = Debug|x64
		{F4EFA2F4-002A-4EDB-BAD0-E75BBA87D0DD}.Debug|x64.Build.0 = Debug|x64
		{F4EFA2F4-002A-4EDB-BAD0-E75BBA87D0DD}.Debug|x86.ActiveCfg = Debug|Win32
		{F4EFA2F4-002A-4EDB-BAD0-E75BBA87D0DD}.Debug|x86.Build.0 = Debug|Win32
		{F4EFA2F4-002A-4EDB-BAD0-E75BBA87D0DD}.Release|x64.ActiveCfg = Release|x64
		{F4EFA2F4-002A-4EDB-BAD0-E75BBA87D0DD}.Release|x64.Build.0 = Release|x64
		{F4EFA2F4-002A-4EDB-BAD0-E75BBA87D0DD}.Release|x86.ActiveCfg = Release|Win32
		{F4EFA2F4-002A-4EDB-BAD0-E75BBA87D0DD}.Release|x86.Build.0 = Release|Win32
		{CE873F26-0398-4417-9A7B-FF11FF28AEC2}.Debug|x64.ActiveCfg = Debug|x64
		{CE873F26-0398-4417-9A7B-FF11FF28AEC2}.Debug|x64.Build.0 = Debug|x64
		{CE873F26-0398-4417-9A7B-FF11FF28AEC2}.Debug|x86.ActiveCfg = Debug|Win32
		{CE873F26-0398-4417-9A7B-FF11FF28AEC2}.Debug|x86.Build.0 = Debug|Win32
		{CE873F26-0398-4417-9A7B-FF11FF28AEC2}.Release|x64.ActiveCfg = Release|x64
		{CE873F26-0398-4417-9A7B-FF11FF28AEC2}.Release|x64.Build.0 = Release|x64
		{CE873F26-0398-4417-9A7B-FF11FF28AEC2}.Release|x86.ActiveCfg = Release|Win32
		{CE873F26-0398-4417-9A7B-FF11FF28AEC2}.Release|x86.Build.0 = Release|Win32
		{3A93AB9A-9115-44E3-842A-22B3EDBDD3BC}.Debug|x64.ActiveCfg = Debug|x64
		{3A93AB9A-9115-44E3-842A-22B3EDBDD3BC}.Debug|x64.Build.0 = Debug|x64
		{3A93AB9A-9115-44E3-842A-22B3EDBDD3BC}.Debug|x86.ActiveCfg = Debug|Win32
		{3A93AB9A-9115-44E3-842A-22B3EDBDD3BC}.Debug|x86.Build.0 = Debug|Win32
		{3A93AB9A-9115-44E3-842A-22B3EDBDD3BC}.Release|x64.ActiveCfg = Release|x64
		{3A93AB9A-9115-44E3-842A-22B3EDBDD3BC}.Release|x64.Build.0 = Release|x64
		{3A93AB9A-9115-44E3-842A-22B3EDBDD3BC}.Release|x86.ActiveCfg = Release|Win32
		{3A93AB9A-9115-44E3-842A-22B3EDBDD3BC}.Release|x86.Build.0 = Release|Win32
		{A0D09156-FD87-4764-9609-D0AD457D4A1D}.Debug|x64.ActiveCfg = Debug|x64
		{A0D09156-FD87-4764-9609-D0AD457D4A1D}.Debug|x64.Build.0 = Debug|x64
		{A0D09156-FD87-4764-9609-D0AD457D4A1D}.Debug|x86.ActiveCfg = Debug|Win32
		{A0D09156-FD87-4764-9609-D0AD457D4A1D}.Debug|x86.Build.0 = Debug|Win32
		{A0D09156-FD87-4764-9609-D0AD457D4A1D}.Release|x64.ActiveCfg = Release|x64
		{A0D09156-FD87-4764-9609-D0AD457D4A1D}.Release|x64.Build.0 = Release|x64
		{A0D09156-FD87-4764-9609-D0AD457D4A1D}.Release|x86.ActiveCfg = Release|Win32
		{A0D09156-FD87-4764-9609-D0AD457D4A1D}.Release|x86.Build.0 = Release|Win32
		{2A1C251C-AE33-4D3C-A00D-BF535C1E50B7}.Debug|x64.ActiveCfg = Debug|x64
		{2A1C251C-AE33-4D3C-A00D-BF535C1E50B7}.Debug|x64.Build.0 = Debug|x64
		{2A1C251C-AE33-4D3C-A00D-BF535C1E50B7}.Debug|x86.ActiveCfg = Debug|Win32
		{2A1C251C-AE33-4D3C-A00D-BF535C1E50B7}.Debug|x86.Build.0 = Debug|Win32
		{2A1C251C-AE33-4D3C-A00D-BF535C1E50B7}.Release|x64.ActiveCfg = Release|x64
		{2A1C251C-AE33-4D3C-A00D-BF535C1E50B7}.Release|x64.Build.0 = Release|x64
		{2A1C251C-AE33-4D3C-A00D-BF535C1E50B7}.Release|x86.ActiveCfg = Release|Win32
		{2A1C251C-AE33-4D3C-A00D-BF535C1E50B7}.Release|x86.Build.0 = Release|Win32
		{EF48E053-E0B9-4A57-A391-C1A3AD4719F1}.Debug|x64.ActiveCfg = Debug|x64
		{EF48E053-E0B9-4A57-A391-C1A3AD4719F1}.Debug|x64.Build.0 = Debug|x64
		{EF48E053-E0B9-4A57-A391-C1A3AD4719F1}.Debug|x86.ActiveCfg = Debug|Win32
		{EF48E053-E0B9-4A57-A391-C1A3AD4719F1}.Debug|x86.Build.0 = Debug|Win32
		{EF48E053-E0B9-4A57-A391-C1A3AD4719F1}.Release|x64.ActiveCfg = Release|x64
		{EF48E053-E0B9-4A57-A391-C1A3AD4719F1}.Release|x64.Build.0 = Release|x64
		{EF48E053-E0B9-4A57-A391-C1A3AD4719F1}.Release|x86.ActiveCfg = Release|Win32
		{EF48E053-E0B9-4A57-A391-C1A3AD4719F1}.Release|x86.Build.0 = Release|Win32
		{1214A7E5-8AA5-4B53-9E08-3F472CECDD2A}.Debug|x64.ActiveCfg = Debug|x64
		{1214A7E5-8AA5-4B53-9E08-3F472CECDD2A}.Debug|x64.Build.0 = Debug|x64
		{1214A7E5-8AA5-4B53-9E08-3F472CECDD2A}.Debug|x86.ActiveCfg = Debug|Win32
		{1214A7E5-8AA5-4B53-9E08-3F472CECDD2A}.Debug|x86.Build.0 = Debug|Win32
		{1214A7E5-8AA5-4B53-9E08-3F472CECDD2A}.Release|x64.ActiveCfg = Release|x64
		{1214A7E5-8AA5-4B53-9E08-3F472CECDD2A}.Release|x64.Build.0 = Release|x64
		{1214A7E5-8AA5-4B53-9E08-3F472CECDD2A}.Release|x86.ActiveCfg = Release|Win32
		{1214A7E5-8AA5-4B53-9E08-3F472CECDD2A}.Release|x86.Build.0 = Release|Win32
		{79CA0BEF-4917-4925-9623-7F2845D76B3A}.Debug|x64.ActiveCfg = Debug|x64
		{79CA0BEF-4917-4925-9623-7F2845D76B3A}.Debug|x64.Build.0 = Debug|x64
		{79CA0BEF-4917-4925-9623-7F2845D76B3A}.Debug|x86.ActiveCfg = Debug|Win32
		{79CA0BEF-4917-4925-9623-7F2845D76B3A}.Debug|x86.Build.0 = Debug|Win32
		{79CA0BEF-4917-4925-9623-7F2845D76B3A}.Release|x64.ActiveCfg = Release|x64
		{79CA0BEF-4917-4925-9623-7F2845D76B3A}.Release|x64.Build.0 = Release|x64
		{79CA0BEF-4917-4925-9623-7F2845D76B3A}.Release|x86.ActiveCfg = Release|Win32
		{79CA0BEF-4917-4925-9623-7F2845D76B3A}.Release|x86.Build.0 = Release|Win32
	EndGlobalSection
	GlobalSection(SolutionProperties) = preSolution
		HideSolutionNode = FALSE
	EndGlobalSection
	GlobalSection(ExtensibilityGlobals) = postSolution
		SolutionGuid = {3AD47F58-B2AD-4BEB-B9AD-449516C56CB0}
	EndGlobalSection
EndGlobal
